
Microsoft Visual Studio Solution File, Format Version 11.00
# Visual Studio 2010
Project("{2150E333-8FDC-42A3-9474-1A3956D46DE8}") = "Framework", "Framework", "{642B8572-9C4E-40A2-AAD9-5BA69ABCAB48}"
EndProject
Project("{2150E333-8FDC-42A3-9474-1A3956D46DE8}") = "Demo", "Demo", "{135E1771-770B-4CBE-8989-21B1177A5AFF}"
EndProject
Project("{2150E333-8FDC-42A3-9474-1A3956D46DE8}") = "Testing", "Testing", "{D3AEDC1F-5761-45D9-8563-69AAC394D5A3}"
EndProject
Project("{FAE04EC0-301F-11D3-BF4B-00C04F79EFBC}") = "Symbiote.Core", "src\Symbiote.Core\Symbiote.Core.csproj", "{DFE559D0-8A63-4798-83A9-CA781A6D627C}"
EndProject
Project("{FAE04EC0-301F-11D3-BF4B-00C04F79EFBC}") = "Symbiote.Daemon", "src\Symbiote.Daemon\Symbiote.Daemon.csproj", "{CB367053-4CC6-4F58-BD6B-434FF601D765}"
EndProject
Project("{FAE04EC0-301F-11D3-BF4B-00C04F79EFBC}") = "Symbiote.Eidetic", "src\Symbiote.Eidetic\Symbiote.Eidetic.csproj", "{5F7BC676-C3BA-4705-8A40-DBFF382F7DAA}"
EndProject
Project("{FAE04EC0-301F-11D3-BF4B-00C04F79EFBC}") = "Symbiote.Jackalope", "src\Symbiote.Jackalope\Symbiote.Jackalope.csproj", "{C1118B7F-17E7-4091-9878-E0D3CD09E9B6}"
EndProject
Project("{FAE04EC0-301F-11D3-BF4B-00C04F79EFBC}") = "Symbiote.Log4Net", "src\Symbiote.Log4Net\Symbiote.Log4Net.csproj", "{2A11B3F6-CBDF-463C-A507-5694AA5236BC}"
EndProject
Project("{FAE04EC0-301F-11D3-BF4B-00C04F79EFBC}") = "Symbiote.Hibernate", "src\Symbiote.Hibernate\Symbiote.Hibernate.csproj", "{6D7C4F20-D3EA-460F-820D-BC7B9048DCFF}"
EndProject
Project("{FAE04EC0-301F-11D3-BF4B-00C04F79EFBC}") = "Jackalope.Tests", "tests\Jackalope.Tests\Jackalope.Tests.csproj", "{BE60C6FF-DD5D-4035-9651-5CC838358FCC}"
EndProject
Project("{FAE04EC0-301F-11D3-BF4B-00C04F79EFBC}") = "PublishDemo", "demo\PublishDemo\PublishDemo.csproj", "{DBF8938C-8012-4DAF-A24B-680C1A595FC2}"
EndProject
Project("{FAE04EC0-301F-11D3-BF4B-00C04F79EFBC}") = "SubscribeDemo", "demo\SubscribeDemo\SubscribeDemo.csproj", "{5544C487-53E4-4FA2-90DA-D34185A4D818}"
EndProject
Project("{2150E333-8FDC-42A3-9474-1A3956D46DE8}") = "Solution Items", "Solution Items", "{34A66805-19DF-4ADC-B329-F44D3612F604}"
EndProject
Project("{FAE04EC0-301F-11D3-BF4B-00C04F79EFBC}") = "Core.Tests", "tests\Core.Tests\Core.Tests.csproj", "{BB61C937-9A6C-45F4-84F2-507A801F8DC9}"
EndProject
Project("{FAE04EC0-301F-11D3-BF4B-00C04F79EFBC}") = "Symbiote.Web", "src\Symbiote.Web\Symbiote.Web.csproj", "{9534CDC0-54D0-442E-AE46-B47E4DCE2B03}"
EndProject
Project("{2150E333-8FDC-42A3-9474-1A3956D46DE8}") = "Jackalope", "Jackalope", "{58B24604-01F2-493B-942C-65E23F952C52}"
EndProject
Project("{FAE04EC0-301F-11D3-BF4B-00C04F79EFBC}") = "Symbiote.WebSocket", "src\Symbiote.WebSocket\Symbiote.WebSocket.csproj", "{4DECABA0-8930-4EF5-9153-3CE3C5578875}"
EndProject
Project("{2150E333-8FDC-42A3-9474-1A3956D46DE8}") = "WebSocket", "WebSocket", "{7B765B76-3DAA-455E-A35E-6327ECA7DF06}"
EndProject
Project("{FAE04EC0-301F-11D3-BF4B-00C04F79EFBC}") = "WebSocketService", "demo\WebSocketService\WebSocketService.csproj", "{77BEFB01-29E7-44D4-AEF8-EF0BAD312878}"
EndProject
Project("{FAE04EC0-301F-11D3-BF4B-00C04F79EFBC}") = "Symbiote.SocketMQ", "src\Symbiote.SocketMQ\Symbiote.SocketMQ.csproj", "{04A32975-6423-4611-889C-615C6D6FE75B}"
EndProject
Project("{FAE04EC0-301F-11D3-BF4B-00C04F79EFBC}") = "SocketMQ.ChatService", "demo\SocketMQ.ChatService\SocketMQ.ChatService.csproj", "{A70FB068-DA21-4736-8164-8C13D53F3A74}"
EndProject
Project("{FAE04EC0-301F-11D3-BF4B-00C04F79EFBC}") = "SocketMQ.ChatClient", "demo\SocketMQ.ChatClient\SocketMQ.ChatClient.csproj", "{835853B7-9877-416F-A06D-E97F55DFE6A5}"
EndProject
Project("{FAE04EC0-301F-11D3-BF4B-00C04F79EFBC}") = "SocketMQ.Tests", "tests\SocketMQ.Tests\SocketMQ.Tests.csproj", "{0C318646-316B-472B-8991-434609C03561}"
EndProject
Project("{FAE04EC0-301F-11D3-BF4B-00C04F79EFBC}") = "Symbiote.JsonRpc.Client", "src\Symbiote.JsonRpc.Client\Symbiote.JsonRpc.Client.csproj", "{5A02B843-4047-4885-8839-FE9E4A9EBFE1}"
EndProject
Project("{FAE04EC0-301F-11D3-BF4B-00C04F79EFBC}") = "JsonRpc.Tests", "tests\JsonRpc.Tests\JsonRpc.Tests.csproj", "{14E7F1FE-C49A-40E1-A70D-A93CEBB3A201}"
EndProject
Project("{FAE04EC0-301F-11D3-BF4B-00C04F79EFBC}") = "Symbiote.Wcf", "src\Symbiote.WCF\Symbiote.Wcf.csproj", "{F6F5879C-61DD-4CFC-9F57-7356648DEE77}"
EndProject
Project("{FAE04EC0-301F-11D3-BF4B-00C04F79EFBC}") = "Wcf.Tests", "tests\Wcf.Tests\Wcf.Tests.csproj", "{447A45A1-DC27-4F4B-8BAD-282AD94AC45B}"
EndProject
Project("{FAE04EC0-301F-11D3-BF4B-00C04F79EFBC}") = "Symbiote.Net", "src\Symbiote.Net\Symbiote.Net.csproj", "{45719B4E-23EA-44AC-863A-7B4CD458F0C2}"
EndProject
Project("{FAE04EC0-301F-11D3-BF4B-00C04F79EFBC}") = "Net.Tests", "tests\Net.Tests\Net.Tests.csproj", "{CC95FD26-24E0-4653-B9E9-718A0F16B7F0}"
EndProject
Project("{FAE04EC0-301F-11D3-BF4B-00C04F79EFBC}") = "IISHostedRestully", "demo\IISHostedRestully\IISHostedRestully.csproj", "{77AE9B47-C730-46E7-BD72-044582AA7746}"
EndProject
Project("{FAE04EC0-301F-11D3-BF4B-00C04F79EFBC}") = "Symbiote.Lucene", "src\Symbiote.Lucene\Symbiote.Lucene.csproj", "{9D4DDDC6-21B0-4A9A-92A5-3136E53F02B4}"
EndProject
Project("{FAE04EC0-301F-11D3-BF4B-00C04F79EFBC}") = "Lucene.Tests", "tests\Lucene.Tests\Lucene.Tests.csproj", "{1FA8B487-2B83-4B2E-8A70-1D3AB83DE774}"
EndProject
Project("{FAE04EC0-301F-11D3-BF4B-00C04F79EFBC}") = "Symbiote.StructureMap", "src\Symbiote.StructureMap\Symbiote.StructureMap.csproj", "{DDC65B9C-20CC-4ECA-82A9-DC98D78CC12A}"
EndProject
Project("{2150E333-8FDC-42A3-9474-1A3956D46DE8}") = "Silverlight", "Silverlight", "{9F557E31-430F-4EC5-A724-99E91E1755EF}"
EndProject
Project("{FAE04EC0-301F-11D3-BF4B-00C04F79EFBC}") = "Symbiote.Core", "src\Silverlight\Symbiote.Core\Symbiote.Core.csproj", "{71ED23EE-73DC-4DA8-852D-7CAF6415D64B}"
EndProject
Project("{FAE04EC0-301F-11D3-BF4B-00C04F79EFBC}") = "Symbiote.JsonRpc.Host", "src\Symbiote.JsonRpc.Host\Symbiote.JsonRpc.Host.csproj", "{E90CEDFE-959F-44E8-A9CA-E22A60A9AE10}"
EndProject
Project("{2150E333-8FDC-42A3-9474-1A3956D46DE8}") = "Saga", "Saga", "{43137F76-79F7-42F2-9D28-A00D15EF6B61}"
EndProject
Project("{FAE04EC0-301F-11D3-BF4B-00C04F79EFBC}") = "StateMachine.Tests", "tests\StateMachine.Tests\StateMachine.Tests.csproj", "{5B4155B3-CA30-4E7B-9E8D-8C8AF6693AFD}"
EndProject
Global
	GlobalSection(SolutionConfigurationPlatforms) = preSolution
		Debug|Any CPU = Debug|Any CPU
		Debug|Mixed Platforms = Debug|Mixed Platforms
		Debug|x86 = Debug|x86
		Release|Any CPU = Release|Any CPU
		Release|Mixed Platforms = Release|Mixed Platforms
		Release|x86 = Release|x86
	EndGlobalSection
	GlobalSection(ProjectConfigurationPlatforms) = postSolution
		{DFE559D0-8A63-4798-83A9-CA781A6D627C}.Debug|Any CPU.ActiveCfg = Debug|Any CPU
		{DFE559D0-8A63-4798-83A9-CA781A6D627C}.Debug|Any CPU.Build.0 = Debug|Any CPU
		{DFE559D0-8A63-4798-83A9-CA781A6D627C}.Debug|Mixed Platforms.ActiveCfg = Debug|Any CPU
		{DFE559D0-8A63-4798-83A9-CA781A6D627C}.Debug|Mixed Platforms.Build.0 = Debug|Any CPU
		{DFE559D0-8A63-4798-83A9-CA781A6D627C}.Debug|x86.ActiveCfg = Debug|Any CPU
		{DFE559D0-8A63-4798-83A9-CA781A6D627C}.Release|Any CPU.ActiveCfg = Release|Any CPU
		{DFE559D0-8A63-4798-83A9-CA781A6D627C}.Release|Any CPU.Build.0 = Release|Any CPU
		{DFE559D0-8A63-4798-83A9-CA781A6D627C}.Release|Mixed Platforms.ActiveCfg = Release|Any CPU
		{DFE559D0-8A63-4798-83A9-CA781A6D627C}.Release|Mixed Platforms.Build.0 = Release|Any CPU
		{DFE559D0-8A63-4798-83A9-CA781A6D627C}.Release|x86.ActiveCfg = Release|Any CPU
		{CB367053-4CC6-4F58-BD6B-434FF601D765}.Debug|Any CPU.ActiveCfg = Debug|Any CPU
		{CB367053-4CC6-4F58-BD6B-434FF601D765}.Debug|Any CPU.Build.0 = Debug|Any CPU
		{CB367053-4CC6-4F58-BD6B-434FF601D765}.Debug|Mixed Platforms.ActiveCfg = Debug|Any CPU
		{CB367053-4CC6-4F58-BD6B-434FF601D765}.Debug|Mixed Platforms.Build.0 = Debug|Any CPU
		{CB367053-4CC6-4F58-BD6B-434FF601D765}.Debug|x86.ActiveCfg = Debug|Any CPU
		{CB367053-4CC6-4F58-BD6B-434FF601D765}.Release|Any CPU.ActiveCfg = Release|Any CPU
		{CB367053-4CC6-4F58-BD6B-434FF601D765}.Release|Any CPU.Build.0 = Release|Any CPU
		{CB367053-4CC6-4F58-BD6B-434FF601D765}.Release|Mixed Platforms.ActiveCfg = Release|Any CPU
		{CB367053-4CC6-4F58-BD6B-434FF601D765}.Release|Mixed Platforms.Build.0 = Release|Any CPU
		{CB367053-4CC6-4F58-BD6B-434FF601D765}.Release|x86.ActiveCfg = Release|Any CPU
		{5F7BC676-C3BA-4705-8A40-DBFF382F7DAA}.Debug|Any CPU.ActiveCfg = Debug|Any CPU
		{5F7BC676-C3BA-4705-8A40-DBFF382F7DAA}.Debug|Any CPU.Build.0 = Debug|Any CPU
		{5F7BC676-C3BA-4705-8A40-DBFF382F7DAA}.Debug|Mixed Platforms.ActiveCfg = Debug|Any CPU
		{5F7BC676-C3BA-4705-8A40-DBFF382F7DAA}.Debug|Mixed Platforms.Build.0 = Debug|Any CPU
		{5F7BC676-C3BA-4705-8A40-DBFF382F7DAA}.Debug|x86.ActiveCfg = Debug|Any CPU
		{5F7BC676-C3BA-4705-8A40-DBFF382F7DAA}.Release|Any CPU.ActiveCfg = Release|Any CPU
		{5F7BC676-C3BA-4705-8A40-DBFF382F7DAA}.Release|Any CPU.Build.0 = Release|Any CPU
		{5F7BC676-C3BA-4705-8A40-DBFF382F7DAA}.Release|Mixed Platforms.ActiveCfg = Release|Any CPU
		{5F7BC676-C3BA-4705-8A40-DBFF382F7DAA}.Release|Mixed Platforms.Build.0 = Release|Any CPU
		{5F7BC676-C3BA-4705-8A40-DBFF382F7DAA}.Release|x86.ActiveCfg = Release|Any CPU
		{C1118B7F-17E7-4091-9878-E0D3CD09E9B6}.Debug|Any CPU.ActiveCfg = Debug|Any CPU
		{C1118B7F-17E7-4091-9878-E0D3CD09E9B6}.Debug|Any CPU.Build.0 = Debug|Any CPU
		{C1118B7F-17E7-4091-9878-E0D3CD09E9B6}.Debug|Mixed Platforms.ActiveCfg = Debug|Any CPU
		{C1118B7F-17E7-4091-9878-E0D3CD09E9B6}.Debug|Mixed Platforms.Build.0 = Debug|Any CPU
		{C1118B7F-17E7-4091-9878-E0D3CD09E9B6}.Debug|x86.ActiveCfg = Debug|Any CPU
		{C1118B7F-17E7-4091-9878-E0D3CD09E9B6}.Release|Any CPU.ActiveCfg = Release|Any CPU
		{C1118B7F-17E7-4091-9878-E0D3CD09E9B6}.Release|Any CPU.Build.0 = Release|Any CPU
		{C1118B7F-17E7-4091-9878-E0D3CD09E9B6}.Release|Mixed Platforms.ActiveCfg = Release|Any CPU
		{C1118B7F-17E7-4091-9878-E0D3CD09E9B6}.Release|Mixed Platforms.Build.0 = Release|Any CPU
		{C1118B7F-17E7-4091-9878-E0D3CD09E9B6}.Release|x86.ActiveCfg = Release|Any CPU
		{2A11B3F6-CBDF-463C-A507-5694AA5236BC}.Debug|Any CPU.ActiveCfg = Debug|Any CPU
		{2A11B3F6-CBDF-463C-A507-5694AA5236BC}.Debug|Any CPU.Build.0 = Debug|Any CPU
		{2A11B3F6-CBDF-463C-A507-5694AA5236BC}.Debug|Mixed Platforms.ActiveCfg = Debug|Any CPU
		{2A11B3F6-CBDF-463C-A507-5694AA5236BC}.Debug|Mixed Platforms.Build.0 = Debug|Any CPU
		{2A11B3F6-CBDF-463C-A507-5694AA5236BC}.Debug|x86.ActiveCfg = Debug|Any CPU
		{2A11B3F6-CBDF-463C-A507-5694AA5236BC}.Release|Any CPU.ActiveCfg = Release|Any CPU
		{2A11B3F6-CBDF-463C-A507-5694AA5236BC}.Release|Any CPU.Build.0 = Release|Any CPU
		{2A11B3F6-CBDF-463C-A507-5694AA5236BC}.Release|Mixed Platforms.ActiveCfg = Release|Any CPU
		{2A11B3F6-CBDF-463C-A507-5694AA5236BC}.Release|Mixed Platforms.Build.0 = Release|Any CPU
		{2A11B3F6-CBDF-463C-A507-5694AA5236BC}.Release|x86.ActiveCfg = Release|Any CPU
		{6D7C4F20-D3EA-460F-820D-BC7B9048DCFF}.Debug|Any CPU.ActiveCfg = Debug|Any CPU
		{6D7C4F20-D3EA-460F-820D-BC7B9048DCFF}.Debug|Any CPU.Build.0 = Debug|Any CPU
		{6D7C4F20-D3EA-460F-820D-BC7B9048DCFF}.Debug|Mixed Platforms.ActiveCfg = Debug|Any CPU
		{6D7C4F20-D3EA-460F-820D-BC7B9048DCFF}.Debug|Mixed Platforms.Build.0 = Debug|Any CPU
		{6D7C4F20-D3EA-460F-820D-BC7B9048DCFF}.Debug|x86.ActiveCfg = Debug|Any CPU
		{6D7C4F20-D3EA-460F-820D-BC7B9048DCFF}.Release|Any CPU.ActiveCfg = Release|Any CPU
		{6D7C4F20-D3EA-460F-820D-BC7B9048DCFF}.Release|Any CPU.Build.0 = Release|Any CPU
		{6D7C4F20-D3EA-460F-820D-BC7B9048DCFF}.Release|Mixed Platforms.ActiveCfg = Release|Any CPU
		{6D7C4F20-D3EA-460F-820D-BC7B9048DCFF}.Release|Mixed Platforms.Build.0 = Release|Any CPU
		{6D7C4F20-D3EA-460F-820D-BC7B9048DCFF}.Release|x86.ActiveCfg = Release|Any CPU
		{BE60C6FF-DD5D-4035-9651-5CC838358FCC}.Debug|Any CPU.ActiveCfg = Debug|Any CPU
		{BE60C6FF-DD5D-4035-9651-5CC838358FCC}.Debug|Any CPU.Build.0 = Debug|Any CPU
		{BE60C6FF-DD5D-4035-9651-5CC838358FCC}.Debug|Mixed Platforms.ActiveCfg = Debug|Any CPU
		{BE60C6FF-DD5D-4035-9651-5CC838358FCC}.Debug|Mixed Platforms.Build.0 = Debug|Any CPU
		{BE60C6FF-DD5D-4035-9651-5CC838358FCC}.Debug|x86.ActiveCfg = Debug|Any CPU
		{BE60C6FF-DD5D-4035-9651-5CC838358FCC}.Release|Any CPU.ActiveCfg = Release|Any CPU
		{BE60C6FF-DD5D-4035-9651-5CC838358FCC}.Release|Any CPU.Build.0 = Release|Any CPU
		{BE60C6FF-DD5D-4035-9651-5CC838358FCC}.Release|Mixed Platforms.ActiveCfg = Release|Any CPU
		{BE60C6FF-DD5D-4035-9651-5CC838358FCC}.Release|Mixed Platforms.Build.0 = Release|Any CPU
		{BE60C6FF-DD5D-4035-9651-5CC838358FCC}.Release|x86.ActiveCfg = Release|Any CPU
		{DBF8938C-8012-4DAF-A24B-680C1A595FC2}.Debug|Any CPU.ActiveCfg = Debug|Any CPU
		{DBF8938C-8012-4DAF-A24B-680C1A595FC2}.Debug|Any CPU.Build.0 = Debug|Any CPU
		{DBF8938C-8012-4DAF-A24B-680C1A595FC2}.Debug|Mixed Platforms.ActiveCfg = Debug|Any CPU
		{DBF8938C-8012-4DAF-A24B-680C1A595FC2}.Debug|Mixed Platforms.Build.0 = Debug|Any CPU
		{DBF8938C-8012-4DAF-A24B-680C1A595FC2}.Debug|x86.ActiveCfg = Debug|Any CPU
		{DBF8938C-8012-4DAF-A24B-680C1A595FC2}.Release|Any CPU.ActiveCfg = Release|Any CPU
		{DBF8938C-8012-4DAF-A24B-680C1A595FC2}.Release|Any CPU.Build.0 = Release|Any CPU
		{DBF8938C-8012-4DAF-A24B-680C1A595FC2}.Release|Mixed Platforms.ActiveCfg = Release|Any CPU
		{DBF8938C-8012-4DAF-A24B-680C1A595FC2}.Release|Mixed Platforms.Build.0 = Release|Any CPU
		{DBF8938C-8012-4DAF-A24B-680C1A595FC2}.Release|x86.ActiveCfg = Release|Any CPU
		{5544C487-53E4-4FA2-90DA-D34185A4D818}.Debug|Any CPU.ActiveCfg = Debug|Any CPU
		{5544C487-53E4-4FA2-90DA-D34185A4D818}.Debug|Any CPU.Build.0 = Debug|Any CPU
		{5544C487-53E4-4FA2-90DA-D34185A4D818}.Debug|Mixed Platforms.ActiveCfg = Debug|Any CPU
		{5544C487-53E4-4FA2-90DA-D34185A4D818}.Debug|Mixed Platforms.Build.0 = Debug|Any CPU
		{5544C487-53E4-4FA2-90DA-D34185A4D818}.Debug|x86.ActiveCfg = Debug|Any CPU
		{5544C487-53E4-4FA2-90DA-D34185A4D818}.Release|Any CPU.ActiveCfg = Release|Any CPU
		{5544C487-53E4-4FA2-90DA-D34185A4D818}.Release|Any CPU.Build.0 = Release|Any CPU
		{5544C487-53E4-4FA2-90DA-D34185A4D818}.Release|Mixed Platforms.ActiveCfg = Release|Any CPU
		{5544C487-53E4-4FA2-90DA-D34185A4D818}.Release|Mixed Platforms.Build.0 = Release|Any CPU
		{5544C487-53E4-4FA2-90DA-D34185A4D818}.Release|x86.ActiveCfg = Release|Any CPU
		{BB61C937-9A6C-45F4-84F2-507A801F8DC9}.Debug|Any CPU.ActiveCfg = Debug|Any CPU
		{BB61C937-9A6C-45F4-84F2-507A801F8DC9}.Debug|Any CPU.Build.0 = Debug|Any CPU
		{BB61C937-9A6C-45F4-84F2-507A801F8DC9}.Debug|Mixed Platforms.ActiveCfg = Debug|Any CPU
		{BB61C937-9A6C-45F4-84F2-507A801F8DC9}.Debug|Mixed Platforms.Build.0 = Debug|Any CPU
		{BB61C937-9A6C-45F4-84F2-507A801F8DC9}.Debug|x86.ActiveCfg = Debug|Any CPU
		{BB61C937-9A6C-45F4-84F2-507A801F8DC9}.Release|Any CPU.ActiveCfg = Release|Any CPU
		{BB61C937-9A6C-45F4-84F2-507A801F8DC9}.Release|Any CPU.Build.0 = Release|Any CPU
		{BB61C937-9A6C-45F4-84F2-507A801F8DC9}.Release|Mixed Platforms.ActiveCfg = Release|Any CPU
		{BB61C937-9A6C-45F4-84F2-507A801F8DC9}.Release|Mixed Platforms.Build.0 = Release|Any CPU
		{BB61C937-9A6C-45F4-84F2-507A801F8DC9}.Release|x86.ActiveCfg = Release|Any CPU
		{9534CDC0-54D0-442E-AE46-B47E4DCE2B03}.Debug|Any CPU.ActiveCfg = Debug|Any CPU
		{9534CDC0-54D0-442E-AE46-B47E4DCE2B03}.Debug|Any CPU.Build.0 = Debug|Any CPU
		{9534CDC0-54D0-442E-AE46-B47E4DCE2B03}.Debug|Mixed Platforms.ActiveCfg = Debug|Any CPU
		{9534CDC0-54D0-442E-AE46-B47E4DCE2B03}.Debug|Mixed Platforms.Build.0 = Debug|Any CPU
		{9534CDC0-54D0-442E-AE46-B47E4DCE2B03}.Debug|x86.ActiveCfg = Debug|Any CPU
		{9534CDC0-54D0-442E-AE46-B47E4DCE2B03}.Release|Any CPU.ActiveCfg = Release|Any CPU
		{9534CDC0-54D0-442E-AE46-B47E4DCE2B03}.Release|Any CPU.Build.0 = Release|Any CPU
		{9534CDC0-54D0-442E-AE46-B47E4DCE2B03}.Release|Mixed Platforms.ActiveCfg = Release|Any CPU
		{9534CDC0-54D0-442E-AE46-B47E4DCE2B03}.Release|Mixed Platforms.Build.0 = Release|Any CPU
		{9534CDC0-54D0-442E-AE46-B47E4DCE2B03}.Release|x86.ActiveCfg = Release|Any CPU
		{4DECABA0-8930-4EF5-9153-3CE3C5578875}.Debug|Any CPU.ActiveCfg = Debug|Any CPU
		{4DECABA0-8930-4EF5-9153-3CE3C5578875}.Debug|Any CPU.Build.0 = Debug|Any CPU
		{4DECABA0-8930-4EF5-9153-3CE3C5578875}.Debug|Mixed Platforms.ActiveCfg = Debug|Any CPU
		{4DECABA0-8930-4EF5-9153-3CE3C5578875}.Debug|Mixed Platforms.Build.0 = Debug|Any CPU
		{4DECABA0-8930-4EF5-9153-3CE3C5578875}.Debug|x86.ActiveCfg = Debug|Any CPU
		{4DECABA0-8930-4EF5-9153-3CE3C5578875}.Release|Any CPU.ActiveCfg = Release|Any CPU
		{4DECABA0-8930-4EF5-9153-3CE3C5578875}.Release|Any CPU.Build.0 = Release|Any CPU
		{4DECABA0-8930-4EF5-9153-3CE3C5578875}.Release|Mixed Platforms.ActiveCfg = Release|Any CPU
		{4DECABA0-8930-4EF5-9153-3CE3C5578875}.Release|Mixed Platforms.Build.0 = Release|Any CPU
		{4DECABA0-8930-4EF5-9153-3CE3C5578875}.Release|x86.ActiveCfg = Release|Any CPU
		{77BEFB01-29E7-44D4-AEF8-EF0BAD312878}.Debug|Any CPU.ActiveCfg = Debug|x86
		{77BEFB01-29E7-44D4-AEF8-EF0BAD312878}.Debug|Mixed Platforms.ActiveCfg = Debug|x86
		{77BEFB01-29E7-44D4-AEF8-EF0BAD312878}.Debug|Mixed Platforms.Build.0 = Debug|x86
		{77BEFB01-29E7-44D4-AEF8-EF0BAD312878}.Debug|x86.ActiveCfg = Debug|x86
		{77BEFB01-29E7-44D4-AEF8-EF0BAD312878}.Debug|x86.Build.0 = Debug|x86
		{77BEFB01-29E7-44D4-AEF8-EF0BAD312878}.Release|Any CPU.ActiveCfg = Release|x86
		{77BEFB01-29E7-44D4-AEF8-EF0BAD312878}.Release|Mixed Platforms.ActiveCfg = Release|x86
		{77BEFB01-29E7-44D4-AEF8-EF0BAD312878}.Release|Mixed Platforms.Build.0 = Release|x86
		{77BEFB01-29E7-44D4-AEF8-EF0BAD312878}.Release|x86.ActiveCfg = Release|x86
		{77BEFB01-29E7-44D4-AEF8-EF0BAD312878}.Release|x86.Build.0 = Release|x86
		{04A32975-6423-4611-889C-615C6D6FE75B}.Debug|Any CPU.ActiveCfg = Debug|Any CPU
		{04A32975-6423-4611-889C-615C6D6FE75B}.Debug|Any CPU.Build.0 = Debug|Any CPU
		{04A32975-6423-4611-889C-615C6D6FE75B}.Debug|Mixed Platforms.ActiveCfg = Debug|Any CPU
		{04A32975-6423-4611-889C-615C6D6FE75B}.Debug|Mixed Platforms.Build.0 = Debug|Any CPU
		{04A32975-6423-4611-889C-615C6D6FE75B}.Debug|x86.ActiveCfg = Debug|Any CPU
		{04A32975-6423-4611-889C-615C6D6FE75B}.Release|Any CPU.ActiveCfg = Release|Any CPU
		{04A32975-6423-4611-889C-615C6D6FE75B}.Release|Any CPU.Build.0 = Release|Any CPU
		{04A32975-6423-4611-889C-615C6D6FE75B}.Release|Mixed Platforms.ActiveCfg = Release|Any CPU
		{04A32975-6423-4611-889C-615C6D6FE75B}.Release|Mixed Platforms.Build.0 = Release|Any CPU
		{04A32975-6423-4611-889C-615C6D6FE75B}.Release|x86.ActiveCfg = Release|Any CPU
		{A70FB068-DA21-4736-8164-8C13D53F3A74}.Debug|Any CPU.ActiveCfg = Debug|Any CPU
		{A70FB068-DA21-4736-8164-8C13D53F3A74}.Debug|Any CPU.Build.0 = Debug|Any CPU
		{A70FB068-DA21-4736-8164-8C13D53F3A74}.Debug|Mixed Platforms.ActiveCfg = Debug|Any CPU
		{A70FB068-DA21-4736-8164-8C13D53F3A74}.Debug|Mixed Platforms.Build.0 = Debug|Any CPU
		{A70FB068-DA21-4736-8164-8C13D53F3A74}.Debug|x86.ActiveCfg = Debug|Any CPU
		{A70FB068-DA21-4736-8164-8C13D53F3A74}.Release|Any CPU.ActiveCfg = Release|Any CPU
		{A70FB068-DA21-4736-8164-8C13D53F3A74}.Release|Any CPU.Build.0 = Release|Any CPU
		{A70FB068-DA21-4736-8164-8C13D53F3A74}.Release|Mixed Platforms.ActiveCfg = Release|Any CPU
		{A70FB068-DA21-4736-8164-8C13D53F3A74}.Release|Mixed Platforms.Build.0 = Release|Any CPU
		{A70FB068-DA21-4736-8164-8C13D53F3A74}.Release|x86.ActiveCfg = Release|Any CPU
		{835853B7-9877-416F-A06D-E97F55DFE6A5}.Debug|Any CPU.ActiveCfg = Debug|Any CPU
		{835853B7-9877-416F-A06D-E97F55DFE6A5}.Debug|Any CPU.Build.0 = Debug|Any CPU
		{835853B7-9877-416F-A06D-E97F55DFE6A5}.Debug|Mixed Platforms.ActiveCfg = Debug|Any CPU
		{835853B7-9877-416F-A06D-E97F55DFE6A5}.Debug|Mixed Platforms.Build.0 = Debug|Any CPU
		{835853B7-9877-416F-A06D-E97F55DFE6A5}.Debug|x86.ActiveCfg = Debug|Any CPU
		{835853B7-9877-416F-A06D-E97F55DFE6A5}.Release|Any CPU.ActiveCfg = Release|Any CPU
		{835853B7-9877-416F-A06D-E97F55DFE6A5}.Release|Any CPU.Build.0 = Release|Any CPU
		{835853B7-9877-416F-A06D-E97F55DFE6A5}.Release|Mixed Platforms.ActiveCfg = Release|Any CPU
		{835853B7-9877-416F-A06D-E97F55DFE6A5}.Release|Mixed Platforms.Build.0 = Release|Any CPU
		{835853B7-9877-416F-A06D-E97F55DFE6A5}.Release|x86.ActiveCfg = Release|Any CPU
		{0C318646-316B-472B-8991-434609C03561}.Debug|Any CPU.ActiveCfg = Debug|Any CPU
		{0C318646-316B-472B-8991-434609C03561}.Debug|Any CPU.Build.0 = Debug|Any CPU
		{0C318646-316B-472B-8991-434609C03561}.Debug|Mixed Platforms.ActiveCfg = Debug|Any CPU
		{0C318646-316B-472B-8991-434609C03561}.Debug|Mixed Platforms.Build.0 = Debug|Any CPU
		{0C318646-316B-472B-8991-434609C03561}.Debug|x86.ActiveCfg = Debug|Any CPU
		{0C318646-316B-472B-8991-434609C03561}.Release|Any CPU.ActiveCfg = Release|Any CPU
		{0C318646-316B-472B-8991-434609C03561}.Release|Any CPU.Build.0 = Release|Any CPU
		{0C318646-316B-472B-8991-434609C03561}.Release|Mixed Platforms.ActiveCfg = Release|Any CPU
		{0C318646-316B-472B-8991-434609C03561}.Release|Mixed Platforms.Build.0 = Release|Any CPU
		{0C318646-316B-472B-8991-434609C03561}.Release|x86.ActiveCfg = Release|Any CPU
		{5A02B843-4047-4885-8839-FE9E4A9EBFE1}.Debug|Any CPU.ActiveCfg = Debug|Any CPU
		{5A02B843-4047-4885-8839-FE9E4A9EBFE1}.Debug|Mixed Platforms.ActiveCfg = Debug|Any CPU
		{5A02B843-4047-4885-8839-FE9E4A9EBFE1}.Debug|Mixed Platforms.Build.0 = Debug|Any CPU
		{5A02B843-4047-4885-8839-FE9E4A9EBFE1}.Debug|x86.ActiveCfg = Debug|Any CPU
		{5A02B843-4047-4885-8839-FE9E4A9EBFE1}.Release|Any CPU.ActiveCfg = Release|Any CPU
		{5A02B843-4047-4885-8839-FE9E4A9EBFE1}.Release|Mixed Platforms.ActiveCfg = Release|Any CPU
		{5A02B843-4047-4885-8839-FE9E4A9EBFE1}.Release|x86.ActiveCfg = Release|Any CPU
		{14E7F1FE-C49A-40E1-A70D-A93CEBB3A201}.Debug|Any CPU.ActiveCfg = Debug|Any CPU
		{14E7F1FE-C49A-40E1-A70D-A93CEBB3A201}.Debug|Any CPU.Build.0 = Debug|Any CPU
		{14E7F1FE-C49A-40E1-A70D-A93CEBB3A201}.Debug|Mixed Platforms.ActiveCfg = Debug|Any CPU
		{14E7F1FE-C49A-40E1-A70D-A93CEBB3A201}.Debug|Mixed Platforms.Build.0 = Debug|Any CPU
		{14E7F1FE-C49A-40E1-A70D-A93CEBB3A201}.Debug|x86.ActiveCfg = Debug|Any CPU
		{14E7F1FE-C49A-40E1-A70D-A93CEBB3A201}.Release|Any CPU.ActiveCfg = Release|Any CPU
		{14E7F1FE-C49A-40E1-A70D-A93CEBB3A201}.Release|Any CPU.Build.0 = Release|Any CPU
		{14E7F1FE-C49A-40E1-A70D-A93CEBB3A201}.Release|Mixed Platforms.ActiveCfg = Release|Any CPU
		{14E7F1FE-C49A-40E1-A70D-A93CEBB3A201}.Release|Mixed Platforms.Build.0 = Release|Any CPU
		{14E7F1FE-C49A-40E1-A70D-A93CEBB3A201}.Release|x86.ActiveCfg = Release|Any CPU
		{F6F5879C-61DD-4CFC-9F57-7356648DEE77}.Debug|Any CPU.ActiveCfg = Debug|Any CPU
		{F6F5879C-61DD-4CFC-9F57-7356648DEE77}.Debug|Any CPU.Build.0 = Debug|Any CPU
		{F6F5879C-61DD-4CFC-9F57-7356648DEE77}.Debug|Mixed Platforms.ActiveCfg = Debug|Any CPU
		{F6F5879C-61DD-4CFC-9F57-7356648DEE77}.Debug|Mixed Platforms.Build.0 = Debug|Any CPU
		{F6F5879C-61DD-4CFC-9F57-7356648DEE77}.Debug|x86.ActiveCfg = Debug|Any CPU
		{F6F5879C-61DD-4CFC-9F57-7356648DEE77}.Release|Any CPU.ActiveCfg = Release|Any CPU
		{F6F5879C-61DD-4CFC-9F57-7356648DEE77}.Release|Any CPU.Build.0 = Release|Any CPU
		{F6F5879C-61DD-4CFC-9F57-7356648DEE77}.Release|Mixed Platforms.ActiveCfg = Release|Any CPU
		{F6F5879C-61DD-4CFC-9F57-7356648DEE77}.Release|Mixed Platforms.Build.0 = Release|Any CPU
		{F6F5879C-61DD-4CFC-9F57-7356648DEE77}.Release|x86.ActiveCfg = Release|Any CPU
		{447A45A1-DC27-4F4B-8BAD-282AD94AC45B}.Debug|Any CPU.ActiveCfg = Debug|Any CPU
		{447A45A1-DC27-4F4B-8BAD-282AD94AC45B}.Debug|Any CPU.Build.0 = Debug|Any CPU
		{447A45A1-DC27-4F4B-8BAD-282AD94AC45B}.Debug|Mixed Platforms.ActiveCfg = Debug|Any CPU
		{447A45A1-DC27-4F4B-8BAD-282AD94AC45B}.Debug|Mixed Platforms.Build.0 = Debug|Any CPU
		{447A45A1-DC27-4F4B-8BAD-282AD94AC45B}.Debug|x86.ActiveCfg = Debug|Any CPU
		{447A45A1-DC27-4F4B-8BAD-282AD94AC45B}.Release|Any CPU.ActiveCfg = Release|Any CPU
		{447A45A1-DC27-4F4B-8BAD-282AD94AC45B}.Release|Any CPU.Build.0 = Release|Any CPU
		{447A45A1-DC27-4F4B-8BAD-282AD94AC45B}.Release|Mixed Platforms.ActiveCfg = Release|Any CPU
		{447A45A1-DC27-4F4B-8BAD-282AD94AC45B}.Release|Mixed Platforms.Build.0 = Release|Any CPU
		{447A45A1-DC27-4F4B-8BAD-282AD94AC45B}.Release|x86.ActiveCfg = Release|Any CPU
		{45719B4E-23EA-44AC-863A-7B4CD458F0C2}.Debug|Any CPU.ActiveCfg = Debug|Any CPU
		{45719B4E-23EA-44AC-863A-7B4CD458F0C2}.Debug|Any CPU.Build.0 = Debug|Any CPU
		{45719B4E-23EA-44AC-863A-7B4CD458F0C2}.Debug|Mixed Platforms.ActiveCfg = Debug|Any CPU
		{45719B4E-23EA-44AC-863A-7B4CD458F0C2}.Debug|Mixed Platforms.Build.0 = Debug|Any CPU
		{45719B4E-23EA-44AC-863A-7B4CD458F0C2}.Debug|x86.ActiveCfg = Debug|Any CPU
		{45719B4E-23EA-44AC-863A-7B4CD458F0C2}.Release|Any CPU.ActiveCfg = Release|Any CPU
		{45719B4E-23EA-44AC-863A-7B4CD458F0C2}.Release|Any CPU.Build.0 = Release|Any CPU
		{45719B4E-23EA-44AC-863A-7B4CD458F0C2}.Release|Mixed Platforms.ActiveCfg = Release|Any CPU
		{45719B4E-23EA-44AC-863A-7B4CD458F0C2}.Release|Mixed Platforms.Build.0 = Release|Any CPU
		{45719B4E-23EA-44AC-863A-7B4CD458F0C2}.Release|x86.ActiveCfg = Release|Any CPU
		{CC95FD26-24E0-4653-B9E9-718A0F16B7F0}.Debug|Any CPU.ActiveCfg = Debug|Any CPU
		{CC95FD26-24E0-4653-B9E9-718A0F16B7F0}.Debug|Any CPU.Build.0 = Debug|Any CPU
		{CC95FD26-24E0-4653-B9E9-718A0F16B7F0}.Debug|Mixed Platforms.ActiveCfg = Debug|Any CPU
		{CC95FD26-24E0-4653-B9E9-718A0F16B7F0}.Debug|Mixed Platforms.Build.0 = Debug|Any CPU
		{CC95FD26-24E0-4653-B9E9-718A0F16B7F0}.Debug|x86.ActiveCfg = Debug|Any CPU
		{CC95FD26-24E0-4653-B9E9-718A0F16B7F0}.Release|Any CPU.ActiveCfg = Release|Any CPU
		{CC95FD26-24E0-4653-B9E9-718A0F16B7F0}.Release|Any CPU.Build.0 = Release|Any CPU
		{CC95FD26-24E0-4653-B9E9-718A0F16B7F0}.Release|Mixed Platforms.ActiveCfg = Release|Any CPU
		{CC95FD26-24E0-4653-B9E9-718A0F16B7F0}.Release|Mixed Platforms.Build.0 = Release|Any CPU
		{CC95FD26-24E0-4653-B9E9-718A0F16B7F0}.Release|x86.ActiveCfg = Release|Any CPU
		{77AE9B47-C730-46E7-BD72-044582AA7746}.Debug|Any CPU.ActiveCfg = Debug|Any CPU
		{77AE9B47-C730-46E7-BD72-044582AA7746}.Debug|Any CPU.Build.0 = Debug|Any CPU
		{77AE9B47-C730-46E7-BD72-044582AA7746}.Debug|Mixed Platforms.ActiveCfg = Debug|Any CPU
		{77AE9B47-C730-46E7-BD72-044582AA7746}.Debug|Mixed Platforms.Build.0 = Debug|Any CPU
		{77AE9B47-C730-46E7-BD72-044582AA7746}.Debug|x86.ActiveCfg = Debug|Any CPU
		{77AE9B47-C730-46E7-BD72-044582AA7746}.Release|Any CPU.ActiveCfg = Release|Any CPU
		{77AE9B47-C730-46E7-BD72-044582AA7746}.Release|Any CPU.Build.0 = Release|Any CPU
		{77AE9B47-C730-46E7-BD72-044582AA7746}.Release|Mixed Platforms.ActiveCfg = Release|Any CPU
		{77AE9B47-C730-46E7-BD72-044582AA7746}.Release|Mixed Platforms.Build.0 = Release|Any CPU
		{77AE9B47-C730-46E7-BD72-044582AA7746}.Release|x86.ActiveCfg = Release|Any CPU
		{9D4DDDC6-21B0-4A9A-92A5-3136E53F02B4}.Debug|Any CPU.ActiveCfg = Debug|Any CPU
		{9D4DDDC6-21B0-4A9A-92A5-3136E53F02B4}.Debug|Any CPU.Build.0 = Debug|Any CPU
		{9D4DDDC6-21B0-4A9A-92A5-3136E53F02B4}.Debug|Mixed Platforms.ActiveCfg = Debug|Any CPU
		{9D4DDDC6-21B0-4A9A-92A5-3136E53F02B4}.Debug|Mixed Platforms.Build.0 = Debug|Any CPU
		{9D4DDDC6-21B0-4A9A-92A5-3136E53F02B4}.Debug|x86.ActiveCfg = Debug|Any CPU
		{9D4DDDC6-21B0-4A9A-92A5-3136E53F02B4}.Release|Any CPU.ActiveCfg = Release|Any CPU
		{9D4DDDC6-21B0-4A9A-92A5-3136E53F02B4}.Release|Any CPU.Build.0 = Release|Any CPU
		{9D4DDDC6-21B0-4A9A-92A5-3136E53F02B4}.Release|Mixed Platforms.ActiveCfg = Release|Any CPU
		{9D4DDDC6-21B0-4A9A-92A5-3136E53F02B4}.Release|Mixed Platforms.Build.0 = Release|Any CPU
		{9D4DDDC6-21B0-4A9A-92A5-3136E53F02B4}.Release|x86.ActiveCfg = Release|Any CPU
		{1FA8B487-2B83-4B2E-8A70-1D3AB83DE774}.Debug|Any CPU.ActiveCfg = Debug|Any CPU
		{1FA8B487-2B83-4B2E-8A70-1D3AB83DE774}.Debug|Any CPU.Build.0 = Debug|Any CPU
		{1FA8B487-2B83-4B2E-8A70-1D3AB83DE774}.Debug|Mixed Platforms.ActiveCfg = Debug|Any CPU
		{1FA8B487-2B83-4B2E-8A70-1D3AB83DE774}.Debug|Mixed Platforms.Build.0 = Debug|Any CPU
		{1FA8B487-2B83-4B2E-8A70-1D3AB83DE774}.Debug|x86.ActiveCfg = Debug|Any CPU
		{1FA8B487-2B83-4B2E-8A70-1D3AB83DE774}.Release|Any CPU.ActiveCfg = Release|Any CPU
		{1FA8B487-2B83-4B2E-8A70-1D3AB83DE774}.Release|Any CPU.Build.0 = Release|Any CPU
		{1FA8B487-2B83-4B2E-8A70-1D3AB83DE774}.Release|Mixed Platforms.ActiveCfg = Release|Any CPU
		{1FA8B487-2B83-4B2E-8A70-1D3AB83DE774}.Release|Mixed Platforms.Build.0 = Release|Any CPU
		{1FA8B487-2B83-4B2E-8A70-1D3AB83DE774}.Release|x86.ActiveCfg = Release|Any CPU
		{DDC65B9C-20CC-4ECA-82A9-DC98D78CC12A}.Debug|Any CPU.ActiveCfg = Debug|Any CPU
		{DDC65B9C-20CC-4ECA-82A9-DC98D78CC12A}.Debug|Any CPU.Build.0 = Debug|Any CPU
		{DDC65B9C-20CC-4ECA-82A9-DC98D78CC12A}.Debug|Mixed Platforms.ActiveCfg = Debug|Any CPU
		{DDC65B9C-20CC-4ECA-82A9-DC98D78CC12A}.Debug|Mixed Platforms.Build.0 = Debug|Any CPU
		{DDC65B9C-20CC-4ECA-82A9-DC98D78CC12A}.Debug|x86.ActiveCfg = Debug|Any CPU
		{DDC65B9C-20CC-4ECA-82A9-DC98D78CC12A}.Release|Any CPU.ActiveCfg = Release|Any CPU
		{DDC65B9C-20CC-4ECA-82A9-DC98D78CC12A}.Release|Any CPU.Build.0 = Release|Any CPU
		{DDC65B9C-20CC-4ECA-82A9-DC98D78CC12A}.Release|Mixed Platforms.ActiveCfg = Release|Any CPU
		{DDC65B9C-20CC-4ECA-82A9-DC98D78CC12A}.Release|Mixed Platforms.Build.0 = Release|Any CPU
		{DDC65B9C-20CC-4ECA-82A9-DC98D78CC12A}.Release|x86.ActiveCfg = Release|Any CPU
		{71ED23EE-73DC-4DA8-852D-7CAF6415D64B}.Debug|Any CPU.ActiveCfg = Debug|Any CPU
		{71ED23EE-73DC-4DA8-852D-7CAF6415D64B}.Debug|Any CPU.Build.0 = Debug|Any CPU
		{71ED23EE-73DC-4DA8-852D-7CAF6415D64B}.Debug|Mixed Platforms.ActiveCfg = Debug|Any CPU
		{71ED23EE-73DC-4DA8-852D-7CAF6415D64B}.Debug|Mixed Platforms.Build.0 = Debug|Any CPU
		{71ED23EE-73DC-4DA8-852D-7CAF6415D64B}.Debug|x86.ActiveCfg = Debug|Any CPU
		{71ED23EE-73DC-4DA8-852D-7CAF6415D64B}.Release|Any CPU.ActiveCfg = Release|Any CPU
		{71ED23EE-73DC-4DA8-852D-7CAF6415D64B}.Release|Any CPU.Build.0 = Release|Any CPU
		{71ED23EE-73DC-4DA8-852D-7CAF6415D64B}.Release|Mixed Platforms.ActiveCfg = Release|Any CPU
		{71ED23EE-73DC-4DA8-852D-7CAF6415D64B}.Release|Mixed Platforms.Build.0 = Release|Any CPU
		{71ED23EE-73DC-4DA8-852D-7CAF6415D64B}.Release|x86.ActiveCfg = Release|Any CPU
		{E90CEDFE-959F-44E8-A9CA-E22A60A9AE10}.Debug|Any CPU.ActiveCfg = Debug|Any CPU
		{E90CEDFE-959F-44E8-A9CA-E22A60A9AE10}.Debug|Any CPU.Build.0 = Debug|Any CPU
		{E90CEDFE-959F-44E8-A9CA-E22A60A9AE10}.Debug|Mixed Platforms.ActiveCfg = Debug|Any CPU
		{E90CEDFE-959F-44E8-A9CA-E22A60A9AE10}.Debug|Mixed Platforms.Build.0 = Debug|Any CPU
		{E90CEDFE-959F-44E8-A9CA-E22A60A9AE10}.Debug|x86.ActiveCfg = Debug|Any CPU
		{E90CEDFE-959F-44E8-A9CA-E22A60A9AE10}.Release|Any CPU.ActiveCfg = Release|Any CPU
		{E90CEDFE-959F-44E8-A9CA-E22A60A9AE10}.Release|Any CPU.Build.0 = Release|Any CPU
		{E90CEDFE-959F-44E8-A9CA-E22A60A9AE10}.Release|Mixed Platforms.ActiveCfg = Release|Any CPU
		{E90CEDFE-959F-44E8-A9CA-E22A60A9AE10}.Release|Mixed Platforms.Build.0 = Release|Any CPU
		{E90CEDFE-959F-44E8-A9CA-E22A60A9AE10}.Release|x86.ActiveCfg = Release|Any CPU
		{5B4155B3-CA30-4E7B-9E8D-8C8AF6693AFD}.Debug|Any CPU.ActiveCfg = Debug|x86
		{5B4155B3-CA30-4E7B-9E8D-8C8AF6693AFD}.Debug|Mixed Platforms.ActiveCfg = Debug|x86
		{5B4155B3-CA30-4E7B-9E8D-8C8AF6693AFD}.Debug|Mixed Platforms.Build.0 = Debug|x86
		{5B4155B3-CA30-4E7B-9E8D-8C8AF6693AFD}.Debug|x86.ActiveCfg = Debug|x86
		{5B4155B3-CA30-4E7B-9E8D-8C8AF6693AFD}.Debug|x86.Build.0 = Debug|x86
		{5B4155B3-CA30-4E7B-9E8D-8C8AF6693AFD}.Release|Any CPU.ActiveCfg = Release|x86
		{5B4155B3-CA30-4E7B-9E8D-8C8AF6693AFD}.Release|Mixed Platforms.ActiveCfg = Release|x86
		{5B4155B3-CA30-4E7B-9E8D-8C8AF6693AFD}.Release|Mixed Platforms.Build.0 = Release|x86
		{5B4155B3-CA30-4E7B-9E8D-8C8AF6693AFD}.Release|x86.ActiveCfg = Release|x86
		{5B4155B3-CA30-4E7B-9E8D-8C8AF6693AFD}.Release|x86.Build.0 = Release|x86
	EndGlobalSection
	GlobalSection(SolutionProperties) = preSolution
		HideSolutionNode = FALSE
	EndGlobalSection
	GlobalSection(NestedProjects) = preSolution
		{DFE559D0-8A63-4798-83A9-CA781A6D627C} = {642B8572-9C4E-40A2-AAD9-5BA69ABCAB48}
		{CB367053-4CC6-4F58-BD6B-434FF601D765} = {642B8572-9C4E-40A2-AAD9-5BA69ABCAB48}
		{5F7BC676-C3BA-4705-8A40-DBFF382F7DAA} = {642B8572-9C4E-40A2-AAD9-5BA69ABCAB48}
		{C1118B7F-17E7-4091-9878-E0D3CD09E9B6} = {642B8572-9C4E-40A2-AAD9-5BA69ABCAB48}
		{2A11B3F6-CBDF-463C-A507-5694AA5236BC} = {642B8572-9C4E-40A2-AAD9-5BA69ABCAB48}
		{6D7C4F20-D3EA-460F-820D-BC7B9048DCFF} = {642B8572-9C4E-40A2-AAD9-5BA69ABCAB48}
		{9534CDC0-54D0-442E-AE46-B47E4DCE2B03} = {642B8572-9C4E-40A2-AAD9-5BA69ABCAB48}
		{4DECABA0-8930-4EF5-9153-3CE3C5578875} = {642B8572-9C4E-40A2-AAD9-5BA69ABCAB48}
		{04A32975-6423-4611-889C-615C6D6FE75B} = {642B8572-9C4E-40A2-AAD9-5BA69ABCAB48}
		{5A02B843-4047-4885-8839-FE9E4A9EBFE1} = {642B8572-9C4E-40A2-AAD9-5BA69ABCAB48}
		{F6F5879C-61DD-4CFC-9F57-7356648DEE77} = {642B8572-9C4E-40A2-AAD9-5BA69ABCAB48}
		{45719B4E-23EA-44AC-863A-7B4CD458F0C2} = {642B8572-9C4E-40A2-AAD9-5BA69ABCAB48}
		{9D4DDDC6-21B0-4A9A-92A5-3136E53F02B4} = {642B8572-9C4E-40A2-AAD9-5BA69ABCAB48}
		{DDC65B9C-20CC-4ECA-82A9-DC98D78CC12A} = {642B8572-9C4E-40A2-AAD9-5BA69ABCAB48}
		{E90CEDFE-959F-44E8-A9CA-E22A60A9AE10} = {642B8572-9C4E-40A2-AAD9-5BA69ABCAB48}
		{58B24604-01F2-493B-942C-65E23F952C52} = {135E1771-770B-4CBE-8989-21B1177A5AFF}
		{7B765B76-3DAA-455E-A35E-6327ECA7DF06} = {135E1771-770B-4CBE-8989-21B1177A5AFF}
		{77AE9B47-C730-46E7-BD72-044582AA7746} = {135E1771-770B-4CBE-8989-21B1177A5AFF}
		{43137F76-79F7-42F2-9D28-A00D15EF6B61} = {135E1771-770B-4CBE-8989-21B1177A5AFF}
		{BE60C6FF-DD5D-4035-9651-5CC838358FCC} = {D3AEDC1F-5761-45D9-8563-69AAC394D5A3}
		{BB61C937-9A6C-45F4-84F2-507A801F8DC9} = {D3AEDC1F-5761-45D9-8563-69AAC394D5A3}
		{0C318646-316B-472B-8991-434609C03561} = {D3AEDC1F-5761-45D9-8563-69AAC394D5A3}
		{14E7F1FE-C49A-40E1-A70D-A93CEBB3A201} = {D3AEDC1F-5761-45D9-8563-69AAC394D5A3}
		{447A45A1-DC27-4F4B-8BAD-282AD94AC45B} = {D3AEDC1F-5761-45D9-8563-69AAC394D5A3}
		{CC95FD26-24E0-4653-B9E9-718A0F16B7F0} = {D3AEDC1F-5761-45D9-8563-69AAC394D5A3}
		{1FA8B487-2B83-4B2E-8A70-1D3AB83DE774} = {D3AEDC1F-5761-45D9-8563-69AAC394D5A3}
		{5B4155B3-CA30-4E7B-9E8D-8C8AF6693AFD} = {D3AEDC1F-5761-45D9-8563-69AAC394D5A3}
		{5544C487-53E4-4FA2-90DA-D34185A4D818} = {58B24604-01F2-493B-942C-65E23F952C52}
		{DBF8938C-8012-4DAF-A24B-680C1A595FC2} = {58B24604-01F2-493B-942C-65E23F952C52}
		{77BEFB01-29E7-44D4-AEF8-EF0BAD312878} = {7B765B76-3DAA-455E-A35E-6327ECA7DF06}
		{A70FB068-DA21-4736-8164-8C13D53F3A74} = {7B765B76-3DAA-455E-A35E-6327ECA7DF06}
		{835853B7-9877-416F-A06D-E97F55DFE6A5} = {7B765B76-3DAA-455E-A35E-6327ECA7DF06}
		{71ED23EE-73DC-4DA8-852D-7CAF6415D64B} = {9F557E31-430F-4EC5-A724-99E91E1755EF}
	EndGlobalSection
EndGlobal
