
Microsoft Visual Studio Solution File, Format Version 11.00
# Visual Studio 2010
Project("{2150E333-8FDC-42A3-9474-1A3956D46DE8}") = "Framework", "Framework", "{642B8572-9C4E-40A2-AAD9-5BA69ABCAB48}"
EndProject
Project("{2150E333-8FDC-42A3-9474-1A3956D46DE8}") = "Testing", "Testing", "{D3AEDC1F-5761-45D9-8563-69AAC394D5A3}"
EndProject
Project("{FAE04EC0-301F-11D3-BF4B-00C04F79EFBC}") = "Symbiote.Core", "..\..\src\Symbiote.Core\Symbiote.Core.csproj", "{DFE559D0-8A63-4798-83A9-CA781A6D627C}"
EndProject
Project("{FAE04EC0-301F-11D3-BF4B-00C04F79EFBC}") = "Symbiote.Daemon", "..\..\src\Symbiote.Daemon\Symbiote.Daemon.csproj", "{CB367053-4CC6-4F58-BD6B-434FF601D765}"
EndProject
Project("{FAE04EC0-301F-11D3-BF4B-00C04F79EFBC}") = "Symbiote.Eidetic", "..\..\src\Symbiote.Eidetic\Symbiote.Eidetic.csproj", "{5F7BC676-C3BA-4705-8A40-DBFF382F7DAA}"
EndProject
Project("{FAE04EC0-301F-11D3-BF4B-00C04F79EFBC}") = "Symbiote.Log4Net", "..\..\src\Symbiote.Log4Net\Symbiote.Log4Net.csproj", "{2A11B3F6-CBDF-463C-A507-5694AA5236BC}"
EndProject
Project("{FAE04EC0-301F-11D3-BF4B-00C04F79EFBC}") = "Symbiote.Hibernate", "..\..\src\Symbiote.Hibernate\Symbiote.Hibernate.csproj", "{6D7C4F20-D3EA-460F-820D-BC7B9048DCFF}"
EndProject
Project("{2150E333-8FDC-42A3-9474-1A3956D46DE8}") = "Solution Items", "Solution Items", "{34A66805-19DF-4ADC-B329-F44D3612F604}"
EndProject
Project("{FAE04EC0-301F-11D3-BF4B-00C04F79EFBC}") = "Core.Tests", "..\..\tests\Core.Tests\Core.Tests.csproj", "{BB61C937-9A6C-45F4-84F2-507A801F8DC9}"
EndProject
Project("{FAE04EC0-301F-11D3-BF4B-00C04F79EFBC}") = "Symbiote.Wcf", "..\..\src\Symbiote.WCF\Symbiote.Wcf.csproj", "{F6F5879C-61DD-4CFC-9F57-7356648DEE77}"
EndProject
Project("{FAE04EC0-301F-11D3-BF4B-00C04F79EFBC}") = "Wcf.Tests", "..\..\tests\Wcf.Tests\Wcf.Tests.csproj", "{447A45A1-DC27-4F4B-8BAD-282AD94AC45B}"
EndProject
Project("{FAE04EC0-301F-11D3-BF4B-00C04F79EFBC}") = "Symbiote.Lucene", "..\..\src\Symbiote.Lucene\Symbiote.Lucene.csproj", "{9D4DDDC6-21B0-4A9A-92A5-3136E53F02B4}"
EndProject
Project("{FAE04EC0-301F-11D3-BF4B-00C04F79EFBC}") = "Lucene.Tests", "..\..\tests\Lucene.Tests\Lucene.Tests.csproj", "{1FA8B487-2B83-4B2E-8A70-1D3AB83DE774}"
EndProject
Project("{FAE04EC0-301F-11D3-BF4B-00C04F79EFBC}") = "Symbiote.StructureMap", "..\..\src\Symbiote.StructureMap\Symbiote.StructureMap.csproj", "{DDC65B9C-20CC-4ECA-82A9-DC98D78CC12A}"
EndProject
Project("{FAE04EC0-301F-11D3-BF4B-00C04F79EFBC}") = "Eidetic.Tests", "..\..\tests\Eidetic.Tests\Eidetic.Tests.csproj", "{9264CD9E-3A27-4BC8-AE32-846BFBA0F9CB}"
EndProject
Project("{FAE04EC0-301F-11D3-BF4B-00C04F79EFBC}") = "Symbiote.Redis", "..\..\src\Symbiote.Redis\Symbiote.Redis.csproj", "{29F73967-24AC-438D-957E-7FF3EDC6840E}"
EndProject
Project("{FAE04EC0-301F-11D3-BF4B-00C04F79EFBC}") = "Messaging.Tests", "..\..\tests\Messaging.Tests\Messaging.Tests.csproj", "{D512AC95-C894-4DC7-B6DB-961C054FB1CD}"
EndProject
Project("{FAE04EC0-301F-11D3-BF4B-00C04F79EFBC}") = "Symbiote.Messaging", "..\..\src\Symbiote.Messaging\Symbiote.Messaging.csproj", "{22173E83-BA63-4C4D-A1B3-D0D06DC55333}"
EndProject
Project("{FAE04EC0-301F-11D3-BF4B-00C04F79EFBC}") = "Symbiote.Rabbit", "..\..\src\Symbiote.Rabbit\Symbiote.Rabbit.csproj", "{8E1293E3-E238-4C04-8291-3CF6299E5222}"
EndProject
Project("{FAE04EC0-301F-11D3-BF4B-00C04F79EFBC}") = "Rabbit.Tests", "..\..\tests\Rabbit.Tests\Rabbit.Tests.csproj", "{99361C6F-C615-4508-9DAC-314DA9DB0B66}"
EndProject
Project("{FAE04EC0-301F-11D3-BF4B-00C04F79EFBC}") = "Symbiote.Couch", "..\..\src\Symbiote.Couch\Symbiote.Couch.csproj", "{BE17D6C0-82B8-484F-860B-6801388A43C2}"
EndProject
Project("{FAE04EC0-301F-11D3-BF4B-00C04F79EFBC}") = "Symbiote.Riak", "..\..\src\Symbiote.Riak\Symbiote.Riak.csproj", "{D416A024-3C8A-47CD-A0F3-FC19EC9F1222}"
EndProject
Project("{FAE04EC0-301F-11D3-BF4B-00C04F79EFBC}") = "Symbiote.Mikado", "..\..\src\Symbiote.Mikado\Symbiote.Mikado.csproj", "{BA7FE9D9-14B1-4734-9E97-AEE911009333}"
EndProject
Project("{FAE04EC0-301F-11D3-BF4B-00C04F79EFBC}") = "Mikado.Tests", "..\..\tests\Mikado.Tests\Mikado.Tests.csproj", "{A6BD5016-0FF8-47FB-88FB-815A54EC62B3}"
EndProject
Project("{FAE04EC0-301F-11D3-BF4B-00C04F79EFBC}") = "Riak.Tests", "..\..\tests\Riak.Tests\Riak.Tests.csproj", "{200C76E0-85DF-4915-AABD-8DC8D1D41EBC}"
EndProject
Project("{FAE04EC0-301F-11D3-BF4B-00C04F79EFBC}") = "Daemon.Tests", "..\..\tests\Daemon.Tests\Daemon.Tests.csproj", "{0C185C34-5480-47A8-B58F-19F6624ADEF4}"
EndProject
Project("{FAE04EC0-301F-11D3-BF4B-00C04F79EFBC}") = "Couch.Tests", "..\..\tests\Couch.Tests\Couch.Tests.csproj", "{6F1DB555-D2FF-4E2C-8F20-4A012D6F4581}"
EndProject
Global
	GlobalSection(SolutionConfigurationPlatforms) = preSolution
		Debug|Any CPU = Debug|Any CPU
		Debug|Mixed Platforms = Debug|Mixed Platforms
		Debug|x86 = Debug|x86
		Demo|Any CPU = Demo|Any CPU
		Demo|Mixed Platforms = Demo|Mixed Platforms
		Demo|x86 = Demo|x86
		Development|Any CPU = Development|Any CPU
		Development|Mixed Platforms = Development|Mixed Platforms
		Development|x86 = Development|x86
		Release|Any CPU = Release|Any CPU
		Release|Mixed Platforms = Release|Mixed Platforms
		Release|x86 = Release|x86
		Silverlight|Any CPU = Silverlight|Any CPU
		Silverlight|Mixed Platforms = Silverlight|Mixed Platforms
		Silverlight|x86 = Silverlight|x86
		Unmerged|Any CPU = Unmerged|Any CPU
		Unmerged|Mixed Platforms = Unmerged|Mixed Platforms
		Unmerged|x86 = Unmerged|x86
	EndGlobalSection
	GlobalSection(ProjectConfigurationPlatforms) = postSolution
		{DFE559D0-8A63-4798-83A9-CA781A6D627C}.Debug|Any CPU.ActiveCfg = Debug|Any CPU
		{DFE559D0-8A63-4798-83A9-CA781A6D627C}.Debug|Any CPU.Build.0 = Debug|Any CPU
		{DFE559D0-8A63-4798-83A9-CA781A6D627C}.Debug|Mixed Platforms.ActiveCfg = Debug|Any CPU
		{DFE559D0-8A63-4798-83A9-CA781A6D627C}.Debug|Mixed Platforms.Build.0 = Debug|Any CPU
		{DFE559D0-8A63-4798-83A9-CA781A6D627C}.Debug|x86.ActiveCfg = Debug|Any CPU
		{DFE559D0-8A63-4798-83A9-CA781A6D627C}.Demo|Any CPU.ActiveCfg = Debug|Any CPU
		{DFE559D0-8A63-4798-83A9-CA781A6D627C}.Demo|Any CPU.Build.0 = Debug|Any CPU
		{DFE559D0-8A63-4798-83A9-CA781A6D627C}.Demo|Mixed Platforms.ActiveCfg = Debug|Any CPU
		{DFE559D0-8A63-4798-83A9-CA781A6D627C}.Demo|Mixed Platforms.Build.0 = Debug|Any CPU
		{DFE559D0-8A63-4798-83A9-CA781A6D627C}.Demo|x86.ActiveCfg = Debug|Any CPU
		{DFE559D0-8A63-4798-83A9-CA781A6D627C}.Development|Any CPU.ActiveCfg = Development|Any CPU
		{DFE559D0-8A63-4798-83A9-CA781A6D627C}.Development|Any CPU.Build.0 = Development|Any CPU
		{DFE559D0-8A63-4798-83A9-CA781A6D627C}.Development|Mixed Platforms.ActiveCfg = Development|Any CPU
		{DFE559D0-8A63-4798-83A9-CA781A6D627C}.Development|Mixed Platforms.Build.0 = Development|Any CPU
		{DFE559D0-8A63-4798-83A9-CA781A6D627C}.Development|x86.ActiveCfg = Development|Any CPU
		{DFE559D0-8A63-4798-83A9-CA781A6D627C}.Release|Any CPU.ActiveCfg = Release|Any CPU
		{DFE559D0-8A63-4798-83A9-CA781A6D627C}.Release|Any CPU.Build.0 = Release|Any CPU
		{DFE559D0-8A63-4798-83A9-CA781A6D627C}.Release|Mixed Platforms.ActiveCfg = Release|Any CPU
		{DFE559D0-8A63-4798-83A9-CA781A6D627C}.Release|Mixed Platforms.Build.0 = Release|Any CPU
		{DFE559D0-8A63-4798-83A9-CA781A6D627C}.Release|x86.ActiveCfg = Release|Any CPU
		{DFE559D0-8A63-4798-83A9-CA781A6D627C}.Silverlight|Any CPU.ActiveCfg = Release|Any CPU
		{DFE559D0-8A63-4798-83A9-CA781A6D627C}.Silverlight|Any CPU.Build.0 = Release|Any CPU
		{DFE559D0-8A63-4798-83A9-CA781A6D627C}.Silverlight|Mixed Platforms.ActiveCfg = Release|Any CPU
		{DFE559D0-8A63-4798-83A9-CA781A6D627C}.Silverlight|Mixed Platforms.Build.0 = Release|Any CPU
		{DFE559D0-8A63-4798-83A9-CA781A6D627C}.Silverlight|x86.ActiveCfg = Release|Any CPU
		{DFE559D0-8A63-4798-83A9-CA781A6D627C}.Unmerged|Any CPU.ActiveCfg = Release|Any CPU
		{DFE559D0-8A63-4798-83A9-CA781A6D627C}.Unmerged|Any CPU.Build.0 = Release|Any CPU
		{DFE559D0-8A63-4798-83A9-CA781A6D627C}.Unmerged|Mixed Platforms.ActiveCfg = Release|Any CPU
		{DFE559D0-8A63-4798-83A9-CA781A6D627C}.Unmerged|Mixed Platforms.Build.0 = Release|Any CPU
		{DFE559D0-8A63-4798-83A9-CA781A6D627C}.Unmerged|x86.ActiveCfg = Release|Any CPU
		{CB367053-4CC6-4F58-BD6B-434FF601D765}.Debug|Any CPU.ActiveCfg = Debug|Any CPU
		{CB367053-4CC6-4F58-BD6B-434FF601D765}.Debug|Any CPU.Build.0 = Debug|Any CPU
		{CB367053-4CC6-4F58-BD6B-434FF601D765}.Debug|Mixed Platforms.ActiveCfg = Debug|Any CPU
		{CB367053-4CC6-4F58-BD6B-434FF601D765}.Debug|Mixed Platforms.Build.0 = Debug|Any CPU
		{CB367053-4CC6-4F58-BD6B-434FF601D765}.Debug|x86.ActiveCfg = Debug|Any CPU
		{CB367053-4CC6-4F58-BD6B-434FF601D765}.Demo|Any CPU.ActiveCfg = Debug|Any CPU
		{CB367053-4CC6-4F58-BD6B-434FF601D765}.Demo|Any CPU.Build.0 = Debug|Any CPU
		{CB367053-4CC6-4F58-BD6B-434FF601D765}.Demo|Mixed Platforms.ActiveCfg = Debug|Any CPU
		{CB367053-4CC6-4F58-BD6B-434FF601D765}.Demo|Mixed Platforms.Build.0 = Debug|Any CPU
		{CB367053-4CC6-4F58-BD6B-434FF601D765}.Demo|x86.ActiveCfg = Debug|Any CPU
		{CB367053-4CC6-4F58-BD6B-434FF601D765}.Development|Any CPU.ActiveCfg = Development|Any CPU
		{CB367053-4CC6-4F58-BD6B-434FF601D765}.Development|Any CPU.Build.0 = Development|Any CPU
		{CB367053-4CC6-4F58-BD6B-434FF601D765}.Development|Mixed Platforms.ActiveCfg = Development|Any CPU
		{CB367053-4CC6-4F58-BD6B-434FF601D765}.Development|Mixed Platforms.Build.0 = Development|Any CPU
		{CB367053-4CC6-4F58-BD6B-434FF601D765}.Development|x86.ActiveCfg = Development|Any CPU
		{CB367053-4CC6-4F58-BD6B-434FF601D765}.Release|Any CPU.ActiveCfg = Release|Any CPU
		{CB367053-4CC6-4F58-BD6B-434FF601D765}.Release|Any CPU.Build.0 = Release|Any CPU
		{CB367053-4CC6-4F58-BD6B-434FF601D765}.Release|Mixed Platforms.ActiveCfg = Release|Any CPU
		{CB367053-4CC6-4F58-BD6B-434FF601D765}.Release|Mixed Platforms.Build.0 = Release|Any CPU
		{CB367053-4CC6-4F58-BD6B-434FF601D765}.Release|x86.ActiveCfg = Release|Any CPU
		{CB367053-4CC6-4F58-BD6B-434FF601D765}.Silverlight|Any CPU.ActiveCfg = Release|Any CPU
		{CB367053-4CC6-4F58-BD6B-434FF601D765}.Silverlight|Any CPU.Build.0 = Release|Any CPU
		{CB367053-4CC6-4F58-BD6B-434FF601D765}.Silverlight|Mixed Platforms.ActiveCfg = Release|Any CPU
		{CB367053-4CC6-4F58-BD6B-434FF601D765}.Silverlight|Mixed Platforms.Build.0 = Release|Any CPU
		{CB367053-4CC6-4F58-BD6B-434FF601D765}.Silverlight|x86.ActiveCfg = Release|Any CPU
		{CB367053-4CC6-4F58-BD6B-434FF601D765}.Unmerged|Any CPU.ActiveCfg = Release|Any CPU
		{CB367053-4CC6-4F58-BD6B-434FF601D765}.Unmerged|Any CPU.Build.0 = Release|Any CPU
		{CB367053-4CC6-4F58-BD6B-434FF601D765}.Unmerged|Mixed Platforms.ActiveCfg = Release|Any CPU
		{CB367053-4CC6-4F58-BD6B-434FF601D765}.Unmerged|Mixed Platforms.Build.0 = Release|Any CPU
		{CB367053-4CC6-4F58-BD6B-434FF601D765}.Unmerged|x86.ActiveCfg = Release|Any CPU
		{5F7BC676-C3BA-4705-8A40-DBFF382F7DAA}.Debug|Any CPU.ActiveCfg = Debug|Any CPU
		{5F7BC676-C3BA-4705-8A40-DBFF382F7DAA}.Debug|Any CPU.Build.0 = Debug|Any CPU
		{5F7BC676-C3BA-4705-8A40-DBFF382F7DAA}.Debug|Mixed Platforms.ActiveCfg = Debug|Any CPU
		{5F7BC676-C3BA-4705-8A40-DBFF382F7DAA}.Debug|Mixed Platforms.Build.0 = Debug|Any CPU
		{5F7BC676-C3BA-4705-8A40-DBFF382F7DAA}.Debug|x86.ActiveCfg = Debug|Any CPU
		{5F7BC676-C3BA-4705-8A40-DBFF382F7DAA}.Demo|Any CPU.ActiveCfg = Debug|Any CPU
		{5F7BC676-C3BA-4705-8A40-DBFF382F7DAA}.Demo|Any CPU.Build.0 = Debug|Any CPU
		{5F7BC676-C3BA-4705-8A40-DBFF382F7DAA}.Demo|Mixed Platforms.ActiveCfg = Debug|Any CPU
		{5F7BC676-C3BA-4705-8A40-DBFF382F7DAA}.Demo|Mixed Platforms.Build.0 = Debug|Any CPU
		{5F7BC676-C3BA-4705-8A40-DBFF382F7DAA}.Demo|x86.ActiveCfg = Debug|Any CPU
		{5F7BC676-C3BA-4705-8A40-DBFF382F7DAA}.Development|Any CPU.ActiveCfg = Development|Any CPU
		{5F7BC676-C3BA-4705-8A40-DBFF382F7DAA}.Development|Any CPU.Build.0 = Development|Any CPU
		{5F7BC676-C3BA-4705-8A40-DBFF382F7DAA}.Development|Mixed Platforms.ActiveCfg = Development|Any CPU
		{5F7BC676-C3BA-4705-8A40-DBFF382F7DAA}.Development|Mixed Platforms.Build.0 = Development|Any CPU
		{5F7BC676-C3BA-4705-8A40-DBFF382F7DAA}.Development|x86.ActiveCfg = Development|Any CPU
		{5F7BC676-C3BA-4705-8A40-DBFF382F7DAA}.Release|Any CPU.ActiveCfg = Release|Any CPU
		{5F7BC676-C3BA-4705-8A40-DBFF382F7DAA}.Release|Any CPU.Build.0 = Release|Any CPU
		{5F7BC676-C3BA-4705-8A40-DBFF382F7DAA}.Release|Mixed Platforms.ActiveCfg = Release|Any CPU
		{5F7BC676-C3BA-4705-8A40-DBFF382F7DAA}.Release|Mixed Platforms.Build.0 = Release|Any CPU
		{5F7BC676-C3BA-4705-8A40-DBFF382F7DAA}.Release|x86.ActiveCfg = Release|Any CPU
		{5F7BC676-C3BA-4705-8A40-DBFF382F7DAA}.Silverlight|Any CPU.ActiveCfg = Release|Any CPU
		{5F7BC676-C3BA-4705-8A40-DBFF382F7DAA}.Silverlight|Any CPU.Build.0 = Release|Any CPU
		{5F7BC676-C3BA-4705-8A40-DBFF382F7DAA}.Silverlight|Mixed Platforms.ActiveCfg = Release|Any CPU
		{5F7BC676-C3BA-4705-8A40-DBFF382F7DAA}.Silverlight|Mixed Platforms.Build.0 = Release|Any CPU
		{5F7BC676-C3BA-4705-8A40-DBFF382F7DAA}.Silverlight|x86.ActiveCfg = Release|Any CPU
		{5F7BC676-C3BA-4705-8A40-DBFF382F7DAA}.Unmerged|Any CPU.ActiveCfg = Release|Any CPU
		{5F7BC676-C3BA-4705-8A40-DBFF382F7DAA}.Unmerged|Any CPU.Build.0 = Release|Any CPU
		{5F7BC676-C3BA-4705-8A40-DBFF382F7DAA}.Unmerged|Mixed Platforms.ActiveCfg = Release|Any CPU
		{5F7BC676-C3BA-4705-8A40-DBFF382F7DAA}.Unmerged|Mixed Platforms.Build.0 = Release|Any CPU
		{5F7BC676-C3BA-4705-8A40-DBFF382F7DAA}.Unmerged|x86.ActiveCfg = Release|Any CPU
		{2A11B3F6-CBDF-463C-A507-5694AA5236BC}.Debug|Any CPU.ActiveCfg = Debug|Any CPU
		{2A11B3F6-CBDF-463C-A507-5694AA5236BC}.Debug|Any CPU.Build.0 = Debug|Any CPU
		{2A11B3F6-CBDF-463C-A507-5694AA5236BC}.Debug|Mixed Platforms.ActiveCfg = Debug|Any CPU
		{2A11B3F6-CBDF-463C-A507-5694AA5236BC}.Debug|Mixed Platforms.Build.0 = Debug|Any CPU
		{2A11B3F6-CBDF-463C-A507-5694AA5236BC}.Debug|x86.ActiveCfg = Debug|Any CPU
		{2A11B3F6-CBDF-463C-A507-5694AA5236BC}.Demo|Any CPU.ActiveCfg = Debug|Any CPU
		{2A11B3F6-CBDF-463C-A507-5694AA5236BC}.Demo|Any CPU.Build.0 = Debug|Any CPU
		{2A11B3F6-CBDF-463C-A507-5694AA5236BC}.Demo|Mixed Platforms.ActiveCfg = Debug|Any CPU
		{2A11B3F6-CBDF-463C-A507-5694AA5236BC}.Demo|Mixed Platforms.Build.0 = Debug|Any CPU
		{2A11B3F6-CBDF-463C-A507-5694AA5236BC}.Demo|x86.ActiveCfg = Debug|Any CPU
		{2A11B3F6-CBDF-463C-A507-5694AA5236BC}.Development|Any CPU.ActiveCfg = Development|Any CPU
		{2A11B3F6-CBDF-463C-A507-5694AA5236BC}.Development|Any CPU.Build.0 = Development|Any CPU
		{2A11B3F6-CBDF-463C-A507-5694AA5236BC}.Development|Mixed Platforms.ActiveCfg = Development|Any CPU
		{2A11B3F6-CBDF-463C-A507-5694AA5236BC}.Development|Mixed Platforms.Build.0 = Development|Any CPU
		{2A11B3F6-CBDF-463C-A507-5694AA5236BC}.Development|x86.ActiveCfg = Development|Any CPU
		{2A11B3F6-CBDF-463C-A507-5694AA5236BC}.Release|Any CPU.ActiveCfg = Release|Any CPU
		{2A11B3F6-CBDF-463C-A507-5694AA5236BC}.Release|Any CPU.Build.0 = Release|Any CPU
		{2A11B3F6-CBDF-463C-A507-5694AA5236BC}.Release|Mixed Platforms.ActiveCfg = Release|Any CPU
		{2A11B3F6-CBDF-463C-A507-5694AA5236BC}.Release|Mixed Platforms.Build.0 = Release|Any CPU
		{2A11B3F6-CBDF-463C-A507-5694AA5236BC}.Release|x86.ActiveCfg = Release|Any CPU
		{2A11B3F6-CBDF-463C-A507-5694AA5236BC}.Silverlight|Any CPU.ActiveCfg = Release|Any CPU
		{2A11B3F6-CBDF-463C-A507-5694AA5236BC}.Silverlight|Any CPU.Build.0 = Release|Any CPU
		{2A11B3F6-CBDF-463C-A507-5694AA5236BC}.Silverlight|Mixed Platforms.ActiveCfg = Release|Any CPU
		{2A11B3F6-CBDF-463C-A507-5694AA5236BC}.Silverlight|Mixed Platforms.Build.0 = Release|Any CPU
		{2A11B3F6-CBDF-463C-A507-5694AA5236BC}.Silverlight|x86.ActiveCfg = Release|Any CPU
		{2A11B3F6-CBDF-463C-A507-5694AA5236BC}.Unmerged|Any CPU.ActiveCfg = Release|Any CPU
		{2A11B3F6-CBDF-463C-A507-5694AA5236BC}.Unmerged|Any CPU.Build.0 = Release|Any CPU
		{2A11B3F6-CBDF-463C-A507-5694AA5236BC}.Unmerged|Mixed Platforms.ActiveCfg = Release|Any CPU
		{2A11B3F6-CBDF-463C-A507-5694AA5236BC}.Unmerged|Mixed Platforms.Build.0 = Release|Any CPU
		{2A11B3F6-CBDF-463C-A507-5694AA5236BC}.Unmerged|x86.ActiveCfg = Release|Any CPU
		{6D7C4F20-D3EA-460F-820D-BC7B9048DCFF}.Debug|Any CPU.ActiveCfg = Debug|Any CPU
		{6D7C4F20-D3EA-460F-820D-BC7B9048DCFF}.Debug|Any CPU.Build.0 = Debug|Any CPU
		{6D7C4F20-D3EA-460F-820D-BC7B9048DCFF}.Debug|Mixed Platforms.ActiveCfg = Debug|Any CPU
		{6D7C4F20-D3EA-460F-820D-BC7B9048DCFF}.Debug|Mixed Platforms.Build.0 = Debug|Any CPU
		{6D7C4F20-D3EA-460F-820D-BC7B9048DCFF}.Debug|x86.ActiveCfg = Debug|Any CPU
		{6D7C4F20-D3EA-460F-820D-BC7B9048DCFF}.Demo|Any CPU.ActiveCfg = Debug|Any CPU
		{6D7C4F20-D3EA-460F-820D-BC7B9048DCFF}.Demo|Any CPU.Build.0 = Debug|Any CPU
		{6D7C4F20-D3EA-460F-820D-BC7B9048DCFF}.Demo|Mixed Platforms.ActiveCfg = Debug|Any CPU
		{6D7C4F20-D3EA-460F-820D-BC7B9048DCFF}.Demo|Mixed Platforms.Build.0 = Debug|Any CPU
		{6D7C4F20-D3EA-460F-820D-BC7B9048DCFF}.Demo|x86.ActiveCfg = Debug|Any CPU
		{6D7C4F20-D3EA-460F-820D-BC7B9048DCFF}.Development|Any CPU.ActiveCfg = Development|Any CPU
		{6D7C4F20-D3EA-460F-820D-BC7B9048DCFF}.Development|Any CPU.Build.0 = Development|Any CPU
		{6D7C4F20-D3EA-460F-820D-BC7B9048DCFF}.Development|Mixed Platforms.ActiveCfg = Development|Any CPU
		{6D7C4F20-D3EA-460F-820D-BC7B9048DCFF}.Development|Mixed Platforms.Build.0 = Development|Any CPU
		{6D7C4F20-D3EA-460F-820D-BC7B9048DCFF}.Development|x86.ActiveCfg = Development|Any CPU
		{6D7C4F20-D3EA-460F-820D-BC7B9048DCFF}.Release|Any CPU.ActiveCfg = Release|Any CPU
		{6D7C4F20-D3EA-460F-820D-BC7B9048DCFF}.Release|Any CPU.Build.0 = Release|Any CPU
		{6D7C4F20-D3EA-460F-820D-BC7B9048DCFF}.Release|Mixed Platforms.ActiveCfg = Release|Any CPU
		{6D7C4F20-D3EA-460F-820D-BC7B9048DCFF}.Release|Mixed Platforms.Build.0 = Release|Any CPU
		{6D7C4F20-D3EA-460F-820D-BC7B9048DCFF}.Release|x86.ActiveCfg = Release|Any CPU
		{6D7C4F20-D3EA-460F-820D-BC7B9048DCFF}.Silverlight|Any CPU.ActiveCfg = Release|Any CPU
		{6D7C4F20-D3EA-460F-820D-BC7B9048DCFF}.Silverlight|Any CPU.Build.0 = Release|Any CPU
		{6D7C4F20-D3EA-460F-820D-BC7B9048DCFF}.Silverlight|Mixed Platforms.ActiveCfg = Release|Any CPU
		{6D7C4F20-D3EA-460F-820D-BC7B9048DCFF}.Silverlight|Mixed Platforms.Build.0 = Release|Any CPU
		{6D7C4F20-D3EA-460F-820D-BC7B9048DCFF}.Silverlight|x86.ActiveCfg = Release|Any CPU
		{6D7C4F20-D3EA-460F-820D-BC7B9048DCFF}.Unmerged|Any CPU.ActiveCfg = Release|Any CPU
		{6D7C4F20-D3EA-460F-820D-BC7B9048DCFF}.Unmerged|Any CPU.Build.0 = Release|Any CPU
		{6D7C4F20-D3EA-460F-820D-BC7B9048DCFF}.Unmerged|Mixed Platforms.ActiveCfg = Release|Any CPU
		{6D7C4F20-D3EA-460F-820D-BC7B9048DCFF}.Unmerged|Mixed Platforms.Build.0 = Release|Any CPU
		{6D7C4F20-D3EA-460F-820D-BC7B9048DCFF}.Unmerged|x86.ActiveCfg = Release|Any CPU
		{BB61C937-9A6C-45F4-84F2-507A801F8DC9}.Debug|Any CPU.ActiveCfg = Debug|Any CPU
		{BB61C937-9A6C-45F4-84F2-507A801F8DC9}.Debug|Any CPU.Build.0 = Debug|Any CPU
		{BB61C937-9A6C-45F4-84F2-507A801F8DC9}.Debug|Mixed Platforms.ActiveCfg = Debug|Any CPU
		{BB61C937-9A6C-45F4-84F2-507A801F8DC9}.Debug|Mixed Platforms.Build.0 = Debug|Any CPU
		{BB61C937-9A6C-45F4-84F2-507A801F8DC9}.Debug|x86.ActiveCfg = Debug|Any CPU
		{BB61C937-9A6C-45F4-84F2-507A801F8DC9}.Demo|Any CPU.ActiveCfg = Development|Any CPU
		{BB61C937-9A6C-45F4-84F2-507A801F8DC9}.Demo|Any CPU.Build.0 = Development|Any CPU
		{BB61C937-9A6C-45F4-84F2-507A801F8DC9}.Demo|Mixed Platforms.ActiveCfg = Development|Any CPU
		{BB61C937-9A6C-45F4-84F2-507A801F8DC9}.Demo|Mixed Platforms.Build.0 = Development|Any CPU
		{BB61C937-9A6C-45F4-84F2-507A801F8DC9}.Demo|x86.ActiveCfg = Development|Any CPU
		{BB61C937-9A6C-45F4-84F2-507A801F8DC9}.Development|Any CPU.ActiveCfg = Development|Any CPU
		{BB61C937-9A6C-45F4-84F2-507A801F8DC9}.Development|Any CPU.Build.0 = Development|Any CPU
		{BB61C937-9A6C-45F4-84F2-507A801F8DC9}.Development|Mixed Platforms.ActiveCfg = Development|Any CPU
		{BB61C937-9A6C-45F4-84F2-507A801F8DC9}.Development|Mixed Platforms.Build.0 = Development|Any CPU
		{BB61C937-9A6C-45F4-84F2-507A801F8DC9}.Development|x86.ActiveCfg = Development|Any CPU
		{BB61C937-9A6C-45F4-84F2-507A801F8DC9}.Release|Any CPU.ActiveCfg = Release|Any CPU
		{BB61C937-9A6C-45F4-84F2-507A801F8DC9}.Release|Any CPU.Build.0 = Release|Any CPU
		{BB61C937-9A6C-45F4-84F2-507A801F8DC9}.Release|Mixed Platforms.ActiveCfg = Release|Any CPU
		{BB61C937-9A6C-45F4-84F2-507A801F8DC9}.Release|Mixed Platforms.Build.0 = Release|Any CPU
		{BB61C937-9A6C-45F4-84F2-507A801F8DC9}.Release|x86.ActiveCfg = Release|Any CPU
		{BB61C937-9A6C-45F4-84F2-507A801F8DC9}.Silverlight|Any CPU.ActiveCfg = Release|Any CPU
		{BB61C937-9A6C-45F4-84F2-507A801F8DC9}.Silverlight|Any CPU.Build.0 = Release|Any CPU
		{BB61C937-9A6C-45F4-84F2-507A801F8DC9}.Silverlight|Mixed Platforms.ActiveCfg = Release|Any CPU
		{BB61C937-9A6C-45F4-84F2-507A801F8DC9}.Silverlight|Mixed Platforms.Build.0 = Release|Any CPU
		{BB61C937-9A6C-45F4-84F2-507A801F8DC9}.Silverlight|x86.ActiveCfg = Release|Any CPU
		{BB61C937-9A6C-45F4-84F2-507A801F8DC9}.Unmerged|Any CPU.ActiveCfg = Release|Any CPU
		{BB61C937-9A6C-45F4-84F2-507A801F8DC9}.Unmerged|Any CPU.Build.0 = Release|Any CPU
		{BB61C937-9A6C-45F4-84F2-507A801F8DC9}.Unmerged|Mixed Platforms.ActiveCfg = Release|Any CPU
		{BB61C937-9A6C-45F4-84F2-507A801F8DC9}.Unmerged|Mixed Platforms.Build.0 = Release|Any CPU
		{BB61C937-9A6C-45F4-84F2-507A801F8DC9}.Unmerged|x86.ActiveCfg = Release|Any CPU
		{F6F5879C-61DD-4CFC-9F57-7356648DEE77}.Debug|Any CPU.ActiveCfg = Debug|Any CPU
		{F6F5879C-61DD-4CFC-9F57-7356648DEE77}.Debug|Any CPU.Build.0 = Debug|Any CPU
		{F6F5879C-61DD-4CFC-9F57-7356648DEE77}.Debug|Mixed Platforms.ActiveCfg = Debug|Any CPU
		{F6F5879C-61DD-4CFC-9F57-7356648DEE77}.Debug|Mixed Platforms.Build.0 = Debug|Any CPU
		{F6F5879C-61DD-4CFC-9F57-7356648DEE77}.Debug|x86.ActiveCfg = Debug|Any CPU
		{F6F5879C-61DD-4CFC-9F57-7356648DEE77}.Demo|Any CPU.ActiveCfg = Debug|Any CPU
		{F6F5879C-61DD-4CFC-9F57-7356648DEE77}.Demo|Any CPU.Build.0 = Debug|Any CPU
		{F6F5879C-61DD-4CFC-9F57-7356648DEE77}.Demo|Mixed Platforms.ActiveCfg = Debug|Any CPU
		{F6F5879C-61DD-4CFC-9F57-7356648DEE77}.Demo|Mixed Platforms.Build.0 = Debug|Any CPU
		{F6F5879C-61DD-4CFC-9F57-7356648DEE77}.Demo|x86.ActiveCfg = Debug|Any CPU
		{F6F5879C-61DD-4CFC-9F57-7356648DEE77}.Development|Any CPU.ActiveCfg = Development|Any CPU
		{F6F5879C-61DD-4CFC-9F57-7356648DEE77}.Development|Any CPU.Build.0 = Development|Any CPU
		{F6F5879C-61DD-4CFC-9F57-7356648DEE77}.Development|Mixed Platforms.ActiveCfg = Development|Any CPU
		{F6F5879C-61DD-4CFC-9F57-7356648DEE77}.Development|Mixed Platforms.Build.0 = Development|Any CPU
		{F6F5879C-61DD-4CFC-9F57-7356648DEE77}.Development|x86.ActiveCfg = Development|Any CPU
		{F6F5879C-61DD-4CFC-9F57-7356648DEE77}.Release|Any CPU.ActiveCfg = Release|Any CPU
		{F6F5879C-61DD-4CFC-9F57-7356648DEE77}.Release|Any CPU.Build.0 = Release|Any CPU
		{F6F5879C-61DD-4CFC-9F57-7356648DEE77}.Release|Mixed Platforms.ActiveCfg = Release|Any CPU
		{F6F5879C-61DD-4CFC-9F57-7356648DEE77}.Release|Mixed Platforms.Build.0 = Release|Any CPU
		{F6F5879C-61DD-4CFC-9F57-7356648DEE77}.Release|x86.ActiveCfg = Release|Any CPU
		{F6F5879C-61DD-4CFC-9F57-7356648DEE77}.Silverlight|Any CPU.ActiveCfg = Release|Any CPU
		{F6F5879C-61DD-4CFC-9F57-7356648DEE77}.Silverlight|Any CPU.Build.0 = Release|Any CPU
		{F6F5879C-61DD-4CFC-9F57-7356648DEE77}.Silverlight|Mixed Platforms.ActiveCfg = Release|Any CPU
		{F6F5879C-61DD-4CFC-9F57-7356648DEE77}.Silverlight|Mixed Platforms.Build.0 = Release|Any CPU
		{F6F5879C-61DD-4CFC-9F57-7356648DEE77}.Silverlight|x86.ActiveCfg = Release|Any CPU
		{F6F5879C-61DD-4CFC-9F57-7356648DEE77}.Unmerged|Any CPU.ActiveCfg = Release|Any CPU
		{F6F5879C-61DD-4CFC-9F57-7356648DEE77}.Unmerged|Any CPU.Build.0 = Release|Any CPU
		{F6F5879C-61DD-4CFC-9F57-7356648DEE77}.Unmerged|Mixed Platforms.ActiveCfg = Release|Any CPU
		{F6F5879C-61DD-4CFC-9F57-7356648DEE77}.Unmerged|Mixed Platforms.Build.0 = Release|Any CPU
		{F6F5879C-61DD-4CFC-9F57-7356648DEE77}.Unmerged|x86.ActiveCfg = Release|Any CPU
		{447A45A1-DC27-4F4B-8BAD-282AD94AC45B}.Debug|Any CPU.ActiveCfg = Debug|Any CPU
		{447A45A1-DC27-4F4B-8BAD-282AD94AC45B}.Debug|Any CPU.Build.0 = Debug|Any CPU
		{447A45A1-DC27-4F4B-8BAD-282AD94AC45B}.Debug|Mixed Platforms.ActiveCfg = Debug|Any CPU
		{447A45A1-DC27-4F4B-8BAD-282AD94AC45B}.Debug|Mixed Platforms.Build.0 = Debug|Any CPU
		{447A45A1-DC27-4F4B-8BAD-282AD94AC45B}.Debug|x86.ActiveCfg = Debug|Any CPU
		{447A45A1-DC27-4F4B-8BAD-282AD94AC45B}.Demo|Any CPU.ActiveCfg = Development|Any CPU
		{447A45A1-DC27-4F4B-8BAD-282AD94AC45B}.Demo|Any CPU.Build.0 = Development|Any CPU
		{447A45A1-DC27-4F4B-8BAD-282AD94AC45B}.Demo|Mixed Platforms.ActiveCfg = Development|Any CPU
		{447A45A1-DC27-4F4B-8BAD-282AD94AC45B}.Demo|Mixed Platforms.Build.0 = Development|Any CPU
		{447A45A1-DC27-4F4B-8BAD-282AD94AC45B}.Demo|x86.ActiveCfg = Development|Any CPU
		{447A45A1-DC27-4F4B-8BAD-282AD94AC45B}.Development|Any CPU.ActiveCfg = Development|Any CPU
		{447A45A1-DC27-4F4B-8BAD-282AD94AC45B}.Development|Any CPU.Build.0 = Development|Any CPU
		{447A45A1-DC27-4F4B-8BAD-282AD94AC45B}.Development|Mixed Platforms.ActiveCfg = Development|Any CPU
		{447A45A1-DC27-4F4B-8BAD-282AD94AC45B}.Development|Mixed Platforms.Build.0 = Development|Any CPU
		{447A45A1-DC27-4F4B-8BAD-282AD94AC45B}.Development|x86.ActiveCfg = Development|Any CPU
		{447A45A1-DC27-4F4B-8BAD-282AD94AC45B}.Release|Any CPU.ActiveCfg = Release|Any CPU
		{447A45A1-DC27-4F4B-8BAD-282AD94AC45B}.Release|Any CPU.Build.0 = Release|Any CPU
		{447A45A1-DC27-4F4B-8BAD-282AD94AC45B}.Release|Mixed Platforms.ActiveCfg = Release|Any CPU
		{447A45A1-DC27-4F4B-8BAD-282AD94AC45B}.Release|Mixed Platforms.Build.0 = Release|Any CPU
		{447A45A1-DC27-4F4B-8BAD-282AD94AC45B}.Release|x86.ActiveCfg = Release|Any CPU
		{447A45A1-DC27-4F4B-8BAD-282AD94AC45B}.Silverlight|Any CPU.ActiveCfg = Release|Any CPU
		{447A45A1-DC27-4F4B-8BAD-282AD94AC45B}.Silverlight|Any CPU.Build.0 = Release|Any CPU
		{447A45A1-DC27-4F4B-8BAD-282AD94AC45B}.Silverlight|Mixed Platforms.ActiveCfg = Release|Any CPU
		{447A45A1-DC27-4F4B-8BAD-282AD94AC45B}.Silverlight|Mixed Platforms.Build.0 = Release|Any CPU
		{447A45A1-DC27-4F4B-8BAD-282AD94AC45B}.Silverlight|x86.ActiveCfg = Release|Any CPU
		{447A45A1-DC27-4F4B-8BAD-282AD94AC45B}.Unmerged|Any CPU.ActiveCfg = Release|Any CPU
		{447A45A1-DC27-4F4B-8BAD-282AD94AC45B}.Unmerged|Any CPU.Build.0 = Release|Any CPU
		{447A45A1-DC27-4F4B-8BAD-282AD94AC45B}.Unmerged|Mixed Platforms.ActiveCfg = Release|Any CPU
		{447A45A1-DC27-4F4B-8BAD-282AD94AC45B}.Unmerged|Mixed Platforms.Build.0 = Release|Any CPU
		{447A45A1-DC27-4F4B-8BAD-282AD94AC45B}.Unmerged|x86.ActiveCfg = Release|Any CPU
		{9D4DDDC6-21B0-4A9A-92A5-3136E53F02B4}.Debug|Any CPU.ActiveCfg = Debug|Any CPU
		{9D4DDDC6-21B0-4A9A-92A5-3136E53F02B4}.Debug|Any CPU.Build.0 = Debug|Any CPU
		{9D4DDDC6-21B0-4A9A-92A5-3136E53F02B4}.Debug|Mixed Platforms.ActiveCfg = Debug|Any CPU
		{9D4DDDC6-21B0-4A9A-92A5-3136E53F02B4}.Debug|Mixed Platforms.Build.0 = Debug|Any CPU
		{9D4DDDC6-21B0-4A9A-92A5-3136E53F02B4}.Debug|x86.ActiveCfg = Debug|Any CPU
		{9D4DDDC6-21B0-4A9A-92A5-3136E53F02B4}.Demo|Any CPU.ActiveCfg = Debug|Any CPU
		{9D4DDDC6-21B0-4A9A-92A5-3136E53F02B4}.Demo|Any CPU.Build.0 = Debug|Any CPU
		{9D4DDDC6-21B0-4A9A-92A5-3136E53F02B4}.Demo|Mixed Platforms.ActiveCfg = Debug|Any CPU
		{9D4DDDC6-21B0-4A9A-92A5-3136E53F02B4}.Demo|Mixed Platforms.Build.0 = Debug|Any CPU
		{9D4DDDC6-21B0-4A9A-92A5-3136E53F02B4}.Demo|x86.ActiveCfg = Debug|Any CPU
		{9D4DDDC6-21B0-4A9A-92A5-3136E53F02B4}.Development|Any CPU.ActiveCfg = Development|Any CPU
		{9D4DDDC6-21B0-4A9A-92A5-3136E53F02B4}.Development|Any CPU.Build.0 = Development|Any CPU
		{9D4DDDC6-21B0-4A9A-92A5-3136E53F02B4}.Development|Mixed Platforms.ActiveCfg = Development|Any CPU
		{9D4DDDC6-21B0-4A9A-92A5-3136E53F02B4}.Development|Mixed Platforms.Build.0 = Development|Any CPU
		{9D4DDDC6-21B0-4A9A-92A5-3136E53F02B4}.Development|x86.ActiveCfg = Development|Any CPU
		{9D4DDDC6-21B0-4A9A-92A5-3136E53F02B4}.Release|Any CPU.ActiveCfg = Release|Any CPU
		{9D4DDDC6-21B0-4A9A-92A5-3136E53F02B4}.Release|Any CPU.Build.0 = Release|Any CPU
		{9D4DDDC6-21B0-4A9A-92A5-3136E53F02B4}.Release|Mixed Platforms.ActiveCfg = Release|Any CPU
		{9D4DDDC6-21B0-4A9A-92A5-3136E53F02B4}.Release|Mixed Platforms.Build.0 = Release|Any CPU
		{9D4DDDC6-21B0-4A9A-92A5-3136E53F02B4}.Release|x86.ActiveCfg = Release|Any CPU
		{9D4DDDC6-21B0-4A9A-92A5-3136E53F02B4}.Silverlight|Any CPU.ActiveCfg = Release|Any CPU
		{9D4DDDC6-21B0-4A9A-92A5-3136E53F02B4}.Silverlight|Any CPU.Build.0 = Release|Any CPU
		{9D4DDDC6-21B0-4A9A-92A5-3136E53F02B4}.Silverlight|Mixed Platforms.ActiveCfg = Release|Any CPU
		{9D4DDDC6-21B0-4A9A-92A5-3136E53F02B4}.Silverlight|Mixed Platforms.Build.0 = Release|Any CPU
		{9D4DDDC6-21B0-4A9A-92A5-3136E53F02B4}.Silverlight|x86.ActiveCfg = Release|Any CPU
		{9D4DDDC6-21B0-4A9A-92A5-3136E53F02B4}.Unmerged|Any CPU.ActiveCfg = Release|Any CPU
		{9D4DDDC6-21B0-4A9A-92A5-3136E53F02B4}.Unmerged|Any CPU.Build.0 = Release|Any CPU
		{9D4DDDC6-21B0-4A9A-92A5-3136E53F02B4}.Unmerged|Mixed Platforms.ActiveCfg = Release|Any CPU
		{9D4DDDC6-21B0-4A9A-92A5-3136E53F02B4}.Unmerged|Mixed Platforms.Build.0 = Release|Any CPU
		{9D4DDDC6-21B0-4A9A-92A5-3136E53F02B4}.Unmerged|x86.ActiveCfg = Release|Any CPU
		{1FA8B487-2B83-4B2E-8A70-1D3AB83DE774}.Debug|Any CPU.ActiveCfg = Debug|Any CPU
		{1FA8B487-2B83-4B2E-8A70-1D3AB83DE774}.Debug|Any CPU.Build.0 = Debug|Any CPU
		{1FA8B487-2B83-4B2E-8A70-1D3AB83DE774}.Debug|Mixed Platforms.ActiveCfg = Debug|Any CPU
		{1FA8B487-2B83-4B2E-8A70-1D3AB83DE774}.Debug|Mixed Platforms.Build.0 = Debug|Any CPU
		{1FA8B487-2B83-4B2E-8A70-1D3AB83DE774}.Debug|x86.ActiveCfg = Debug|Any CPU
		{1FA8B487-2B83-4B2E-8A70-1D3AB83DE774}.Demo|Any CPU.ActiveCfg = Development|Any CPU
		{1FA8B487-2B83-4B2E-8A70-1D3AB83DE774}.Demo|Any CPU.Build.0 = Development|Any CPU
		{1FA8B487-2B83-4B2E-8A70-1D3AB83DE774}.Demo|Mixed Platforms.ActiveCfg = Development|Any CPU
		{1FA8B487-2B83-4B2E-8A70-1D3AB83DE774}.Demo|Mixed Platforms.Build.0 = Development|Any CPU
		{1FA8B487-2B83-4B2E-8A70-1D3AB83DE774}.Demo|x86.ActiveCfg = Development|Any CPU
		{1FA8B487-2B83-4B2E-8A70-1D3AB83DE774}.Development|Any CPU.ActiveCfg = Development|Any CPU
		{1FA8B487-2B83-4B2E-8A70-1D3AB83DE774}.Development|Any CPU.Build.0 = Development|Any CPU
		{1FA8B487-2B83-4B2E-8A70-1D3AB83DE774}.Development|Mixed Platforms.ActiveCfg = Development|Any CPU
		{1FA8B487-2B83-4B2E-8A70-1D3AB83DE774}.Development|Mixed Platforms.Build.0 = Development|Any CPU
		{1FA8B487-2B83-4B2E-8A70-1D3AB83DE774}.Development|x86.ActiveCfg = Development|Any CPU
		{1FA8B487-2B83-4B2E-8A70-1D3AB83DE774}.Release|Any CPU.ActiveCfg = Release|Any CPU
		{1FA8B487-2B83-4B2E-8A70-1D3AB83DE774}.Release|Any CPU.Build.0 = Release|Any CPU
		{1FA8B487-2B83-4B2E-8A70-1D3AB83DE774}.Release|Mixed Platforms.ActiveCfg = Release|Any CPU
		{1FA8B487-2B83-4B2E-8A70-1D3AB83DE774}.Release|Mixed Platforms.Build.0 = Release|Any CPU
		{1FA8B487-2B83-4B2E-8A70-1D3AB83DE774}.Release|x86.ActiveCfg = Release|Any CPU
		{1FA8B487-2B83-4B2E-8A70-1D3AB83DE774}.Silverlight|Any CPU.ActiveCfg = Release|Any CPU
		{1FA8B487-2B83-4B2E-8A70-1D3AB83DE774}.Silverlight|Any CPU.Build.0 = Release|Any CPU
		{1FA8B487-2B83-4B2E-8A70-1D3AB83DE774}.Silverlight|Mixed Platforms.ActiveCfg = Release|Any CPU
		{1FA8B487-2B83-4B2E-8A70-1D3AB83DE774}.Silverlight|Mixed Platforms.Build.0 = Release|Any CPU
		{1FA8B487-2B83-4B2E-8A70-1D3AB83DE774}.Silverlight|x86.ActiveCfg = Release|Any CPU
		{1FA8B487-2B83-4B2E-8A70-1D3AB83DE774}.Unmerged|Any CPU.ActiveCfg = Release|Any CPU
		{1FA8B487-2B83-4B2E-8A70-1D3AB83DE774}.Unmerged|Any CPU.Build.0 = Release|Any CPU
		{1FA8B487-2B83-4B2E-8A70-1D3AB83DE774}.Unmerged|Mixed Platforms.ActiveCfg = Release|Any CPU
		{1FA8B487-2B83-4B2E-8A70-1D3AB83DE774}.Unmerged|Mixed Platforms.Build.0 = Release|Any CPU
		{1FA8B487-2B83-4B2E-8A70-1D3AB83DE774}.Unmerged|x86.ActiveCfg = Release|Any CPU
		{DDC65B9C-20CC-4ECA-82A9-DC98D78CC12A}.Debug|Any CPU.ActiveCfg = Debug|Any CPU
		{DDC65B9C-20CC-4ECA-82A9-DC98D78CC12A}.Debug|Any CPU.Build.0 = Debug|Any CPU
		{DDC65B9C-20CC-4ECA-82A9-DC98D78CC12A}.Debug|Mixed Platforms.ActiveCfg = Debug|Any CPU
		{DDC65B9C-20CC-4ECA-82A9-DC98D78CC12A}.Debug|Mixed Platforms.Build.0 = Debug|Any CPU
		{DDC65B9C-20CC-4ECA-82A9-DC98D78CC12A}.Debug|x86.ActiveCfg = Debug|Any CPU
		{DDC65B9C-20CC-4ECA-82A9-DC98D78CC12A}.Demo|Any CPU.ActiveCfg = Debug|Any CPU
		{DDC65B9C-20CC-4ECA-82A9-DC98D78CC12A}.Demo|Any CPU.Build.0 = Debug|Any CPU
		{DDC65B9C-20CC-4ECA-82A9-DC98D78CC12A}.Demo|Mixed Platforms.ActiveCfg = Debug|Any CPU
		{DDC65B9C-20CC-4ECA-82A9-DC98D78CC12A}.Demo|Mixed Platforms.Build.0 = Debug|Any CPU
		{DDC65B9C-20CC-4ECA-82A9-DC98D78CC12A}.Demo|x86.ActiveCfg = Debug|Any CPU
		{DDC65B9C-20CC-4ECA-82A9-DC98D78CC12A}.Development|Any CPU.ActiveCfg = Development|Any CPU
		{DDC65B9C-20CC-4ECA-82A9-DC98D78CC12A}.Development|Any CPU.Build.0 = Development|Any CPU
		{DDC65B9C-20CC-4ECA-82A9-DC98D78CC12A}.Development|Mixed Platforms.ActiveCfg = Development|Any CPU
		{DDC65B9C-20CC-4ECA-82A9-DC98D78CC12A}.Development|Mixed Platforms.Build.0 = Development|Any CPU
		{DDC65B9C-20CC-4ECA-82A9-DC98D78CC12A}.Development|x86.ActiveCfg = Development|Any CPU
		{DDC65B9C-20CC-4ECA-82A9-DC98D78CC12A}.Release|Any CPU.ActiveCfg = Release|Any CPU
		{DDC65B9C-20CC-4ECA-82A9-DC98D78CC12A}.Release|Any CPU.Build.0 = Release|Any CPU
		{DDC65B9C-20CC-4ECA-82A9-DC98D78CC12A}.Release|Mixed Platforms.ActiveCfg = Release|Any CPU
		{DDC65B9C-20CC-4ECA-82A9-DC98D78CC12A}.Release|Mixed Platforms.Build.0 = Release|Any CPU
		{DDC65B9C-20CC-4ECA-82A9-DC98D78CC12A}.Release|x86.ActiveCfg = Release|Any CPU
		{DDC65B9C-20CC-4ECA-82A9-DC98D78CC12A}.Silverlight|Any CPU.ActiveCfg = Release|Any CPU
		{DDC65B9C-20CC-4ECA-82A9-DC98D78CC12A}.Silverlight|Any CPU.Build.0 = Release|Any CPU
		{DDC65B9C-20CC-4ECA-82A9-DC98D78CC12A}.Silverlight|Mixed Platforms.ActiveCfg = Release|Any CPU
		{DDC65B9C-20CC-4ECA-82A9-DC98D78CC12A}.Silverlight|Mixed Platforms.Build.0 = Release|Any CPU
		{DDC65B9C-20CC-4ECA-82A9-DC98D78CC12A}.Silverlight|x86.ActiveCfg = Release|Any CPU
		{DDC65B9C-20CC-4ECA-82A9-DC98D78CC12A}.Unmerged|Any CPU.ActiveCfg = Release|Any CPU
		{DDC65B9C-20CC-4ECA-82A9-DC98D78CC12A}.Unmerged|Any CPU.Build.0 = Release|Any CPU
		{DDC65B9C-20CC-4ECA-82A9-DC98D78CC12A}.Unmerged|Mixed Platforms.ActiveCfg = Release|Any CPU
		{DDC65B9C-20CC-4ECA-82A9-DC98D78CC12A}.Unmerged|Mixed Platforms.Build.0 = Release|Any CPU
		{DDC65B9C-20CC-4ECA-82A9-DC98D78CC12A}.Unmerged|x86.ActiveCfg = Release|Any CPU
		{9264CD9E-3A27-4BC8-AE32-846BFBA0F9CB}.Debug|Any CPU.ActiveCfg = Debug|Any CPU
		{9264CD9E-3A27-4BC8-AE32-846BFBA0F9CB}.Debug|Any CPU.Build.0 = Debug|Any CPU
		{9264CD9E-3A27-4BC8-AE32-846BFBA0F9CB}.Debug|Mixed Platforms.ActiveCfg = Debug|Any CPU
		{9264CD9E-3A27-4BC8-AE32-846BFBA0F9CB}.Debug|Mixed Platforms.Build.0 = Debug|Any CPU
		{9264CD9E-3A27-4BC8-AE32-846BFBA0F9CB}.Debug|x86.ActiveCfg = Debug|Any CPU
		{9264CD9E-3A27-4BC8-AE32-846BFBA0F9CB}.Demo|Any CPU.ActiveCfg = Development|Any CPU
		{9264CD9E-3A27-4BC8-AE32-846BFBA0F9CB}.Demo|Any CPU.Build.0 = Development|Any CPU
		{9264CD9E-3A27-4BC8-AE32-846BFBA0F9CB}.Demo|Mixed Platforms.ActiveCfg = Development|Any CPU
		{9264CD9E-3A27-4BC8-AE32-846BFBA0F9CB}.Demo|Mixed Platforms.Build.0 = Development|Any CPU
		{9264CD9E-3A27-4BC8-AE32-846BFBA0F9CB}.Demo|x86.ActiveCfg = Development|Any CPU
		{9264CD9E-3A27-4BC8-AE32-846BFBA0F9CB}.Development|Any CPU.ActiveCfg = Development|Any CPU
		{9264CD9E-3A27-4BC8-AE32-846BFBA0F9CB}.Development|Any CPU.Build.0 = Development|Any CPU
		{9264CD9E-3A27-4BC8-AE32-846BFBA0F9CB}.Development|Mixed Platforms.ActiveCfg = Development|Any CPU
		{9264CD9E-3A27-4BC8-AE32-846BFBA0F9CB}.Development|Mixed Platforms.Build.0 = Development|Any CPU
		{9264CD9E-3A27-4BC8-AE32-846BFBA0F9CB}.Development|x86.ActiveCfg = Development|Any CPU
		{9264CD9E-3A27-4BC8-AE32-846BFBA0F9CB}.Release|Any CPU.ActiveCfg = Release|Any CPU
		{9264CD9E-3A27-4BC8-AE32-846BFBA0F9CB}.Release|Any CPU.Build.0 = Release|Any CPU
		{9264CD9E-3A27-4BC8-AE32-846BFBA0F9CB}.Release|Mixed Platforms.ActiveCfg = Release|Any CPU
		{9264CD9E-3A27-4BC8-AE32-846BFBA0F9CB}.Release|Mixed Platforms.Build.0 = Release|Any CPU
		{9264CD9E-3A27-4BC8-AE32-846BFBA0F9CB}.Release|x86.ActiveCfg = Release|Any CPU
		{9264CD9E-3A27-4BC8-AE32-846BFBA0F9CB}.Silverlight|Any CPU.ActiveCfg = Release|Any CPU
		{9264CD9E-3A27-4BC8-AE32-846BFBA0F9CB}.Silverlight|Any CPU.Build.0 = Release|Any CPU
		{9264CD9E-3A27-4BC8-AE32-846BFBA0F9CB}.Silverlight|Mixed Platforms.ActiveCfg = Release|Any CPU
		{9264CD9E-3A27-4BC8-AE32-846BFBA0F9CB}.Silverlight|Mixed Platforms.Build.0 = Release|Any CPU
		{9264CD9E-3A27-4BC8-AE32-846BFBA0F9CB}.Silverlight|x86.ActiveCfg = Release|Any CPU
		{9264CD9E-3A27-4BC8-AE32-846BFBA0F9CB}.Unmerged|Any CPU.ActiveCfg = Release|Any CPU
		{9264CD9E-3A27-4BC8-AE32-846BFBA0F9CB}.Unmerged|Any CPU.Build.0 = Release|Any CPU
		{9264CD9E-3A27-4BC8-AE32-846BFBA0F9CB}.Unmerged|Mixed Platforms.ActiveCfg = Release|Any CPU
		{9264CD9E-3A27-4BC8-AE32-846BFBA0F9CB}.Unmerged|Mixed Platforms.Build.0 = Release|Any CPU
		{9264CD9E-3A27-4BC8-AE32-846BFBA0F9CB}.Unmerged|x86.ActiveCfg = Release|Any CPU
		{29F73967-24AC-438D-957E-7FF3EDC6840E}.Debug|Any CPU.ActiveCfg = Debug|Any CPU
		{29F73967-24AC-438D-957E-7FF3EDC6840E}.Debug|Any CPU.Build.0 = Debug|Any CPU
		{29F73967-24AC-438D-957E-7FF3EDC6840E}.Debug|Mixed Platforms.ActiveCfg = Debug|Any CPU
		{29F73967-24AC-438D-957E-7FF3EDC6840E}.Debug|Mixed Platforms.Build.0 = Debug|Any CPU
		{29F73967-24AC-438D-957E-7FF3EDC6840E}.Debug|x86.ActiveCfg = Debug|Any CPU
		{29F73967-24AC-438D-957E-7FF3EDC6840E}.Demo|Any CPU.ActiveCfg = Debug|Any CPU
		{29F73967-24AC-438D-957E-7FF3EDC6840E}.Demo|Any CPU.Build.0 = Debug|Any CPU
		{29F73967-24AC-438D-957E-7FF3EDC6840E}.Demo|Mixed Platforms.ActiveCfg = Debug|Any CPU
		{29F73967-24AC-438D-957E-7FF3EDC6840E}.Demo|Mixed Platforms.Build.0 = Debug|Any CPU
		{29F73967-24AC-438D-957E-7FF3EDC6840E}.Demo|x86.ActiveCfg = Debug|Any CPU
		{29F73967-24AC-438D-957E-7FF3EDC6840E}.Development|Any CPU.ActiveCfg = Development|Any CPU
		{29F73967-24AC-438D-957E-7FF3EDC6840E}.Development|Any CPU.Build.0 = Development|Any CPU
		{29F73967-24AC-438D-957E-7FF3EDC6840E}.Development|Mixed Platforms.ActiveCfg = Development|Any CPU
		{29F73967-24AC-438D-957E-7FF3EDC6840E}.Development|Mixed Platforms.Build.0 = Development|Any CPU
		{29F73967-24AC-438D-957E-7FF3EDC6840E}.Development|x86.ActiveCfg = Development|Any CPU
		{29F73967-24AC-438D-957E-7FF3EDC6840E}.Release|Any CPU.ActiveCfg = Release|Any CPU
		{29F73967-24AC-438D-957E-7FF3EDC6840E}.Release|Any CPU.Build.0 = Release|Any CPU
		{29F73967-24AC-438D-957E-7FF3EDC6840E}.Release|Mixed Platforms.ActiveCfg = Release|Any CPU
		{29F73967-24AC-438D-957E-7FF3EDC6840E}.Release|Mixed Platforms.Build.0 = Release|Any CPU
		{29F73967-24AC-438D-957E-7FF3EDC6840E}.Release|x86.ActiveCfg = Release|Any CPU
		{29F73967-24AC-438D-957E-7FF3EDC6840E}.Silverlight|Any CPU.ActiveCfg = Release|Any CPU
		{29F73967-24AC-438D-957E-7FF3EDC6840E}.Silverlight|Any CPU.Build.0 = Release|Any CPU
		{29F73967-24AC-438D-957E-7FF3EDC6840E}.Silverlight|Mixed Platforms.ActiveCfg = Release|Any CPU
		{29F73967-24AC-438D-957E-7FF3EDC6840E}.Silverlight|Mixed Platforms.Build.0 = Release|Any CPU
		{29F73967-24AC-438D-957E-7FF3EDC6840E}.Silverlight|x86.ActiveCfg = Release|Any CPU
		{29F73967-24AC-438D-957E-7FF3EDC6840E}.Unmerged|Any CPU.ActiveCfg = Release|Any CPU
		{29F73967-24AC-438D-957E-7FF3EDC6840E}.Unmerged|Any CPU.Build.0 = Release|Any CPU
		{29F73967-24AC-438D-957E-7FF3EDC6840E}.Unmerged|Mixed Platforms.ActiveCfg = Release|Any CPU
		{29F73967-24AC-438D-957E-7FF3EDC6840E}.Unmerged|Mixed Platforms.Build.0 = Release|Any CPU
		{29F73967-24AC-438D-957E-7FF3EDC6840E}.Unmerged|x86.ActiveCfg = Release|Any CPU
		{D512AC95-C894-4DC7-B6DB-961C054FB1CD}.Debug|Any CPU.ActiveCfg = Debug|Any CPU
		{D512AC95-C894-4DC7-B6DB-961C054FB1CD}.Debug|Any CPU.Build.0 = Debug|Any CPU
		{D512AC95-C894-4DC7-B6DB-961C054FB1CD}.Debug|Mixed Platforms.ActiveCfg = Debug|Any CPU
		{D512AC95-C894-4DC7-B6DB-961C054FB1CD}.Debug|Mixed Platforms.Build.0 = Debug|Any CPU
		{D512AC95-C894-4DC7-B6DB-961C054FB1CD}.Debug|x86.ActiveCfg = Debug|Any CPU
		{D512AC95-C894-4DC7-B6DB-961C054FB1CD}.Demo|Any CPU.ActiveCfg = Development|Any CPU
		{D512AC95-C894-4DC7-B6DB-961C054FB1CD}.Demo|Any CPU.Build.0 = Development|Any CPU
		{D512AC95-C894-4DC7-B6DB-961C054FB1CD}.Demo|Mixed Platforms.ActiveCfg = Development|Any CPU
		{D512AC95-C894-4DC7-B6DB-961C054FB1CD}.Demo|Mixed Platforms.Build.0 = Development|Any CPU
		{D512AC95-C894-4DC7-B6DB-961C054FB1CD}.Demo|x86.ActiveCfg = Development|Any CPU
		{D512AC95-C894-4DC7-B6DB-961C054FB1CD}.Development|Any CPU.ActiveCfg = Debug|Any CPU
		{D512AC95-C894-4DC7-B6DB-961C054FB1CD}.Development|Any CPU.Build.0 = Debug|Any CPU
		{D512AC95-C894-4DC7-B6DB-961C054FB1CD}.Development|Mixed Platforms.ActiveCfg = Development|Any CPU
		{D512AC95-C894-4DC7-B6DB-961C054FB1CD}.Development|Mixed Platforms.Build.0 = Development|Any CPU
		{D512AC95-C894-4DC7-B6DB-961C054FB1CD}.Development|x86.ActiveCfg = Debug|Any CPU
		{D512AC95-C894-4DC7-B6DB-961C054FB1CD}.Release|Any CPU.ActiveCfg = Release|Any CPU
		{D512AC95-C894-4DC7-B6DB-961C054FB1CD}.Release|Any CPU.Build.0 = Release|Any CPU
		{D512AC95-C894-4DC7-B6DB-961C054FB1CD}.Release|Mixed Platforms.ActiveCfg = Release|Any CPU
		{D512AC95-C894-4DC7-B6DB-961C054FB1CD}.Release|Mixed Platforms.Build.0 = Release|Any CPU
		{D512AC95-C894-4DC7-B6DB-961C054FB1CD}.Release|x86.ActiveCfg = Release|Any CPU
		{D512AC95-C894-4DC7-B6DB-961C054FB1CD}.Silverlight|Any CPU.ActiveCfg = Release|Any CPU
		{D512AC95-C894-4DC7-B6DB-961C054FB1CD}.Silverlight|Any CPU.Build.0 = Release|Any CPU
		{D512AC95-C894-4DC7-B6DB-961C054FB1CD}.Silverlight|Mixed Platforms.ActiveCfg = Release|Any CPU
		{D512AC95-C894-4DC7-B6DB-961C054FB1CD}.Silverlight|Mixed Platforms.Build.0 = Release|Any CPU
		{D512AC95-C894-4DC7-B6DB-961C054FB1CD}.Silverlight|x86.ActiveCfg = Release|Any CPU
		{D512AC95-C894-4DC7-B6DB-961C054FB1CD}.Unmerged|Any CPU.ActiveCfg = Release|Any CPU
		{D512AC95-C894-4DC7-B6DB-961C054FB1CD}.Unmerged|Any CPU.Build.0 = Release|Any CPU
		{D512AC95-C894-4DC7-B6DB-961C054FB1CD}.Unmerged|Mixed Platforms.ActiveCfg = Release|Any CPU
		{D512AC95-C894-4DC7-B6DB-961C054FB1CD}.Unmerged|Mixed Platforms.Build.0 = Release|Any CPU
		{D512AC95-C894-4DC7-B6DB-961C054FB1CD}.Unmerged|x86.ActiveCfg = Release|Any CPU
		{22173E83-BA63-4C4D-A1B3-D0D06DC55333}.Debug|Any CPU.ActiveCfg = Debug|Any CPU
		{22173E83-BA63-4C4D-A1B3-D0D06DC55333}.Debug|Any CPU.Build.0 = Debug|Any CPU
		{22173E83-BA63-4C4D-A1B3-D0D06DC55333}.Debug|Mixed Platforms.ActiveCfg = Debug|Any CPU
		{22173E83-BA63-4C4D-A1B3-D0D06DC55333}.Debug|Mixed Platforms.Build.0 = Debug|Any CPU
		{22173E83-BA63-4C4D-A1B3-D0D06DC55333}.Debug|x86.ActiveCfg = Debug|Any CPU
		{22173E83-BA63-4C4D-A1B3-D0D06DC55333}.Demo|Any CPU.ActiveCfg = Debug|Any CPU
		{22173E83-BA63-4C4D-A1B3-D0D06DC55333}.Demo|Any CPU.Build.0 = Debug|Any CPU
		{22173E83-BA63-4C4D-A1B3-D0D06DC55333}.Demo|Mixed Platforms.ActiveCfg = Debug|Any CPU
		{22173E83-BA63-4C4D-A1B3-D0D06DC55333}.Demo|Mixed Platforms.Build.0 = Debug|Any CPU
		{22173E83-BA63-4C4D-A1B3-D0D06DC55333}.Demo|x86.ActiveCfg = Debug|Any CPU
		{22173E83-BA63-4C4D-A1B3-D0D06DC55333}.Development|Any CPU.ActiveCfg = Debug|Any CPU
		{22173E83-BA63-4C4D-A1B3-D0D06DC55333}.Development|Any CPU.Build.0 = Debug|Any CPU
		{22173E83-BA63-4C4D-A1B3-D0D06DC55333}.Development|Mixed Platforms.ActiveCfg = Development|Any CPU
		{22173E83-BA63-4C4D-A1B3-D0D06DC55333}.Development|Mixed Platforms.Build.0 = Development|Any CPU
		{22173E83-BA63-4C4D-A1B3-D0D06DC55333}.Development|x86.ActiveCfg = Debug|Any CPU
		{22173E83-BA63-4C4D-A1B3-D0D06DC55333}.Release|Any CPU.ActiveCfg = Release|Any CPU
		{22173E83-BA63-4C4D-A1B3-D0D06DC55333}.Release|Any CPU.Build.0 = Release|Any CPU
		{22173E83-BA63-4C4D-A1B3-D0D06DC55333}.Release|Mixed Platforms.ActiveCfg = Release|Any CPU
		{22173E83-BA63-4C4D-A1B3-D0D06DC55333}.Release|Mixed Platforms.Build.0 = Release|Any CPU
		{22173E83-BA63-4C4D-A1B3-D0D06DC55333}.Release|x86.ActiveCfg = Release|Any CPU
		{22173E83-BA63-4C4D-A1B3-D0D06DC55333}.Silverlight|Any CPU.ActiveCfg = Release|Any CPU
		{22173E83-BA63-4C4D-A1B3-D0D06DC55333}.Silverlight|Any CPU.Build.0 = Release|Any CPU
		{22173E83-BA63-4C4D-A1B3-D0D06DC55333}.Silverlight|Mixed Platforms.ActiveCfg = Release|Any CPU
		{22173E83-BA63-4C4D-A1B3-D0D06DC55333}.Silverlight|Mixed Platforms.Build.0 = Release|Any CPU
		{22173E83-BA63-4C4D-A1B3-D0D06DC55333}.Silverlight|x86.ActiveCfg = Release|Any CPU
		{22173E83-BA63-4C4D-A1B3-D0D06DC55333}.Unmerged|Any CPU.ActiveCfg = Release|Any CPU
		{22173E83-BA63-4C4D-A1B3-D0D06DC55333}.Unmerged|Any CPU.Build.0 = Release|Any CPU
		{22173E83-BA63-4C4D-A1B3-D0D06DC55333}.Unmerged|Mixed Platforms.ActiveCfg = Release|Any CPU
		{22173E83-BA63-4C4D-A1B3-D0D06DC55333}.Unmerged|Mixed Platforms.Build.0 = Release|Any CPU
		{22173E83-BA63-4C4D-A1B3-D0D06DC55333}.Unmerged|x86.ActiveCfg = Release|Any CPU
		{8E1293E3-E238-4C04-8291-3CF6299E5222}.Debug|Any CPU.ActiveCfg = Debug|Any CPU
		{8E1293E3-E238-4C04-8291-3CF6299E5222}.Debug|Any CPU.Build.0 = Debug|Any CPU
		{8E1293E3-E238-4C04-8291-3CF6299E5222}.Debug|Mixed Platforms.ActiveCfg = Debug|Any CPU
		{8E1293E3-E238-4C04-8291-3CF6299E5222}.Debug|Mixed Platforms.Build.0 = Debug|Any CPU
		{8E1293E3-E238-4C04-8291-3CF6299E5222}.Debug|x86.ActiveCfg = Debug|Any CPU
		{8E1293E3-E238-4C04-8291-3CF6299E5222}.Demo|Any CPU.ActiveCfg = Debug|Any CPU
		{8E1293E3-E238-4C04-8291-3CF6299E5222}.Demo|Any CPU.Build.0 = Debug|Any CPU
		{8E1293E3-E238-4C04-8291-3CF6299E5222}.Demo|Mixed Platforms.ActiveCfg = Debug|Any CPU
		{8E1293E3-E238-4C04-8291-3CF6299E5222}.Demo|Mixed Platforms.Build.0 = Debug|Any CPU
		{8E1293E3-E238-4C04-8291-3CF6299E5222}.Demo|x86.ActiveCfg = Debug|Any CPU
		{8E1293E3-E238-4C04-8291-3CF6299E5222}.Development|Any CPU.ActiveCfg = Debug|Any CPU
		{8E1293E3-E238-4C04-8291-3CF6299E5222}.Development|Any CPU.Build.0 = Debug|Any CPU
		{8E1293E3-E238-4C04-8291-3CF6299E5222}.Development|Mixed Platforms.ActiveCfg = Development|Any CPU
		{8E1293E3-E238-4C04-8291-3CF6299E5222}.Development|Mixed Platforms.Build.0 = Development|Any CPU
		{8E1293E3-E238-4C04-8291-3CF6299E5222}.Development|x86.ActiveCfg = Debug|Any CPU
		{8E1293E3-E238-4C04-8291-3CF6299E5222}.Release|Any CPU.ActiveCfg = Release|Any CPU
		{8E1293E3-E238-4C04-8291-3CF6299E5222}.Release|Any CPU.Build.0 = Release|Any CPU
		{8E1293E3-E238-4C04-8291-3CF6299E5222}.Release|Mixed Platforms.ActiveCfg = Release|Any CPU
		{8E1293E3-E238-4C04-8291-3CF6299E5222}.Release|Mixed Platforms.Build.0 = Release|Any CPU
		{8E1293E3-E238-4C04-8291-3CF6299E5222}.Release|x86.ActiveCfg = Release|Any CPU
		{8E1293E3-E238-4C04-8291-3CF6299E5222}.Silverlight|Any CPU.ActiveCfg = Release|Any CPU
		{8E1293E3-E238-4C04-8291-3CF6299E5222}.Silverlight|Any CPU.Build.0 = Release|Any CPU
		{8E1293E3-E238-4C04-8291-3CF6299E5222}.Silverlight|Mixed Platforms.ActiveCfg = Release|Any CPU
		{8E1293E3-E238-4C04-8291-3CF6299E5222}.Silverlight|Mixed Platforms.Build.0 = Release|Any CPU
		{8E1293E3-E238-4C04-8291-3CF6299E5222}.Silverlight|x86.ActiveCfg = Release|Any CPU
		{8E1293E3-E238-4C04-8291-3CF6299E5222}.Unmerged|Any CPU.ActiveCfg = Release|Any CPU
		{8E1293E3-E238-4C04-8291-3CF6299E5222}.Unmerged|Any CPU.Build.0 = Release|Any CPU
		{8E1293E3-E238-4C04-8291-3CF6299E5222}.Unmerged|Mixed Platforms.ActiveCfg = Release|Any CPU
		{8E1293E3-E238-4C04-8291-3CF6299E5222}.Unmerged|Mixed Platforms.Build.0 = Release|Any CPU
		{8E1293E3-E238-4C04-8291-3CF6299E5222}.Unmerged|x86.ActiveCfg = Release|Any CPU
		{99361C6F-C615-4508-9DAC-314DA9DB0B66}.Debug|Any CPU.ActiveCfg = Debug|Any CPU
		{99361C6F-C615-4508-9DAC-314DA9DB0B66}.Debug|Any CPU.Build.0 = Debug|Any CPU
		{99361C6F-C615-4508-9DAC-314DA9DB0B66}.Debug|Mixed Platforms.ActiveCfg = Debug|Any CPU
		{99361C6F-C615-4508-9DAC-314DA9DB0B66}.Debug|Mixed Platforms.Build.0 = Debug|Any CPU
		{99361C6F-C615-4508-9DAC-314DA9DB0B66}.Debug|x86.ActiveCfg = Debug|Any CPU
		{99361C6F-C615-4508-9DAC-314DA9DB0B66}.Demo|Any CPU.ActiveCfg = Development|Any CPU
		{99361C6F-C615-4508-9DAC-314DA9DB0B66}.Demo|Any CPU.Build.0 = Development|Any CPU
		{99361C6F-C615-4508-9DAC-314DA9DB0B66}.Demo|Mixed Platforms.ActiveCfg = Development|Any CPU
		{99361C6F-C615-4508-9DAC-314DA9DB0B66}.Demo|Mixed Platforms.Build.0 = Development|Any CPU
		{99361C6F-C615-4508-9DAC-314DA9DB0B66}.Demo|x86.ActiveCfg = Development|Any CPU
		{99361C6F-C615-4508-9DAC-314DA9DB0B66}.Development|Any CPU.ActiveCfg = Debug|Any CPU
		{99361C6F-C615-4508-9DAC-314DA9DB0B66}.Development|Any CPU.Build.0 = Debug|Any CPU
		{99361C6F-C615-4508-9DAC-314DA9DB0B66}.Development|Mixed Platforms.ActiveCfg = Development|Any CPU
		{99361C6F-C615-4508-9DAC-314DA9DB0B66}.Development|Mixed Platforms.Build.0 = Development|Any CPU
		{99361C6F-C615-4508-9DAC-314DA9DB0B66}.Development|x86.ActiveCfg = Debug|Any CPU
		{99361C6F-C615-4508-9DAC-314DA9DB0B66}.Release|Any CPU.ActiveCfg = Release|Any CPU
		{99361C6F-C615-4508-9DAC-314DA9DB0B66}.Release|Any CPU.Build.0 = Release|Any CPU
		{99361C6F-C615-4508-9DAC-314DA9DB0B66}.Release|Mixed Platforms.ActiveCfg = Release|Any CPU
		{99361C6F-C615-4508-9DAC-314DA9DB0B66}.Release|Mixed Platforms.Build.0 = Release|Any CPU
		{99361C6F-C615-4508-9DAC-314DA9DB0B66}.Release|x86.ActiveCfg = Release|Any CPU
		{99361C6F-C615-4508-9DAC-314DA9DB0B66}.Silverlight|Any CPU.ActiveCfg = Release|Any CPU
		{99361C6F-C615-4508-9DAC-314DA9DB0B66}.Silverlight|Any CPU.Build.0 = Release|Any CPU
		{99361C6F-C615-4508-9DAC-314DA9DB0B66}.Silverlight|Mixed Platforms.ActiveCfg = Release|Any CPU
		{99361C6F-C615-4508-9DAC-314DA9DB0B66}.Silverlight|Mixed Platforms.Build.0 = Release|Any CPU
		{99361C6F-C615-4508-9DAC-314DA9DB0B66}.Silverlight|x86.ActiveCfg = Release|Any CPU
		{99361C6F-C615-4508-9DAC-314DA9DB0B66}.Unmerged|Any CPU.ActiveCfg = Release|Any CPU
		{99361C6F-C615-4508-9DAC-314DA9DB0B66}.Unmerged|Any CPU.Build.0 = Release|Any CPU
		{99361C6F-C615-4508-9DAC-314DA9DB0B66}.Unmerged|Mixed Platforms.ActiveCfg = Release|Any CPU
		{99361C6F-C615-4508-9DAC-314DA9DB0B66}.Unmerged|Mixed Platforms.Build.0 = Release|Any CPU
		{99361C6F-C615-4508-9DAC-314DA9DB0B66}.Unmerged|x86.ActiveCfg = Release|Any CPU
		{BE17D6C0-82B8-484F-860B-6801388A43C2}.Debug|Any CPU.ActiveCfg = Debug|Any CPU
		{BE17D6C0-82B8-484F-860B-6801388A43C2}.Debug|Any CPU.Build.0 = Debug|Any CPU
		{BE17D6C0-82B8-484F-860B-6801388A43C2}.Debug|Mixed Platforms.ActiveCfg = Debug|Any CPU
		{BE17D6C0-82B8-484F-860B-6801388A43C2}.Debug|Mixed Platforms.Build.0 = Debug|Any CPU
		{BE17D6C0-82B8-484F-860B-6801388A43C2}.Debug|x86.ActiveCfg = Debug|Any CPU
		{BE17D6C0-82B8-484F-860B-6801388A43C2}.Demo|Any CPU.ActiveCfg = Debug|Any CPU
		{BE17D6C0-82B8-484F-860B-6801388A43C2}.Demo|Any CPU.Build.0 = Debug|Any CPU
		{BE17D6C0-82B8-484F-860B-6801388A43C2}.Demo|Mixed Platforms.ActiveCfg = Debug|Any CPU
		{BE17D6C0-82B8-484F-860B-6801388A43C2}.Demo|Mixed Platforms.Build.0 = Debug|Any CPU
		{BE17D6C0-82B8-484F-860B-6801388A43C2}.Demo|x86.ActiveCfg = Debug|Any CPU
		{BE17D6C0-82B8-484F-860B-6801388A43C2}.Development|Any CPU.ActiveCfg = Development|Any CPU
		{BE17D6C0-82B8-484F-860B-6801388A43C2}.Development|Any CPU.Build.0 = Development|Any CPU
		{BE17D6C0-82B8-484F-860B-6801388A43C2}.Development|Mixed Platforms.ActiveCfg = Development|Any CPU
		{BE17D6C0-82B8-484F-860B-6801388A43C2}.Development|Mixed Platforms.Build.0 = Development|Any CPU
		{BE17D6C0-82B8-484F-860B-6801388A43C2}.Development|x86.ActiveCfg = Development|Any CPU
		{BE17D6C0-82B8-484F-860B-6801388A43C2}.Release|Any CPU.ActiveCfg = Release|Any CPU
		{BE17D6C0-82B8-484F-860B-6801388A43C2}.Release|Any CPU.Build.0 = Release|Any CPU
		{BE17D6C0-82B8-484F-860B-6801388A43C2}.Release|Mixed Platforms.ActiveCfg = Release|Any CPU
		{BE17D6C0-82B8-484F-860B-6801388A43C2}.Release|Mixed Platforms.Build.0 = Release|Any CPU
		{BE17D6C0-82B8-484F-860B-6801388A43C2}.Release|x86.ActiveCfg = Release|Any CPU
		{BE17D6C0-82B8-484F-860B-6801388A43C2}.Silverlight|Any CPU.ActiveCfg = Release|Any CPU
		{BE17D6C0-82B8-484F-860B-6801388A43C2}.Silverlight|Any CPU.Build.0 = Release|Any CPU
		{BE17D6C0-82B8-484F-860B-6801388A43C2}.Silverlight|Mixed Platforms.ActiveCfg = Release|Any CPU
		{BE17D6C0-82B8-484F-860B-6801388A43C2}.Silverlight|Mixed Platforms.Build.0 = Release|Any CPU
		{BE17D6C0-82B8-484F-860B-6801388A43C2}.Silverlight|x86.ActiveCfg = Release|Any CPU
		{BE17D6C0-82B8-484F-860B-6801388A43C2}.Unmerged|Any CPU.ActiveCfg = Release|Any CPU
		{BE17D6C0-82B8-484F-860B-6801388A43C2}.Unmerged|Any CPU.Build.0 = Release|Any CPU
		{BE17D6C0-82B8-484F-860B-6801388A43C2}.Unmerged|Mixed Platforms.ActiveCfg = Release|Any CPU
		{BE17D6C0-82B8-484F-860B-6801388A43C2}.Unmerged|Mixed Platforms.Build.0 = Release|Any CPU
		{BE17D6C0-82B8-484F-860B-6801388A43C2}.Unmerged|x86.ActiveCfg = Release|Any CPU
		{D416A024-3C8A-47CD-A0F3-FC19EC9F1222}.Debug|Any CPU.ActiveCfg = Debug|Any CPU
		{D416A024-3C8A-47CD-A0F3-FC19EC9F1222}.Debug|Any CPU.Build.0 = Debug|Any CPU
		{D416A024-3C8A-47CD-A0F3-FC19EC9F1222}.Debug|Mixed Platforms.ActiveCfg = Debug|Any CPU
		{D416A024-3C8A-47CD-A0F3-FC19EC9F1222}.Debug|Mixed Platforms.Build.0 = Debug|Any CPU
		{D416A024-3C8A-47CD-A0F3-FC19EC9F1222}.Debug|x86.ActiveCfg = Debug|Any CPU
		{D416A024-3C8A-47CD-A0F3-FC19EC9F1222}.Demo|Any CPU.ActiveCfg = Debug|Any CPU
		{D416A024-3C8A-47CD-A0F3-FC19EC9F1222}.Demo|Any CPU.Build.0 = Debug|Any CPU
		{D416A024-3C8A-47CD-A0F3-FC19EC9F1222}.Demo|Mixed Platforms.ActiveCfg = Debug|Any CPU
		{D416A024-3C8A-47CD-A0F3-FC19EC9F1222}.Demo|Mixed Platforms.Build.0 = Debug|Any CPU
		{D416A024-3C8A-47CD-A0F3-FC19EC9F1222}.Demo|x86.ActiveCfg = Debug|Any CPU
		{D416A024-3C8A-47CD-A0F3-FC19EC9F1222}.Development|Any CPU.ActiveCfg = Debug|Any CPU
		{D416A024-3C8A-47CD-A0F3-FC19EC9F1222}.Development|Any CPU.Build.0 = Debug|Any CPU
		{D416A024-3C8A-47CD-A0F3-FC19EC9F1222}.Development|Mixed Platforms.ActiveCfg = Development|Any CPU
		{D416A024-3C8A-47CD-A0F3-FC19EC9F1222}.Development|Mixed Platforms.Build.0 = Development|Any CPU
		{D416A024-3C8A-47CD-A0F3-FC19EC9F1222}.Development|x86.ActiveCfg = Debug|Any CPU
		{D416A024-3C8A-47CD-A0F3-FC19EC9F1222}.Release|Any CPU.ActiveCfg = Release|Any CPU
		{D416A024-3C8A-47CD-A0F3-FC19EC9F1222}.Release|Any CPU.Build.0 = Release|Any CPU
		{D416A024-3C8A-47CD-A0F3-FC19EC9F1222}.Release|Mixed Platforms.ActiveCfg = Release|Any CPU
		{D416A024-3C8A-47CD-A0F3-FC19EC9F1222}.Release|Mixed Platforms.Build.0 = Release|Any CPU
		{D416A024-3C8A-47CD-A0F3-FC19EC9F1222}.Release|x86.ActiveCfg = Release|Any CPU
		{D416A024-3C8A-47CD-A0F3-FC19EC9F1222}.Silverlight|Any CPU.ActiveCfg = Release|Any CPU
		{D416A024-3C8A-47CD-A0F3-FC19EC9F1222}.Silverlight|Any CPU.Build.0 = Release|Any CPU
		{D416A024-3C8A-47CD-A0F3-FC19EC9F1222}.Silverlight|Mixed Platforms.ActiveCfg = Release|Any CPU
		{D416A024-3C8A-47CD-A0F3-FC19EC9F1222}.Silverlight|Mixed Platforms.Build.0 = Release|Any CPU
		{D416A024-3C8A-47CD-A0F3-FC19EC9F1222}.Silverlight|x86.ActiveCfg = Release|Any CPU
		{D416A024-3C8A-47CD-A0F3-FC19EC9F1222}.Unmerged|Any CPU.ActiveCfg = Release|Any CPU
		{D416A024-3C8A-47CD-A0F3-FC19EC9F1222}.Unmerged|Any CPU.Build.0 = Release|Any CPU
		{D416A024-3C8A-47CD-A0F3-FC19EC9F1222}.Unmerged|Mixed Platforms.ActiveCfg = Release|Any CPU
		{D416A024-3C8A-47CD-A0F3-FC19EC9F1222}.Unmerged|Mixed Platforms.Build.0 = Release|Any CPU
		{D416A024-3C8A-47CD-A0F3-FC19EC9F1222}.Unmerged|x86.ActiveCfg = Release|Any CPU
		{BA7FE9D9-14B1-4734-9E97-AEE911009333}.Debug|Any CPU.ActiveCfg = Debug|Any CPU
		{BA7FE9D9-14B1-4734-9E97-AEE911009333}.Debug|Any CPU.Build.0 = Debug|Any CPU
		{BA7FE9D9-14B1-4734-9E97-AEE911009333}.Debug|Mixed Platforms.ActiveCfg = Debug|Any CPU
		{BA7FE9D9-14B1-4734-9E97-AEE911009333}.Debug|Mixed Platforms.Build.0 = Debug|Any CPU
		{BA7FE9D9-14B1-4734-9E97-AEE911009333}.Debug|x86.ActiveCfg = Debug|Any CPU
		{BA7FE9D9-14B1-4734-9E97-AEE911009333}.Demo|Any CPU.ActiveCfg = Debug|Any CPU
		{BA7FE9D9-14B1-4734-9E97-AEE911009333}.Demo|Any CPU.Build.0 = Debug|Any CPU
		{BA7FE9D9-14B1-4734-9E97-AEE911009333}.Demo|Mixed Platforms.ActiveCfg = Debug|Any CPU
		{BA7FE9D9-14B1-4734-9E97-AEE911009333}.Demo|Mixed Platforms.Build.0 = Debug|Any CPU
		{BA7FE9D9-14B1-4734-9E97-AEE911009333}.Demo|x86.ActiveCfg = Debug|Any CPU
		{BA7FE9D9-14B1-4734-9E97-AEE911009333}.Development|Any CPU.ActiveCfg = Debug|Any CPU
		{BA7FE9D9-14B1-4734-9E97-AEE911009333}.Development|Any CPU.Build.0 = Debug|Any CPU
		{BA7FE9D9-14B1-4734-9E97-AEE911009333}.Development|Mixed Platforms.ActiveCfg = Development|Any CPU
		{BA7FE9D9-14B1-4734-9E97-AEE911009333}.Development|Mixed Platforms.Build.0 = Development|Any CPU
		{BA7FE9D9-14B1-4734-9E97-AEE911009333}.Development|x86.ActiveCfg = Debug|Any CPU
		{BA7FE9D9-14B1-4734-9E97-AEE911009333}.Release|Any CPU.ActiveCfg = Release|Any CPU
		{BA7FE9D9-14B1-4734-9E97-AEE911009333}.Release|Any CPU.Build.0 = Release|Any CPU
		{BA7FE9D9-14B1-4734-9E97-AEE911009333}.Release|Mixed Platforms.ActiveCfg = Release|Any CPU
		{BA7FE9D9-14B1-4734-9E97-AEE911009333}.Release|Mixed Platforms.Build.0 = Release|Any CPU
		{BA7FE9D9-14B1-4734-9E97-AEE911009333}.Release|x86.ActiveCfg = Release|Any CPU
		{BA7FE9D9-14B1-4734-9E97-AEE911009333}.Silverlight|Any CPU.ActiveCfg = Release|Any CPU
		{BA7FE9D9-14B1-4734-9E97-AEE911009333}.Silverlight|Any CPU.Build.0 = Release|Any CPU
		{BA7FE9D9-14B1-4734-9E97-AEE911009333}.Silverlight|Mixed Platforms.ActiveCfg = Release|Any CPU
		{BA7FE9D9-14B1-4734-9E97-AEE911009333}.Silverlight|Mixed Platforms.Build.0 = Release|Any CPU
		{BA7FE9D9-14B1-4734-9E97-AEE911009333}.Silverlight|x86.ActiveCfg = Release|Any CPU
		{BA7FE9D9-14B1-4734-9E97-AEE911009333}.Unmerged|Any CPU.ActiveCfg = Release|Any CPU
		{BA7FE9D9-14B1-4734-9E97-AEE911009333}.Unmerged|Any CPU.Build.0 = Release|Any CPU
		{BA7FE9D9-14B1-4734-9E97-AEE911009333}.Unmerged|Mixed Platforms.ActiveCfg = Release|Any CPU
		{BA7FE9D9-14B1-4734-9E97-AEE911009333}.Unmerged|Mixed Platforms.Build.0 = Release|Any CPU
		{BA7FE9D9-14B1-4734-9E97-AEE911009333}.Unmerged|x86.ActiveCfg = Release|Any CPU
		{A6BD5016-0FF8-47FB-88FB-815A54EC62B3}.Debug|Any CPU.ActiveCfg = Debug|Any CPU
		{A6BD5016-0FF8-47FB-88FB-815A54EC62B3}.Debug|Mixed Platforms.ActiveCfg = Debug|Any CPU
		{A6BD5016-0FF8-47FB-88FB-815A54EC62B3}.Debug|Mixed Platforms.Build.0 = Debug|Any CPU
		{A6BD5016-0FF8-47FB-88FB-815A54EC62B3}.Debug|x86.ActiveCfg = Debug|Any CPU
		{A6BD5016-0FF8-47FB-88FB-815A54EC62B3}.Demo|Any CPU.ActiveCfg = Debug|Any CPU
		{A6BD5016-0FF8-47FB-88FB-815A54EC62B3}.Demo|Any CPU.Build.0 = Debug|Any CPU
		{A6BD5016-0FF8-47FB-88FB-815A54EC62B3}.Demo|Mixed Platforms.ActiveCfg = Debug|Any CPU
		{A6BD5016-0FF8-47FB-88FB-815A54EC62B3}.Demo|Mixed Platforms.Build.0 = Debug|Any CPU
		{A6BD5016-0FF8-47FB-88FB-815A54EC62B3}.Demo|x86.ActiveCfg = Debug|Any CPU
		{A6BD5016-0FF8-47FB-88FB-815A54EC62B3}.Development|Any CPU.ActiveCfg = Debug|Any CPU
		{A6BD5016-0FF8-47FB-88FB-815A54EC62B3}.Development|Mixed Platforms.ActiveCfg = Development|Any CPU
		{A6BD5016-0FF8-47FB-88FB-815A54EC62B3}.Development|Mixed Platforms.Build.0 = Development|Any CPU
		{A6BD5016-0FF8-47FB-88FB-815A54EC62B3}.Development|x86.ActiveCfg = Debug|Any CPU
		{A6BD5016-0FF8-47FB-88FB-815A54EC62B3}.Release|Any CPU.ActiveCfg = Release|Any CPU
		{A6BD5016-0FF8-47FB-88FB-815A54EC62B3}.Release|Mixed Platforms.ActiveCfg = Release|Any CPU
		{A6BD5016-0FF8-47FB-88FB-815A54EC62B3}.Release|x86.ActiveCfg = Release|Any CPU
		{A6BD5016-0FF8-47FB-88FB-815A54EC62B3}.Silverlight|Any CPU.ActiveCfg = Release|Any CPU
		{A6BD5016-0FF8-47FB-88FB-815A54EC62B3}.Silverlight|Any CPU.Build.0 = Release|Any CPU
		{A6BD5016-0FF8-47FB-88FB-815A54EC62B3}.Silverlight|Mixed Platforms.ActiveCfg = Release|Any CPU
		{A6BD5016-0FF8-47FB-88FB-815A54EC62B3}.Silverlight|Mixed Platforms.Build.0 = Release|Any CPU
		{A6BD5016-0FF8-47FB-88FB-815A54EC62B3}.Silverlight|x86.ActiveCfg = Release|Any CPU
		{A6BD5016-0FF8-47FB-88FB-815A54EC62B3}.Unmerged|Any CPU.ActiveCfg = Release|Any CPU
		{A6BD5016-0FF8-47FB-88FB-815A54EC62B3}.Unmerged|Any CPU.Build.0 = Release|Any CPU
		{A6BD5016-0FF8-47FB-88FB-815A54EC62B3}.Unmerged|Mixed Platforms.ActiveCfg = Release|Any CPU
		{A6BD5016-0FF8-47FB-88FB-815A54EC62B3}.Unmerged|Mixed Platforms.Build.0 = Release|Any CPU
		{A6BD5016-0FF8-47FB-88FB-815A54EC62B3}.Unmerged|x86.ActiveCfg = Release|Any CPU
		{200C76E0-85DF-4915-AABD-8DC8D1D41EBC}.Debug|Any CPU.ActiveCfg = Debug|Any CPU
		{200C76E0-85DF-4915-AABD-8DC8D1D41EBC}.Debug|Any CPU.Build.0 = Debug|Any CPU
		{200C76E0-85DF-4915-AABD-8DC8D1D41EBC}.Debug|Mixed Platforms.ActiveCfg = Debug|Any CPU
		{200C76E0-85DF-4915-AABD-8DC8D1D41EBC}.Debug|Mixed Platforms.Build.0 = Debug|Any CPU
		{200C76E0-85DF-4915-AABD-8DC8D1D41EBC}.Debug|x86.ActiveCfg = Debug|Any CPU
		{200C76E0-85DF-4915-AABD-8DC8D1D41EBC}.Demo|Any CPU.ActiveCfg = Debug|Any CPU
		{200C76E0-85DF-4915-AABD-8DC8D1D41EBC}.Demo|Any CPU.Build.0 = Debug|Any CPU
		{200C76E0-85DF-4915-AABD-8DC8D1D41EBC}.Demo|Mixed Platforms.ActiveCfg = Debug|Any CPU
		{200C76E0-85DF-4915-AABD-8DC8D1D41EBC}.Demo|Mixed Platforms.Build.0 = Debug|Any CPU
		{200C76E0-85DF-4915-AABD-8DC8D1D41EBC}.Demo|x86.ActiveCfg = Debug|Any CPU
		{200C76E0-85DF-4915-AABD-8DC8D1D41EBC}.Development|Any CPU.ActiveCfg = Debug|Any CPU
		{200C76E0-85DF-4915-AABD-8DC8D1D41EBC}.Development|Any CPU.Build.0 = Debug|Any CPU
		{200C76E0-85DF-4915-AABD-8DC8D1D41EBC}.Development|Mixed Platforms.ActiveCfg = Debug|Any CPU
		{200C76E0-85DF-4915-AABD-8DC8D1D41EBC}.Development|Mixed Platforms.Build.0 = Debug|Any CPU
		{200C76E0-85DF-4915-AABD-8DC8D1D41EBC}.Development|x86.ActiveCfg = Debug|Any CPU
		{200C76E0-85DF-4915-AABD-8DC8D1D41EBC}.Release|Any CPU.ActiveCfg = Release|Any CPU
		{200C76E0-85DF-4915-AABD-8DC8D1D41EBC}.Release|Any CPU.Build.0 = Release|Any CPU
		{200C76E0-85DF-4915-AABD-8DC8D1D41EBC}.Release|Mixed Platforms.ActiveCfg = Release|Any CPU
		{200C76E0-85DF-4915-AABD-8DC8D1D41EBC}.Release|Mixed Platforms.Build.0 = Release|Any CPU
		{200C76E0-85DF-4915-AABD-8DC8D1D41EBC}.Release|x86.ActiveCfg = Release|Any CPU
		{200C76E0-85DF-4915-AABD-8DC8D1D41EBC}.Silverlight|Any CPU.ActiveCfg = Release|Any CPU
		{200C76E0-85DF-4915-AABD-8DC8D1D41EBC}.Silverlight|Any CPU.Build.0 = Release|Any CPU
		{200C76E0-85DF-4915-AABD-8DC8D1D41EBC}.Silverlight|Mixed Platforms.ActiveCfg = Release|Any CPU
		{200C76E0-85DF-4915-AABD-8DC8D1D41EBC}.Silverlight|Mixed Platforms.Build.0 = Release|Any CPU
		{200C76E0-85DF-4915-AABD-8DC8D1D41EBC}.Silverlight|x86.ActiveCfg = Release|Any CPU
		{200C76E0-85DF-4915-AABD-8DC8D1D41EBC}.Unmerged|Any CPU.ActiveCfg = Release|Any CPU
		{200C76E0-85DF-4915-AABD-8DC8D1D41EBC}.Unmerged|Any CPU.Build.0 = Release|Any CPU
		{200C76E0-85DF-4915-AABD-8DC8D1D41EBC}.Unmerged|Mixed Platforms.ActiveCfg = Release|Any CPU
		{200C76E0-85DF-4915-AABD-8DC8D1D41EBC}.Unmerged|Mixed Platforms.Build.0 = Release|Any CPU
		{200C76E0-85DF-4915-AABD-8DC8D1D41EBC}.Unmerged|x86.ActiveCfg = Release|Any CPU
		{0C185C34-5480-47A8-B58F-19F6624ADEF4}.Debug|Any CPU.ActiveCfg = Debug|Any CPU
		{0C185C34-5480-47A8-B58F-19F6624ADEF4}.Debug|Any CPU.Build.0 = Debug|Any CPU
		{0C185C34-5480-47A8-B58F-19F6624ADEF4}.Debug|Mixed Platforms.ActiveCfg = Debug|Any CPU
		{0C185C34-5480-47A8-B58F-19F6624ADEF4}.Debug|Mixed Platforms.Build.0 = Debug|Any CPU
		{0C185C34-5480-47A8-B58F-19F6624ADEF4}.Debug|x86.ActiveCfg = Debug|Any CPU
		{0C185C34-5480-47A8-B58F-19F6624ADEF4}.Demo|Any CPU.ActiveCfg = Debug|Any CPU
		{0C185C34-5480-47A8-B58F-19F6624ADEF4}.Demo|Any CPU.Build.0 = Debug|Any CPU
		{0C185C34-5480-47A8-B58F-19F6624ADEF4}.Demo|Mixed Platforms.ActiveCfg = Debug|Any CPU
		{0C185C34-5480-47A8-B58F-19F6624ADEF4}.Demo|Mixed Platforms.Build.0 = Debug|Any CPU
		{0C185C34-5480-47A8-B58F-19F6624ADEF4}.Demo|x86.ActiveCfg = Debug|Any CPU
		{0C185C34-5480-47A8-B58F-19F6624ADEF4}.Development|Any CPU.ActiveCfg = Debug|Any CPU
		{0C185C34-5480-47A8-B58F-19F6624ADEF4}.Development|Any CPU.Build.0 = Debug|Any CPU
		{0C185C34-5480-47A8-B58F-19F6624ADEF4}.Development|Mixed Platforms.ActiveCfg = Development|Any CPU
		{0C185C34-5480-47A8-B58F-19F6624ADEF4}.Development|Mixed Platforms.Build.0 = Development|Any CPU
		{0C185C34-5480-47A8-B58F-19F6624ADEF4}.Development|x86.ActiveCfg = Debug|Any CPU
		{0C185C34-5480-47A8-B58F-19F6624ADEF4}.Release|Any CPU.ActiveCfg = Release|Any CPU
		{0C185C34-5480-47A8-B58F-19F6624ADEF4}.Release|Any CPU.Build.0 = Release|Any CPU
		{0C185C34-5480-47A8-B58F-19F6624ADEF4}.Release|Mixed Platforms.ActiveCfg = Release|Any CPU
		{0C185C34-5480-47A8-B58F-19F6624ADEF4}.Release|Mixed Platforms.Build.0 = Release|Any CPU
		{0C185C34-5480-47A8-B58F-19F6624ADEF4}.Release|x86.ActiveCfg = Release|Any CPU
		{0C185C34-5480-47A8-B58F-19F6624ADEF4}.Silverlight|Any CPU.ActiveCfg = Release|Any CPU
		{0C185C34-5480-47A8-B58F-19F6624ADEF4}.Silverlight|Any CPU.Build.0 = Release|Any CPU
		{0C185C34-5480-47A8-B58F-19F6624ADEF4}.Silverlight|Mixed Platforms.ActiveCfg = Release|Any CPU
		{0C185C34-5480-47A8-B58F-19F6624ADEF4}.Silverlight|Mixed Platforms.Build.0 = Release|Any CPU
		{0C185C34-5480-47A8-B58F-19F6624ADEF4}.Silverlight|x86.ActiveCfg = Release|Any CPU
		{0C185C34-5480-47A8-B58F-19F6624ADEF4}.Unmerged|Any CPU.ActiveCfg = Release|Any CPU
		{0C185C34-5480-47A8-B58F-19F6624ADEF4}.Unmerged|Any CPU.Build.0 = Release|Any CPU
		{0C185C34-5480-47A8-B58F-19F6624ADEF4}.Unmerged|Mixed Platforms.ActiveCfg = Release|Any CPU
		{0C185C34-5480-47A8-B58F-19F6624ADEF4}.Unmerged|Mixed Platforms.Build.0 = Release|Any CPU
		{0C185C34-5480-47A8-B58F-19F6624ADEF4}.Unmerged|x86.ActiveCfg = Release|Any CPU
		{6F1DB555-D2FF-4E2C-8F20-4A012D6F4581}.Debug|Any CPU.ActiveCfg = Debug|Any CPU
		{6F1DB555-D2FF-4E2C-8F20-4A012D6F4581}.Debug|Any CPU.Build.0 = Debug|Any CPU
		{6F1DB555-D2FF-4E2C-8F20-4A012D6F4581}.Debug|Mixed Platforms.ActiveCfg = Debug|Any CPU
		{6F1DB555-D2FF-4E2C-8F20-4A012D6F4581}.Debug|Mixed Platforms.Build.0 = Debug|Any CPU
		{6F1DB555-D2FF-4E2C-8F20-4A012D6F4581}.Debug|x86.ActiveCfg = Debug|Any CPU
		{6F1DB555-D2FF-4E2C-8F20-4A012D6F4581}.Demo|Any CPU.ActiveCfg = Debug|Any CPU
		{6F1DB555-D2FF-4E2C-8F20-4A012D6F4581}.Demo|Any CPU.Build.0 = Debug|Any CPU
		{6F1DB555-D2FF-4E2C-8F20-4A012D6F4581}.Demo|Mixed Platforms.ActiveCfg = Debug|Any CPU
		{6F1DB555-D2FF-4E2C-8F20-4A012D6F4581}.Demo|Mixed Platforms.Build.0 = Debug|Any CPU
		{6F1DB555-D2FF-4E2C-8F20-4A012D6F4581}.Demo|x86.ActiveCfg = Debug|Any CPU
		{6F1DB555-D2FF-4E2C-8F20-4A012D6F4581}.Development|Any CPU.ActiveCfg = Debug|Any CPU
		{6F1DB555-D2FF-4E2C-8F20-4A012D6F4581}.Development|Any CPU.Build.0 = Debug|Any CPU
		{6F1DB555-D2FF-4E2C-8F20-4A012D6F4581}.Development|Mixed Platforms.ActiveCfg = Development|Any CPU
		{6F1DB555-D2FF-4E2C-8F20-4A012D6F4581}.Development|Mixed Platforms.Build.0 = Development|Any CPU
		{6F1DB555-D2FF-4E2C-8F20-4A012D6F4581}.Development|x86.ActiveCfg = Debug|Any CPU
		{6F1DB555-D2FF-4E2C-8F20-4A012D6F4581}.Release|Any CPU.ActiveCfg = Release|Any CPU
		{6F1DB555-D2FF-4E2C-8F20-4A012D6F4581}.Release|Any CPU.Build.0 = Release|Any CPU
		{6F1DB555-D2FF-4E2C-8F20-4A012D6F4581}.Release|Mixed Platforms.ActiveCfg = Release|Any CPU
		{6F1DB555-D2FF-4E2C-8F20-4A012D6F4581}.Release|Mixed Platforms.Build.0 = Release|Any CPU
		{6F1DB555-D2FF-4E2C-8F20-4A012D6F4581}.Release|x86.ActiveCfg = Release|Any CPU
		{6F1DB555-D2FF-4E2C-8F20-4A012D6F4581}.Silverlight|Any CPU.ActiveCfg = Release|Any CPU
		{6F1DB555-D2FF-4E2C-8F20-4A012D6F4581}.Silverlight|Any CPU.Build.0 = Release|Any CPU
		{6F1DB555-D2FF-4E2C-8F20-4A012D6F4581}.Silverlight|Mixed Platforms.ActiveCfg = Release|Any CPU
		{6F1DB555-D2FF-4E2C-8F20-4A012D6F4581}.Silverlight|Mixed Platforms.Build.0 = Release|Any CPU
		{6F1DB555-D2FF-4E2C-8F20-4A012D6F4581}.Silverlight|x86.ActiveCfg = Release|Any CPU
		{6F1DB555-D2FF-4E2C-8F20-4A012D6F4581}.Unmerged|Any CPU.ActiveCfg = Release|Any CPU
		{6F1DB555-D2FF-4E2C-8F20-4A012D6F4581}.Unmerged|Any CPU.Build.0 = Release|Any CPU
		{6F1DB555-D2FF-4E2C-8F20-4A012D6F4581}.Unmerged|Mixed Platforms.ActiveCfg = Release|Any CPU
		{6F1DB555-D2FF-4E2C-8F20-4A012D6F4581}.Unmerged|Mixed Platforms.Build.0 = Release|Any CPU
		{6F1DB555-D2FF-4E2C-8F20-4A012D6F4581}.Unmerged|x86.ActiveCfg = Release|Any CPU
	EndGlobalSection
	GlobalSection(SolutionProperties) = preSolution
		HideSolutionNode = FALSE
	EndGlobalSection
	GlobalSection(NestedProjects) = preSolution
		{DFE559D0-8A63-4798-83A9-CA781A6D627C} = {642B8572-9C4E-40A2-AAD9-5BA69ABCAB48}
		{CB367053-4CC6-4F58-BD6B-434FF601D765} = {642B8572-9C4E-40A2-AAD9-5BA69ABCAB48}
		{5F7BC676-C3BA-4705-8A40-DBFF382F7DAA} = {642B8572-9C4E-40A2-AAD9-5BA69ABCAB48}
		{2A11B3F6-CBDF-463C-A507-5694AA5236BC} = {642B8572-9C4E-40A2-AAD9-5BA69ABCAB48}
		{6D7C4F20-D3EA-460F-820D-BC7B9048DCFF} = {642B8572-9C4E-40A2-AAD9-5BA69ABCAB48}
		{F6F5879C-61DD-4CFC-9F57-7356648DEE77} = {642B8572-9C4E-40A2-AAD9-5BA69ABCAB48}
		{9D4DDDC6-21B0-4A9A-92A5-3136E53F02B4} = {642B8572-9C4E-40A2-AAD9-5BA69ABCAB48}
		{DDC65B9C-20CC-4ECA-82A9-DC98D78CC12A} = {642B8572-9C4E-40A2-AAD9-5BA69ABCAB48}
		{29F73967-24AC-438D-957E-7FF3EDC6840E} = {642B8572-9C4E-40A2-AAD9-5BA69ABCAB48}
		{22173E83-BA63-4C4D-A1B3-D0D06DC55333} = {642B8572-9C4E-40A2-AAD9-5BA69ABCAB48}
		{8E1293E3-E238-4C04-8291-3CF6299E5222} = {642B8572-9C4E-40A2-AAD9-5BA69ABCAB48}
		{BE17D6C0-82B8-484F-860B-6801388A43C2} = {642B8572-9C4E-40A2-AAD9-5BA69ABCAB48}
		{D416A024-3C8A-47CD-A0F3-FC19EC9F1222} = {642B8572-9C4E-40A2-AAD9-5BA69ABCAB48}
		{BA7FE9D9-14B1-4734-9E97-AEE911009333} = {642B8572-9C4E-40A2-AAD9-5BA69ABCAB48}
		{BB61C937-9A6C-45F4-84F2-507A801F8DC9} = {D3AEDC1F-5761-45D9-8563-69AAC394D5A3}
		{447A45A1-DC27-4F4B-8BAD-282AD94AC45B} = {D3AEDC1F-5761-45D9-8563-69AAC394D5A3}
		{1FA8B487-2B83-4B2E-8A70-1D3AB83DE774} = {D3AEDC1F-5761-45D9-8563-69AAC394D5A3}
		{9264CD9E-3A27-4BC8-AE32-846BFBA0F9CB} = {D3AEDC1F-5761-45D9-8563-69AAC394D5A3}
		{D512AC95-C894-4DC7-B6DB-961C054FB1CD} = {D3AEDC1F-5761-45D9-8563-69AAC394D5A3}
		{99361C6F-C615-4508-9DAC-314DA9DB0B66} = {D3AEDC1F-5761-45D9-8563-69AAC394D5A3}
		{A6BD5016-0FF8-47FB-88FB-815A54EC62B3} = {D3AEDC1F-5761-45D9-8563-69AAC394D5A3}
		{200C76E0-85DF-4915-AABD-8DC8D1D41EBC} = {D3AEDC1F-5761-45D9-8563-69AAC394D5A3}
		{0C185C34-5480-47A8-B58F-19F6624ADEF4} = {D3AEDC1F-5761-45D9-8563-69AAC394D5A3}
		{6F1DB555-D2FF-4E2C-8F20-4A012D6F4581} = {D3AEDC1F-5761-45D9-8563-69AAC394D5A3}
	EndGlobalSection
EndGlobal
