
Microsoft Visual Studio Solution File, Format Version 11.00
# Visual Studio 2010
Project("{FAE04EC0-301F-11D3-BF4B-00C04F79EFBC}") = "Symbiote.Core", "Symbiote.Core\Symbiote.Core.csproj", "{DFE559D0-8A63-4798-83A9-CA781A6D627C}"
EndProject
Project("{FAE04EC0-301F-11D3-BF4B-00C04F79EFBC}") = "Symbiote.StructureMap", "Symbiote.StructureMap\Symbiote.StructureMap.csproj", "{DDC65B9C-20CC-4ECA-82A9-DC98D78CC12A}"
EndProject
Project("{FAE04EC0-301F-11D3-BF4B-00C04F79EFBC}") = "Symbiote.Rabbit", "Symbiote.Rabbit\Symbiote.Rabbit.csproj", "{8E1293E3-E238-4C04-8291-3CF6299E5222}"
EndProject
Project("{FAE04EC0-301F-11D3-BF4B-00C04F79EFBC}") = "Symbiote.Qpid", "Symbiote.Qpid\Symbiote.Qpid.csproj", "{7EAB5FE0-CC06-45FA-99D7-37B27B23518A}"
EndProject
Project("{F2A71F9B-5D33-465A-A702-920D77279786}") = "Symbiote.Fibers", "Symbiote.Fibers\Symbiote.Fibers.fsproj", "{D59C4A03-AA90-4891-BC64-2634DA41BDA5}"
EndProject
Project("{FAE04EC0-301F-11D3-BF4B-00C04F79EFBC}") = "Symbiote.Messaging", "Symbiote.Messaging\Symbiote.Messaging.csproj", "{22173E83-BA63-4C4D-A1B3-D0D06DC55333}"
EndProject
Project("{FAE04EC0-301F-11D3-BF4B-00C04F79EFBC}") = "Symbiote.Jackalope", "Symbiote.Jackalope\Symbiote.Jackalope.csproj", "{C1118B7F-17E7-4091-9878-E0D3CD09E9B6}"
EndProject
Project("{FAE04EC0-301F-11D3-BF4B-00C04F79EFBC}") = "Messaging.Tests", "..\tests\Messaging.Tests\Messaging.Tests.csproj", "{D512AC95-C894-4DC7-B6DB-961C054FB1CD}"
EndProject
Project("{2150E333-8FDC-42A3-9474-1A3956D46DE8}") = "Core", "Core", "{DDE88E9D-59EE-47DB-90D6-F1353B21F799}"
EndProject
Project("{2150E333-8FDC-42A3-9474-1A3956D46DE8}") = "Tests", "Tests", "{4FDBCA6D-74F4-4587-A12B-0C93A92B982F}"
EndProject
Project("{FAE04EC0-301F-11D3-BF4B-00C04F79EFBC}") = "Rabbit.Tests", "..\tests\Rabbit.Tests\Rabbit.Tests.csproj", "{99361C6F-C615-4508-9DAC-314DA9DB0B66}"
EndProject
Project("{2150E333-8FDC-42A3-9474-1A3956D46DE8}") = "Channels", "Channels", "{3E554B77-0C56-4728-AE42-2445B898DAD5}"
EndProject
Project("{2150E333-8FDC-42A3-9474-1A3956D46DE8}") = "Demo", "Demo", "{C6037230-91E2-4A4C-A8BE-DFEF6F8D36CB}"
EndProject
Project("{FAE04EC0-301F-11D3-BF4B-00C04F79EFBC}") = "RabbitDemo.Messages", "..\demo\RabbitDemo.Messages\RabbitDemo.Messages.csproj", "{5045939B-F75D-42AD-95B3-C87B824715A6}"
EndProject
Project("{FAE04EC0-301F-11D3-BF4B-00C04F79EFBC}") = "RabbitDemo.Publisher", "..\demo\RabbitDemo.Publisher\RabbitDemo.Publisher.csproj", "{A31AD84B-3FA3-4A82-B45D-A5907F275F62}"
EndProject
Project("{FAE04EC0-301F-11D3-BF4B-00C04F79EFBC}") = "RabbitDemo.Subscriber", "..\demo\RabbitDemo.Subscriber\RabbitDemo.Subscriber.csproj", "{1988DEB7-E4B5-4F22-94E8-98B78A456489}"
EndProject
Project("{FAE04EC0-301F-11D3-BF4B-00C04F79EFBC}") = "Symbiote.Log4Net", "Symbiote.Log4Net\Symbiote.Log4Net.csproj", "{2A11B3F6-CBDF-463C-A507-5694AA5236BC}"
EndProject
Project("{FAE04EC0-301F-11D3-BF4B-00C04F79EFBC}") = "Symbiote.Daemon", "Symbiote.Daemon\Symbiote.Daemon.csproj", "{CB367053-4CC6-4F58-BD6B-434FF601D765}"
EndProject
Global
	GlobalSection(SolutionConfigurationPlatforms) = preSolution
		Debug|Any CPU = Debug|Any CPU
		Debug|Mixed Platforms = Debug|Mixed Platforms
		Debug|x86 = Debug|x86
		Demo|Any CPU = Demo|Any CPU
		Demo|Mixed Platforms = Demo|Mixed Platforms
		Demo|x86 = Demo|x86
		Release|Any CPU = Release|Any CPU
		Release|Mixed Platforms = Release|Mixed Platforms
		Release|x86 = Release|x86
		Silverlight|Any CPU = Silverlight|Any CPU
		Silverlight|Mixed Platforms = Silverlight|Mixed Platforms
		Silverlight|x86 = Silverlight|x86
		Unmerged|Any CPU = Unmerged|Any CPU
		Unmerged|Mixed Platforms = Unmerged|Mixed Platforms
		Unmerged|x86 = Unmerged|x86
	EndGlobalSection
	GlobalSection(ProjectConfigurationPlatforms) = postSolution
		{DFE559D0-8A63-4798-83A9-CA781A6D627C}.Debug|Any CPU.ActiveCfg = Debug|Any CPU
		{DFE559D0-8A63-4798-83A9-CA781A6D627C}.Debug|Any CPU.Build.0 = Debug|Any CPU
		{DFE559D0-8A63-4798-83A9-CA781A6D627C}.Debug|Mixed Platforms.ActiveCfg = Debug|Any CPU
		{DFE559D0-8A63-4798-83A9-CA781A6D627C}.Debug|Mixed Platforms.Build.0 = Debug|Any CPU
		{DFE559D0-8A63-4798-83A9-CA781A6D627C}.Debug|x86.ActiveCfg = Debug|Any CPU
		{DFE559D0-8A63-4798-83A9-CA781A6D627C}.Demo|Any CPU.ActiveCfg = Demo|Any CPU
		{DFE559D0-8A63-4798-83A9-CA781A6D627C}.Demo|Any CPU.Build.0 = Demo|Any CPU
		{DFE559D0-8A63-4798-83A9-CA781A6D627C}.Demo|Mixed Platforms.ActiveCfg = Demo|Any CPU
		{DFE559D0-8A63-4798-83A9-CA781A6D627C}.Demo|Mixed Platforms.Build.0 = Demo|Any CPU
		{DFE559D0-8A63-4798-83A9-CA781A6D627C}.Demo|x86.ActiveCfg = Demo|Any CPU
		{DFE559D0-8A63-4798-83A9-CA781A6D627C}.Release|Any CPU.ActiveCfg = Release|Any CPU
		{DFE559D0-8A63-4798-83A9-CA781A6D627C}.Release|Any CPU.Build.0 = Release|Any CPU
		{DFE559D0-8A63-4798-83A9-CA781A6D627C}.Release|Mixed Platforms.ActiveCfg = Release|Any CPU
		{DFE559D0-8A63-4798-83A9-CA781A6D627C}.Release|Mixed Platforms.Build.0 = Release|Any CPU
		{DFE559D0-8A63-4798-83A9-CA781A6D627C}.Release|x86.ActiveCfg = Release|Any CPU
		{DFE559D0-8A63-4798-83A9-CA781A6D627C}.Silverlight|Any CPU.ActiveCfg = Silverlight|Any CPU
		{DFE559D0-8A63-4798-83A9-CA781A6D627C}.Silverlight|Any CPU.Build.0 = Silverlight|Any CPU
		{DFE559D0-8A63-4798-83A9-CA781A6D627C}.Silverlight|Mixed Platforms.ActiveCfg = Silverlight|Any CPU
		{DFE559D0-8A63-4798-83A9-CA781A6D627C}.Silverlight|Mixed Platforms.Build.0 = Silverlight|Any CPU
		{DFE559D0-8A63-4798-83A9-CA781A6D627C}.Silverlight|x86.ActiveCfg = Silverlight|Any CPU
		{DFE559D0-8A63-4798-83A9-CA781A6D627C}.Unmerged|Any CPU.ActiveCfg = Unmerged|Any CPU
		{DFE559D0-8A63-4798-83A9-CA781A6D627C}.Unmerged|Any CPU.Build.0 = Unmerged|Any CPU
		{DFE559D0-8A63-4798-83A9-CA781A6D627C}.Unmerged|Mixed Platforms.ActiveCfg = Unmerged|Any CPU
		{DFE559D0-8A63-4798-83A9-CA781A6D627C}.Unmerged|Mixed Platforms.Build.0 = Unmerged|Any CPU
		{DFE559D0-8A63-4798-83A9-CA781A6D627C}.Unmerged|x86.ActiveCfg = Unmerged|Any CPU
		{DDC65B9C-20CC-4ECA-82A9-DC98D78CC12A}.Debug|Any CPU.ActiveCfg = Debug|Any CPU
		{DDC65B9C-20CC-4ECA-82A9-DC98D78CC12A}.Debug|Any CPU.Build.0 = Debug|Any CPU
		{DDC65B9C-20CC-4ECA-82A9-DC98D78CC12A}.Debug|Mixed Platforms.ActiveCfg = Debug|Any CPU
		{DDC65B9C-20CC-4ECA-82A9-DC98D78CC12A}.Debug|Mixed Platforms.Build.0 = Debug|Any CPU
		{DDC65B9C-20CC-4ECA-82A9-DC98D78CC12A}.Debug|x86.ActiveCfg = Debug|Any CPU
		{DDC65B9C-20CC-4ECA-82A9-DC98D78CC12A}.Demo|Any CPU.ActiveCfg = Demo|Any CPU
		{DDC65B9C-20CC-4ECA-82A9-DC98D78CC12A}.Demo|Any CPU.Build.0 = Demo|Any CPU
		{DDC65B9C-20CC-4ECA-82A9-DC98D78CC12A}.Demo|Mixed Platforms.ActiveCfg = Demo|Any CPU
		{DDC65B9C-20CC-4ECA-82A9-DC98D78CC12A}.Demo|Mixed Platforms.Build.0 = Demo|Any CPU
		{DDC65B9C-20CC-4ECA-82A9-DC98D78CC12A}.Demo|x86.ActiveCfg = Demo|Any CPU
		{DDC65B9C-20CC-4ECA-82A9-DC98D78CC12A}.Release|Any CPU.ActiveCfg = Release|Any CPU
		{DDC65B9C-20CC-4ECA-82A9-DC98D78CC12A}.Release|Any CPU.Build.0 = Release|Any CPU
		{DDC65B9C-20CC-4ECA-82A9-DC98D78CC12A}.Release|Mixed Platforms.ActiveCfg = Release|Any CPU
		{DDC65B9C-20CC-4ECA-82A9-DC98D78CC12A}.Release|Mixed Platforms.Build.0 = Release|Any CPU
		{DDC65B9C-20CC-4ECA-82A9-DC98D78CC12A}.Release|x86.ActiveCfg = Release|Any CPU
		{DDC65B9C-20CC-4ECA-82A9-DC98D78CC12A}.Silverlight|Any CPU.ActiveCfg = Silverlight|Any CPU
		{DDC65B9C-20CC-4ECA-82A9-DC98D78CC12A}.Silverlight|Any CPU.Build.0 = Silverlight|Any CPU
		{DDC65B9C-20CC-4ECA-82A9-DC98D78CC12A}.Silverlight|Mixed Platforms.ActiveCfg = Silverlight|Any CPU
		{DDC65B9C-20CC-4ECA-82A9-DC98D78CC12A}.Silverlight|Mixed Platforms.Build.0 = Silverlight|Any CPU
		{DDC65B9C-20CC-4ECA-82A9-DC98D78CC12A}.Silverlight|x86.ActiveCfg = Silverlight|Any CPU
		{DDC65B9C-20CC-4ECA-82A9-DC98D78CC12A}.Unmerged|Any CPU.ActiveCfg = Unmerged|Any CPU
		{DDC65B9C-20CC-4ECA-82A9-DC98D78CC12A}.Unmerged|Any CPU.Build.0 = Unmerged|Any CPU
		{DDC65B9C-20CC-4ECA-82A9-DC98D78CC12A}.Unmerged|Mixed Platforms.ActiveCfg = Unmerged|Any CPU
		{DDC65B9C-20CC-4ECA-82A9-DC98D78CC12A}.Unmerged|Mixed Platforms.Build.0 = Unmerged|Any CPU
		{DDC65B9C-20CC-4ECA-82A9-DC98D78CC12A}.Unmerged|x86.ActiveCfg = Unmerged|Any CPU
		{8E1293E3-E238-4C04-8291-3CF6299E5222}.Debug|Any CPU.ActiveCfg = Debug|Any CPU
		{8E1293E3-E238-4C04-8291-3CF6299E5222}.Debug|Any CPU.Build.0 = Debug|Any CPU
		{8E1293E3-E238-4C04-8291-3CF6299E5222}.Debug|Mixed Platforms.ActiveCfg = Debug|Any CPU
		{8E1293E3-E238-4C04-8291-3CF6299E5222}.Debug|Mixed Platforms.Build.0 = Debug|Any CPU
		{8E1293E3-E238-4C04-8291-3CF6299E5222}.Debug|x86.ActiveCfg = Debug|Any CPU
		{8E1293E3-E238-4C04-8291-3CF6299E5222}.Demo|Any CPU.ActiveCfg = Debug|Any CPU
		{8E1293E3-E238-4C04-8291-3CF6299E5222}.Demo|Any CPU.Build.0 = Debug|Any CPU
		{8E1293E3-E238-4C04-8291-3CF6299E5222}.Demo|Mixed Platforms.ActiveCfg = Debug|Any CPU
		{8E1293E3-E238-4C04-8291-3CF6299E5222}.Demo|Mixed Platforms.Build.0 = Debug|Any CPU
		{8E1293E3-E238-4C04-8291-3CF6299E5222}.Demo|x86.ActiveCfg = Debug|Any CPU
		{8E1293E3-E238-4C04-8291-3CF6299E5222}.Release|Any CPU.ActiveCfg = Release|Any CPU
		{8E1293E3-E238-4C04-8291-3CF6299E5222}.Release|Any CPU.Build.0 = Release|Any CPU
		{8E1293E3-E238-4C04-8291-3CF6299E5222}.Release|Mixed Platforms.ActiveCfg = Release|Any CPU
		{8E1293E3-E238-4C04-8291-3CF6299E5222}.Release|Mixed Platforms.Build.0 = Release|Any CPU
		{8E1293E3-E238-4C04-8291-3CF6299E5222}.Release|x86.ActiveCfg = Release|Any CPU
		{8E1293E3-E238-4C04-8291-3CF6299E5222}.Silverlight|Any CPU.ActiveCfg = Release|Any CPU
		{8E1293E3-E238-4C04-8291-3CF6299E5222}.Silverlight|Any CPU.Build.0 = Release|Any CPU
		{8E1293E3-E238-4C04-8291-3CF6299E5222}.Silverlight|Mixed Platforms.ActiveCfg = Release|Any CPU
		{8E1293E3-E238-4C04-8291-3CF6299E5222}.Silverlight|Mixed Platforms.Build.0 = Release|Any CPU
		{8E1293E3-E238-4C04-8291-3CF6299E5222}.Silverlight|x86.ActiveCfg = Release|Any CPU
		{8E1293E3-E238-4C04-8291-3CF6299E5222}.Unmerged|Any CPU.ActiveCfg = Release|Any CPU
		{8E1293E3-E238-4C04-8291-3CF6299E5222}.Unmerged|Any CPU.Build.0 = Release|Any CPU
		{8E1293E3-E238-4C04-8291-3CF6299E5222}.Unmerged|Mixed Platforms.ActiveCfg = Release|Any CPU
		{8E1293E3-E238-4C04-8291-3CF6299E5222}.Unmerged|Mixed Platforms.Build.0 = Release|Any CPU
		{8E1293E3-E238-4C04-8291-3CF6299E5222}.Unmerged|x86.ActiveCfg = Release|Any CPU
		{7EAB5FE0-CC06-45FA-99D7-37B27B23518A}.Debug|Any CPU.ActiveCfg = Debug|Any CPU
		{7EAB5FE0-CC06-45FA-99D7-37B27B23518A}.Debug|Any CPU.Build.0 = Debug|Any CPU
		{7EAB5FE0-CC06-45FA-99D7-37B27B23518A}.Debug|Mixed Platforms.ActiveCfg = Debug|Any CPU
		{7EAB5FE0-CC06-45FA-99D7-37B27B23518A}.Debug|Mixed Platforms.Build.0 = Debug|Any CPU
		{7EAB5FE0-CC06-45FA-99D7-37B27B23518A}.Debug|x86.ActiveCfg = Debug|Any CPU
		{7EAB5FE0-CC06-45FA-99D7-37B27B23518A}.Demo|Any CPU.ActiveCfg = Debug|Any CPU
		{7EAB5FE0-CC06-45FA-99D7-37B27B23518A}.Demo|Any CPU.Build.0 = Debug|Any CPU
		{7EAB5FE0-CC06-45FA-99D7-37B27B23518A}.Demo|Mixed Platforms.ActiveCfg = Debug|Any CPU
		{7EAB5FE0-CC06-45FA-99D7-37B27B23518A}.Demo|Mixed Platforms.Build.0 = Debug|Any CPU
		{7EAB5FE0-CC06-45FA-99D7-37B27B23518A}.Demo|x86.ActiveCfg = Debug|Any CPU
		{7EAB5FE0-CC06-45FA-99D7-37B27B23518A}.Release|Any CPU.ActiveCfg = Release|Any CPU
		{7EAB5FE0-CC06-45FA-99D7-37B27B23518A}.Release|Any CPU.Build.0 = Release|Any CPU
		{7EAB5FE0-CC06-45FA-99D7-37B27B23518A}.Release|Mixed Platforms.ActiveCfg = Release|Any CPU
		{7EAB5FE0-CC06-45FA-99D7-37B27B23518A}.Release|Mixed Platforms.Build.0 = Release|Any CPU
		{7EAB5FE0-CC06-45FA-99D7-37B27B23518A}.Release|x86.ActiveCfg = Release|Any CPU
		{7EAB5FE0-CC06-45FA-99D7-37B27B23518A}.Silverlight|Any CPU.ActiveCfg = Release|Any CPU
		{7EAB5FE0-CC06-45FA-99D7-37B27B23518A}.Silverlight|Any CPU.Build.0 = Release|Any CPU
		{7EAB5FE0-CC06-45FA-99D7-37B27B23518A}.Silverlight|Mixed Platforms.ActiveCfg = Release|Any CPU
		{7EAB5FE0-CC06-45FA-99D7-37B27B23518A}.Silverlight|Mixed Platforms.Build.0 = Release|Any CPU
		{7EAB5FE0-CC06-45FA-99D7-37B27B23518A}.Silverlight|x86.ActiveCfg = Release|Any CPU
		{7EAB5FE0-CC06-45FA-99D7-37B27B23518A}.Unmerged|Any CPU.ActiveCfg = Release|Any CPU
		{7EAB5FE0-CC06-45FA-99D7-37B27B23518A}.Unmerged|Any CPU.Build.0 = Release|Any CPU
		{7EAB5FE0-CC06-45FA-99D7-37B27B23518A}.Unmerged|Mixed Platforms.ActiveCfg = Release|Any CPU
		{7EAB5FE0-CC06-45FA-99D7-37B27B23518A}.Unmerged|Mixed Platforms.Build.0 = Release|Any CPU
		{7EAB5FE0-CC06-45FA-99D7-37B27B23518A}.Unmerged|x86.ActiveCfg = Release|Any CPU
		{D59C4A03-AA90-4891-BC64-2634DA41BDA5}.Debug|Any CPU.ActiveCfg = Debug|Any CPU
		{D59C4A03-AA90-4891-BC64-2634DA41BDA5}.Debug|Any CPU.Build.0 = Debug|Any CPU
		{D59C4A03-AA90-4891-BC64-2634DA41BDA5}.Debug|Mixed Platforms.ActiveCfg = Debug|Any CPU
		{D59C4A03-AA90-4891-BC64-2634DA41BDA5}.Debug|Mixed Platforms.Build.0 = Debug|Any CPU
		{D59C4A03-AA90-4891-BC64-2634DA41BDA5}.Debug|x86.ActiveCfg = Debug|Any CPU
		{D59C4A03-AA90-4891-BC64-2634DA41BDA5}.Demo|Any CPU.ActiveCfg = Debug|Any CPU
		{D59C4A03-AA90-4891-BC64-2634DA41BDA5}.Demo|Any CPU.Build.0 = Debug|Any CPU
		{D59C4A03-AA90-4891-BC64-2634DA41BDA5}.Demo|Mixed Platforms.ActiveCfg = Debug|Any CPU
		{D59C4A03-AA90-4891-BC64-2634DA41BDA5}.Demo|Mixed Platforms.Build.0 = Debug|Any CPU
		{D59C4A03-AA90-4891-BC64-2634DA41BDA5}.Demo|x86.ActiveCfg = Debug|Any CPU
		{D59C4A03-AA90-4891-BC64-2634DA41BDA5}.Release|Any CPU.ActiveCfg = Release|Any CPU
		{D59C4A03-AA90-4891-BC64-2634DA41BDA5}.Release|Any CPU.Build.0 = Release|Any CPU
		{D59C4A03-AA90-4891-BC64-2634DA41BDA5}.Release|Mixed Platforms.ActiveCfg = Release|Any CPU
		{D59C4A03-AA90-4891-BC64-2634DA41BDA5}.Release|Mixed Platforms.Build.0 = Release|Any CPU
		{D59C4A03-AA90-4891-BC64-2634DA41BDA5}.Release|x86.ActiveCfg = Release|Any CPU
		{D59C4A03-AA90-4891-BC64-2634DA41BDA5}.Silverlight|Any CPU.ActiveCfg = Release|Any CPU
		{D59C4A03-AA90-4891-BC64-2634DA41BDA5}.Silverlight|Any CPU.Build.0 = Release|Any CPU
		{D59C4A03-AA90-4891-BC64-2634DA41BDA5}.Silverlight|Mixed Platforms.ActiveCfg = Release|Any CPU
		{D59C4A03-AA90-4891-BC64-2634DA41BDA5}.Silverlight|Mixed Platforms.Build.0 = Release|Any CPU
		{D59C4A03-AA90-4891-BC64-2634DA41BDA5}.Silverlight|x86.ActiveCfg = Release|Any CPU
		{D59C4A03-AA90-4891-BC64-2634DA41BDA5}.Unmerged|Any CPU.ActiveCfg = Release|Any CPU
		{D59C4A03-AA90-4891-BC64-2634DA41BDA5}.Unmerged|Any CPU.Build.0 = Release|Any CPU
		{D59C4A03-AA90-4891-BC64-2634DA41BDA5}.Unmerged|Mixed Platforms.ActiveCfg = Release|Any CPU
		{D59C4A03-AA90-4891-BC64-2634DA41BDA5}.Unmerged|Mixed Platforms.Build.0 = Release|Any CPU
		{D59C4A03-AA90-4891-BC64-2634DA41BDA5}.Unmerged|x86.ActiveCfg = Release|Any CPU
		{22173E83-BA63-4C4D-A1B3-D0D06DC55333}.Debug|Any CPU.ActiveCfg = Debug|Any CPU
		{22173E83-BA63-4C4D-A1B3-D0D06DC55333}.Debug|Any CPU.Build.0 = Debug|Any CPU
		{22173E83-BA63-4C4D-A1B3-D0D06DC55333}.Debug|Mixed Platforms.ActiveCfg = Debug|Any CPU
		{22173E83-BA63-4C4D-A1B3-D0D06DC55333}.Debug|Mixed Platforms.Build.0 = Debug|Any CPU
		{22173E83-BA63-4C4D-A1B3-D0D06DC55333}.Debug|x86.ActiveCfg = Debug|Any CPU
		{22173E83-BA63-4C4D-A1B3-D0D06DC55333}.Demo|Any CPU.ActiveCfg = Debug|Any CPU
		{22173E83-BA63-4C4D-A1B3-D0D06DC55333}.Demo|Any CPU.Build.0 = Debug|Any CPU
		{22173E83-BA63-4C4D-A1B3-D0D06DC55333}.Demo|Mixed Platforms.ActiveCfg = Debug|Any CPU
		{22173E83-BA63-4C4D-A1B3-D0D06DC55333}.Demo|Mixed Platforms.Build.0 = Debug|Any CPU
		{22173E83-BA63-4C4D-A1B3-D0D06DC55333}.Demo|x86.ActiveCfg = Debug|Any CPU
		{22173E83-BA63-4C4D-A1B3-D0D06DC55333}.Release|Any CPU.ActiveCfg = Release|Any CPU
		{22173E83-BA63-4C4D-A1B3-D0D06DC55333}.Release|Any CPU.Build.0 = Release|Any CPU
		{22173E83-BA63-4C4D-A1B3-D0D06DC55333}.Release|Mixed Platforms.ActiveCfg = Release|Any CPU
		{22173E83-BA63-4C4D-A1B3-D0D06DC55333}.Release|Mixed Platforms.Build.0 = Release|Any CPU
		{22173E83-BA63-4C4D-A1B3-D0D06DC55333}.Release|x86.ActiveCfg = Release|Any CPU
		{22173E83-BA63-4C4D-A1B3-D0D06DC55333}.Silverlight|Any CPU.ActiveCfg = Release|Any CPU
		{22173E83-BA63-4C4D-A1B3-D0D06DC55333}.Silverlight|Any CPU.Build.0 = Release|Any CPU
		{22173E83-BA63-4C4D-A1B3-D0D06DC55333}.Silverlight|Mixed Platforms.ActiveCfg = Release|Any CPU
		{22173E83-BA63-4C4D-A1B3-D0D06DC55333}.Silverlight|Mixed Platforms.Build.0 = Release|Any CPU
		{22173E83-BA63-4C4D-A1B3-D0D06DC55333}.Silverlight|x86.ActiveCfg = Release|Any CPU
		{22173E83-BA63-4C4D-A1B3-D0D06DC55333}.Unmerged|Any CPU.ActiveCfg = Release|Any CPU
		{22173E83-BA63-4C4D-A1B3-D0D06DC55333}.Unmerged|Any CPU.Build.0 = Release|Any CPU
		{22173E83-BA63-4C4D-A1B3-D0D06DC55333}.Unmerged|Mixed Platforms.ActiveCfg = Release|Any CPU
		{22173E83-BA63-4C4D-A1B3-D0D06DC55333}.Unmerged|Mixed Platforms.Build.0 = Release|Any CPU
		{22173E83-BA63-4C4D-A1B3-D0D06DC55333}.Unmerged|x86.ActiveCfg = Release|Any CPU
		{C1118B7F-17E7-4091-9878-E0D3CD09E9B6}.Debug|Any CPU.ActiveCfg = Debug|Any CPU
		{C1118B7F-17E7-4091-9878-E0D3CD09E9B6}.Debug|Any CPU.Build.0 = Debug|Any CPU
		{C1118B7F-17E7-4091-9878-E0D3CD09E9B6}.Debug|Mixed Platforms.ActiveCfg = Debug|Any CPU
		{C1118B7F-17E7-4091-9878-E0D3CD09E9B6}.Debug|x86.ActiveCfg = Debug|Any CPU
		{C1118B7F-17E7-4091-9878-E0D3CD09E9B6}.Demo|Any CPU.ActiveCfg = Demo|Any CPU
		{C1118B7F-17E7-4091-9878-E0D3CD09E9B6}.Demo|Any CPU.Build.0 = Demo|Any CPU
		{C1118B7F-17E7-4091-9878-E0D3CD09E9B6}.Demo|Mixed Platforms.ActiveCfg = Demo|Any CPU
		{C1118B7F-17E7-4091-9878-E0D3CD09E9B6}.Demo|x86.ActiveCfg = Demo|Any CPU
		{C1118B7F-17E7-4091-9878-E0D3CD09E9B6}.Release|Any CPU.ActiveCfg = Release|Any CPU
		{C1118B7F-17E7-4091-9878-E0D3CD09E9B6}.Release|Any CPU.Build.0 = Release|Any CPU
		{C1118B7F-17E7-4091-9878-E0D3CD09E9B6}.Release|Mixed Platforms.ActiveCfg = Release|Any CPU
		{C1118B7F-17E7-4091-9878-E0D3CD09E9B6}.Release|x86.ActiveCfg = Release|Any CPU
		{C1118B7F-17E7-4091-9878-E0D3CD09E9B6}.Silverlight|Any CPU.ActiveCfg = Silverlight|Any CPU
		{C1118B7F-17E7-4091-9878-E0D3CD09E9B6}.Silverlight|Any CPU.Build.0 = Silverlight|Any CPU
		{C1118B7F-17E7-4091-9878-E0D3CD09E9B6}.Silverlight|Mixed Platforms.ActiveCfg = Silverlight|Any CPU
		{C1118B7F-17E7-4091-9878-E0D3CD09E9B6}.Silverlight|x86.ActiveCfg = Silverlight|Any CPU
		{C1118B7F-17E7-4091-9878-E0D3CD09E9B6}.Unmerged|Any CPU.ActiveCfg = Unmerged|Any CPU
		{C1118B7F-17E7-4091-9878-E0D3CD09E9B6}.Unmerged|Any CPU.Build.0 = Unmerged|Any CPU
		{C1118B7F-17E7-4091-9878-E0D3CD09E9B6}.Unmerged|Mixed Platforms.ActiveCfg = Unmerged|Any CPU
		{C1118B7F-17E7-4091-9878-E0D3CD09E9B6}.Unmerged|x86.ActiveCfg = Unmerged|Any CPU
		{D512AC95-C894-4DC7-B6DB-961C054FB1CD}.Debug|Any CPU.ActiveCfg = Debug|Any CPU
		{D512AC95-C894-4DC7-B6DB-961C054FB1CD}.Debug|Any CPU.Build.0 = Debug|Any CPU
		{D512AC95-C894-4DC7-B6DB-961C054FB1CD}.Debug|Mixed Platforms.ActiveCfg = Debug|Any CPU
		{D512AC95-C894-4DC7-B6DB-961C054FB1CD}.Debug|Mixed Platforms.Build.0 = Debug|Any CPU
		{D512AC95-C894-4DC7-B6DB-961C054FB1CD}.Debug|x86.ActiveCfg = Debug|Any CPU
		{D512AC95-C894-4DC7-B6DB-961C054FB1CD}.Demo|Any CPU.ActiveCfg = Debug|Any CPU
		{D512AC95-C894-4DC7-B6DB-961C054FB1CD}.Demo|Any CPU.Build.0 = Debug|Any CPU
		{D512AC95-C894-4DC7-B6DB-961C054FB1CD}.Demo|Mixed Platforms.ActiveCfg = Debug|Any CPU
		{D512AC95-C894-4DC7-B6DB-961C054FB1CD}.Demo|Mixed Platforms.Build.0 = Debug|Any CPU
		{D512AC95-C894-4DC7-B6DB-961C054FB1CD}.Demo|x86.ActiveCfg = Debug|Any CPU
		{D512AC95-C894-4DC7-B6DB-961C054FB1CD}.Release|Any CPU.ActiveCfg = Release|Any CPU
		{D512AC95-C894-4DC7-B6DB-961C054FB1CD}.Release|Any CPU.Build.0 = Release|Any CPU
		{D512AC95-C894-4DC7-B6DB-961C054FB1CD}.Release|Mixed Platforms.ActiveCfg = Release|Any CPU
		{D512AC95-C894-4DC7-B6DB-961C054FB1CD}.Release|Mixed Platforms.Build.0 = Release|Any CPU
		{D512AC95-C894-4DC7-B6DB-961C054FB1CD}.Release|x86.ActiveCfg = Release|Any CPU
		{D512AC95-C894-4DC7-B6DB-961C054FB1CD}.Silverlight|Any CPU.ActiveCfg = Release|Any CPU
		{D512AC95-C894-4DC7-B6DB-961C054FB1CD}.Silverlight|Any CPU.Build.0 = Release|Any CPU
		{D512AC95-C894-4DC7-B6DB-961C054FB1CD}.Silverlight|Mixed Platforms.ActiveCfg = Release|Any CPU
		{D512AC95-C894-4DC7-B6DB-961C054FB1CD}.Silverlight|Mixed Platforms.Build.0 = Release|Any CPU
		{D512AC95-C894-4DC7-B6DB-961C054FB1CD}.Silverlight|x86.ActiveCfg = Release|Any CPU
		{D512AC95-C894-4DC7-B6DB-961C054FB1CD}.Unmerged|Any CPU.ActiveCfg = Release|Any CPU
		{D512AC95-C894-4DC7-B6DB-961C054FB1CD}.Unmerged|Any CPU.Build.0 = Release|Any CPU
		{D512AC95-C894-4DC7-B6DB-961C054FB1CD}.Unmerged|Mixed Platforms.ActiveCfg = Release|Any CPU
		{D512AC95-C894-4DC7-B6DB-961C054FB1CD}.Unmerged|Mixed Platforms.Build.0 = Release|Any CPU
		{D512AC95-C894-4DC7-B6DB-961C054FB1CD}.Unmerged|x86.ActiveCfg = Release|Any CPU
		{99361C6F-C615-4508-9DAC-314DA9DB0B66}.Debug|Any CPU.ActiveCfg = Debug|Any CPU
		{99361C6F-C615-4508-9DAC-314DA9DB0B66}.Debug|Any CPU.Build.0 = Debug|Any CPU
		{99361C6F-C615-4508-9DAC-314DA9DB0B66}.Debug|Mixed Platforms.ActiveCfg = Debug|Any CPU
		{99361C6F-C615-4508-9DAC-314DA9DB0B66}.Debug|Mixed Platforms.Build.0 = Debug|Any CPU
		{99361C6F-C615-4508-9DAC-314DA9DB0B66}.Debug|x86.ActiveCfg = Debug|Any CPU
		{99361C6F-C615-4508-9DAC-314DA9DB0B66}.Demo|Any CPU.ActiveCfg = Debug|Any CPU
		{99361C6F-C615-4508-9DAC-314DA9DB0B66}.Demo|Any CPU.Build.0 = Debug|Any CPU
		{99361C6F-C615-4508-9DAC-314DA9DB0B66}.Demo|Mixed Platforms.ActiveCfg = Debug|Any CPU
		{99361C6F-C615-4508-9DAC-314DA9DB0B66}.Demo|Mixed Platforms.Build.0 = Debug|Any CPU
		{99361C6F-C615-4508-9DAC-314DA9DB0B66}.Demo|x86.ActiveCfg = Debug|Any CPU
		{99361C6F-C615-4508-9DAC-314DA9DB0B66}.Release|Any CPU.ActiveCfg = Release|Any CPU
		{99361C6F-C615-4508-9DAC-314DA9DB0B66}.Release|Any CPU.Build.0 = Release|Any CPU
		{99361C6F-C615-4508-9DAC-314DA9DB0B66}.Release|Mixed Platforms.ActiveCfg = Release|Any CPU
		{99361C6F-C615-4508-9DAC-314DA9DB0B66}.Release|Mixed Platforms.Build.0 = Release|Any CPU
		{99361C6F-C615-4508-9DAC-314DA9DB0B66}.Release|x86.ActiveCfg = Release|Any CPU
		{99361C6F-C615-4508-9DAC-314DA9DB0B66}.Silverlight|Any CPU.ActiveCfg = Release|Any CPU
		{99361C6F-C615-4508-9DAC-314DA9DB0B66}.Silverlight|Any CPU.Build.0 = Release|Any CPU
		{99361C6F-C615-4508-9DAC-314DA9DB0B66}.Silverlight|Mixed Platforms.ActiveCfg = Release|Any CPU
		{99361C6F-C615-4508-9DAC-314DA9DB0B66}.Silverlight|Mixed Platforms.Build.0 = Release|Any CPU
		{99361C6F-C615-4508-9DAC-314DA9DB0B66}.Silverlight|x86.ActiveCfg = Release|Any CPU
		{99361C6F-C615-4508-9DAC-314DA9DB0B66}.Unmerged|Any CPU.ActiveCfg = Release|Any CPU
		{99361C6F-C615-4508-9DAC-314DA9DB0B66}.Unmerged|Any CPU.Build.0 = Release|Any CPU
		{99361C6F-C615-4508-9DAC-314DA9DB0B66}.Unmerged|Mixed Platforms.ActiveCfg = Release|Any CPU
		{99361C6F-C615-4508-9DAC-314DA9DB0B66}.Unmerged|Mixed Platforms.Build.0 = Release|Any CPU
		{99361C6F-C615-4508-9DAC-314DA9DB0B66}.Unmerged|x86.ActiveCfg = Release|Any CPU
		{5045939B-F75D-42AD-95B3-C87B824715A6}.Debug|Any CPU.ActiveCfg = Debug|Any CPU
		{5045939B-F75D-42AD-95B3-C87B824715A6}.Debug|Any CPU.Build.0 = Debug|Any CPU
		{5045939B-F75D-42AD-95B3-C87B824715A6}.Debug|Mixed Platforms.ActiveCfg = Debug|Any CPU
		{5045939B-F75D-42AD-95B3-C87B824715A6}.Debug|Mixed Platforms.Build.0 = Debug|Any CPU
		{5045939B-F75D-42AD-95B3-C87B824715A6}.Debug|x86.ActiveCfg = Debug|Any CPU
		{5045939B-F75D-42AD-95B3-C87B824715A6}.Demo|Any CPU.ActiveCfg = Debug|Any CPU
		{5045939B-F75D-42AD-95B3-C87B824715A6}.Demo|Any CPU.Build.0 = Debug|Any CPU
		{5045939B-F75D-42AD-95B3-C87B824715A6}.Demo|Mixed Platforms.ActiveCfg = Debug|Any CPU
		{5045939B-F75D-42AD-95B3-C87B824715A6}.Demo|Mixed Platforms.Build.0 = Debug|Any CPU
		{5045939B-F75D-42AD-95B3-C87B824715A6}.Demo|x86.ActiveCfg = Debug|Any CPU
		{5045939B-F75D-42AD-95B3-C87B824715A6}.Release|Any CPU.ActiveCfg = Release|Any CPU
		{5045939B-F75D-42AD-95B3-C87B824715A6}.Release|Any CPU.Build.0 = Release|Any CPU
		{5045939B-F75D-42AD-95B3-C87B824715A6}.Release|Mixed Platforms.ActiveCfg = Release|Any CPU
		{5045939B-F75D-42AD-95B3-C87B824715A6}.Release|Mixed Platforms.Build.0 = Release|Any CPU
		{5045939B-F75D-42AD-95B3-C87B824715A6}.Release|x86.ActiveCfg = Release|Any CPU
		{5045939B-F75D-42AD-95B3-C87B824715A6}.Silverlight|Any CPU.ActiveCfg = Release|Any CPU
		{5045939B-F75D-42AD-95B3-C87B824715A6}.Silverlight|Any CPU.Build.0 = Release|Any CPU
		{5045939B-F75D-42AD-95B3-C87B824715A6}.Silverlight|Mixed Platforms.ActiveCfg = Release|Any CPU
		{5045939B-F75D-42AD-95B3-C87B824715A6}.Silverlight|Mixed Platforms.Build.0 = Release|Any CPU
		{5045939B-F75D-42AD-95B3-C87B824715A6}.Silverlight|x86.ActiveCfg = Release|Any CPU
		{5045939B-F75D-42AD-95B3-C87B824715A6}.Unmerged|Any CPU.ActiveCfg = Release|Any CPU
		{5045939B-F75D-42AD-95B3-C87B824715A6}.Unmerged|Any CPU.Build.0 = Release|Any CPU
		{5045939B-F75D-42AD-95B3-C87B824715A6}.Unmerged|Mixed Platforms.ActiveCfg = Release|Any CPU
		{5045939B-F75D-42AD-95B3-C87B824715A6}.Unmerged|Mixed Platforms.Build.0 = Release|Any CPU
		{5045939B-F75D-42AD-95B3-C87B824715A6}.Unmerged|x86.ActiveCfg = Release|Any CPU
		{A31AD84B-3FA3-4A82-B45D-A5907F275F62}.Debug|Any CPU.ActiveCfg = Debug|x86
		{A31AD84B-3FA3-4A82-B45D-A5907F275F62}.Debug|Mixed Platforms.ActiveCfg = Debug|x86
		{A31AD84B-3FA3-4A82-B45D-A5907F275F62}.Debug|Mixed Platforms.Build.0 = Debug|x86
		{A31AD84B-3FA3-4A82-B45D-A5907F275F62}.Debug|x86.ActiveCfg = Debug|x86
		{A31AD84B-3FA3-4A82-B45D-A5907F275F62}.Debug|x86.Build.0 = Debug|x86
		{A31AD84B-3FA3-4A82-B45D-A5907F275F62}.Demo|Any CPU.ActiveCfg = Debug|x86
		{A31AD84B-3FA3-4A82-B45D-A5907F275F62}.Demo|Mixed Platforms.ActiveCfg = Debug|x86
		{A31AD84B-3FA3-4A82-B45D-A5907F275F62}.Demo|Mixed Platforms.Build.0 = Debug|x86
		{A31AD84B-3FA3-4A82-B45D-A5907F275F62}.Demo|x86.ActiveCfg = Debug|x86
		{A31AD84B-3FA3-4A82-B45D-A5907F275F62}.Demo|x86.Build.0 = Debug|x86
		{A31AD84B-3FA3-4A82-B45D-A5907F275F62}.Release|Any CPU.ActiveCfg = Release|x86
		{A31AD84B-3FA3-4A82-B45D-A5907F275F62}.Release|Mixed Platforms.ActiveCfg = Release|x86
		{A31AD84B-3FA3-4A82-B45D-A5907F275F62}.Release|Mixed Platforms.Build.0 = Release|x86
		{A31AD84B-3FA3-4A82-B45D-A5907F275F62}.Release|x86.ActiveCfg = Release|x86
		{A31AD84B-3FA3-4A82-B45D-A5907F275F62}.Release|x86.Build.0 = Release|x86
		{A31AD84B-3FA3-4A82-B45D-A5907F275F62}.Silverlight|Any CPU.ActiveCfg = Release|x86
		{A31AD84B-3FA3-4A82-B45D-A5907F275F62}.Silverlight|Mixed Platforms.ActiveCfg = Release|x86
		{A31AD84B-3FA3-4A82-B45D-A5907F275F62}.Silverlight|Mixed Platforms.Build.0 = Release|x86
		{A31AD84B-3FA3-4A82-B45D-A5907F275F62}.Silverlight|x86.ActiveCfg = Release|x86
		{A31AD84B-3FA3-4A82-B45D-A5907F275F62}.Silverlight|x86.Build.0 = Release|x86
		{A31AD84B-3FA3-4A82-B45D-A5907F275F62}.Unmerged|Any CPU.ActiveCfg = Release|x86
		{A31AD84B-3FA3-4A82-B45D-A5907F275F62}.Unmerged|Mixed Platforms.ActiveCfg = Release|x86
		{A31AD84B-3FA3-4A82-B45D-A5907F275F62}.Unmerged|Mixed Platforms.Build.0 = Release|x86
		{A31AD84B-3FA3-4A82-B45D-A5907F275F62}.Unmerged|x86.ActiveCfg = Release|x86
		{A31AD84B-3FA3-4A82-B45D-A5907F275F62}.Unmerged|x86.Build.0 = Release|x86
		{1988DEB7-E4B5-4F22-94E8-98B78A456489}.Debug|Any CPU.ActiveCfg = Debug|x86
		{1988DEB7-E4B5-4F22-94E8-98B78A456489}.Debug|Mixed Platforms.ActiveCfg = Debug|x86
		{1988DEB7-E4B5-4F22-94E8-98B78A456489}.Debug|Mixed Platforms.Build.0 = Debug|x86
		{1988DEB7-E4B5-4F22-94E8-98B78A456489}.Debug|x86.ActiveCfg = Debug|x86
		{1988DEB7-E4B5-4F22-94E8-98B78A456489}.Debug|x86.Build.0 = Debug|x86
		{1988DEB7-E4B5-4F22-94E8-98B78A456489}.Demo|Any CPU.ActiveCfg = Debug|x86
		{1988DEB7-E4B5-4F22-94E8-98B78A456489}.Demo|Mixed Platforms.ActiveCfg = Debug|x86
		{1988DEB7-E4B5-4F22-94E8-98B78A456489}.Demo|Mixed Platforms.Build.0 = Debug|x86
		{1988DEB7-E4B5-4F22-94E8-98B78A456489}.Demo|x86.ActiveCfg = Debug|x86
		{1988DEB7-E4B5-4F22-94E8-98B78A456489}.Demo|x86.Build.0 = Debug|x86
		{1988DEB7-E4B5-4F22-94E8-98B78A456489}.Release|Any CPU.ActiveCfg = Release|x86
		{1988DEB7-E4B5-4F22-94E8-98B78A456489}.Release|Mixed Platforms.ActiveCfg = Release|x86
		{1988DEB7-E4B5-4F22-94E8-98B78A456489}.Release|Mixed Platforms.Build.0 = Release|x86
		{1988DEB7-E4B5-4F22-94E8-98B78A456489}.Release|x86.ActiveCfg = Release|x86
		{1988DEB7-E4B5-4F22-94E8-98B78A456489}.Release|x86.Build.0 = Release|x86
		{1988DEB7-E4B5-4F22-94E8-98B78A456489}.Silverlight|Any CPU.ActiveCfg = Release|x86
		{1988DEB7-E4B5-4F22-94E8-98B78A456489}.Silverlight|Mixed Platforms.ActiveCfg = Release|x86
		{1988DEB7-E4B5-4F22-94E8-98B78A456489}.Silverlight|Mixed Platforms.Build.0 = Release|x86
		{1988DEB7-E4B5-4F22-94E8-98B78A456489}.Silverlight|x86.ActiveCfg = Release|x86
		{1988DEB7-E4B5-4F22-94E8-98B78A456489}.Silverlight|x86.Build.0 = Release|x86
		{1988DEB7-E4B5-4F22-94E8-98B78A456489}.Unmerged|Any CPU.ActiveCfg = Release|x86
		{1988DEB7-E4B5-4F22-94E8-98B78A456489}.Unmerged|Mixed Platforms.ActiveCfg = Release|x86
		{1988DEB7-E4B5-4F22-94E8-98B78A456489}.Unmerged|Mixed Platforms.Build.0 = Release|x86
		{1988DEB7-E4B5-4F22-94E8-98B78A456489}.Unmerged|x86.ActiveCfg = Release|x86
		{1988DEB7-E4B5-4F22-94E8-98B78A456489}.Unmerged|x86.Build.0 = Release|x86
		{2A11B3F6-CBDF-463C-A507-5694AA5236BC}.Debug|Any CPU.ActiveCfg = Debug|Any CPU
		{2A11B3F6-CBDF-463C-A507-5694AA5236BC}.Debug|Any CPU.Build.0 = Debug|Any CPU
		{2A11B3F6-CBDF-463C-A507-5694AA5236BC}.Debug|Mixed Platforms.ActiveCfg = Debug|Any CPU
		{2A11B3F6-CBDF-463C-A507-5694AA5236BC}.Debug|Mixed Platforms.Build.0 = Debug|Any CPU
		{2A11B3F6-CBDF-463C-A507-5694AA5236BC}.Debug|x86.ActiveCfg = Debug|Any CPU
		{2A11B3F6-CBDF-463C-A507-5694AA5236BC}.Demo|Any CPU.ActiveCfg = Demo|Any CPU
		{2A11B3F6-CBDF-463C-A507-5694AA5236BC}.Demo|Any CPU.Build.0 = Demo|Any CPU
		{2A11B3F6-CBDF-463C-A507-5694AA5236BC}.Demo|Mixed Platforms.ActiveCfg = Demo|Any CPU
		{2A11B3F6-CBDF-463C-A507-5694AA5236BC}.Demo|Mixed Platforms.Build.0 = Demo|Any CPU
		{2A11B3F6-CBDF-463C-A507-5694AA5236BC}.Demo|x86.ActiveCfg = Demo|Any CPU
		{2A11B3F6-CBDF-463C-A507-5694AA5236BC}.Release|Any CPU.ActiveCfg = Release|Any CPU
		{2A11B3F6-CBDF-463C-A507-5694AA5236BC}.Release|Any CPU.Build.0 = Release|Any CPU
		{2A11B3F6-CBDF-463C-A507-5694AA5236BC}.Release|Mixed Platforms.ActiveCfg = Release|Any CPU
		{2A11B3F6-CBDF-463C-A507-5694AA5236BC}.Release|Mixed Platforms.Build.0 = Release|Any CPU
		{2A11B3F6-CBDF-463C-A507-5694AA5236BC}.Release|x86.ActiveCfg = Release|Any CPU
		{2A11B3F6-CBDF-463C-A507-5694AA5236BC}.Silverlight|Any CPU.ActiveCfg = Silverlight|Any CPU
		{2A11B3F6-CBDF-463C-A507-5694AA5236BC}.Silverlight|Any CPU.Build.0 = Silverlight|Any CPU
		{2A11B3F6-CBDF-463C-A507-5694AA5236BC}.Silverlight|Mixed Platforms.ActiveCfg = Silverlight|Any CPU
		{2A11B3F6-CBDF-463C-A507-5694AA5236BC}.Silverlight|Mixed Platforms.Build.0 = Silverlight|Any CPU
		{2A11B3F6-CBDF-463C-A507-5694AA5236BC}.Silverlight|x86.ActiveCfg = Silverlight|Any CPU
		{2A11B3F6-CBDF-463C-A507-5694AA5236BC}.Unmerged|Any CPU.ActiveCfg = Unmerged|Any CPU
		{2A11B3F6-CBDF-463C-A507-5694AA5236BC}.Unmerged|Any CPU.Build.0 = Unmerged|Any CPU
		{2A11B3F6-CBDF-463C-A507-5694AA5236BC}.Unmerged|Mixed Platforms.ActiveCfg = Unmerged|Any CPU
		{2A11B3F6-CBDF-463C-A507-5694AA5236BC}.Unmerged|Mixed Platforms.Build.0 = Unmerged|Any CPU
		{2A11B3F6-CBDF-463C-A507-5694AA5236BC}.Unmerged|x86.ActiveCfg = Unmerged|Any CPU
		{CB367053-4CC6-4F58-BD6B-434FF601D765}.Debug|Any CPU.ActiveCfg = Debug|Any CPU
		{CB367053-4CC6-4F58-BD6B-434FF601D765}.Debug|Any CPU.Build.0 = Debug|Any CPU
		{CB367053-4CC6-4F58-BD6B-434FF601D765}.Debug|Mixed Platforms.ActiveCfg = Debug|Any CPU
		{CB367053-4CC6-4F58-BD6B-434FF601D765}.Debug|Mixed Platforms.Build.0 = Debug|Any CPU
		{CB367053-4CC6-4F58-BD6B-434FF601D765}.Debug|x86.ActiveCfg = Debug|Any CPU
		{CB367053-4CC6-4F58-BD6B-434FF601D765}.Demo|Any CPU.ActiveCfg = Demo|Any CPU
		{CB367053-4CC6-4F58-BD6B-434FF601D765}.Demo|Any CPU.Build.0 = Demo|Any CPU
		{CB367053-4CC6-4F58-BD6B-434FF601D765}.Demo|Mixed Platforms.ActiveCfg = Demo|Any CPU
		{CB367053-4CC6-4F58-BD6B-434FF601D765}.Demo|Mixed Platforms.Build.0 = Demo|Any CPU
		{CB367053-4CC6-4F58-BD6B-434FF601D765}.Demo|x86.ActiveCfg = Demo|Any CPU
		{CB367053-4CC6-4F58-BD6B-434FF601D765}.Release|Any CPU.ActiveCfg = Release|Any CPU
		{CB367053-4CC6-4F58-BD6B-434FF601D765}.Release|Any CPU.Build.0 = Release|Any CPU
		{CB367053-4CC6-4F58-BD6B-434FF601D765}.Release|Mixed Platforms.ActiveCfg = Release|Any CPU
		{CB367053-4CC6-4F58-BD6B-434FF601D765}.Release|Mixed Platforms.Build.0 = Release|Any CPU
		{CB367053-4CC6-4F58-BD6B-434FF601D765}.Release|x86.ActiveCfg = Release|Any CPU
		{CB367053-4CC6-4F58-BD6B-434FF601D765}.Silverlight|Any CPU.ActiveCfg = Silverlight|Any CPU
		{CB367053-4CC6-4F58-BD6B-434FF601D765}.Silverlight|Any CPU.Build.0 = Silverlight|Any CPU
		{CB367053-4CC6-4F58-BD6B-434FF601D765}.Silverlight|Mixed Platforms.ActiveCfg = Silverlight|Any CPU
		{CB367053-4CC6-4F58-BD6B-434FF601D765}.Silverlight|Mixed Platforms.Build.0 = Silverlight|Any CPU
		{CB367053-4CC6-4F58-BD6B-434FF601D765}.Silverlight|x86.ActiveCfg = Silverlight|Any CPU
		{CB367053-4CC6-4F58-BD6B-434FF601D765}.Unmerged|Any CPU.ActiveCfg = Unmerged|Any CPU
		{CB367053-4CC6-4F58-BD6B-434FF601D765}.Unmerged|Any CPU.Build.0 = Unmerged|Any CPU
		{CB367053-4CC6-4F58-BD6B-434FF601D765}.Unmerged|Mixed Platforms.ActiveCfg = Unmerged|Any CPU
		{CB367053-4CC6-4F58-BD6B-434FF601D765}.Unmerged|Mixed Platforms.Build.0 = Unmerged|Any CPU
		{CB367053-4CC6-4F58-BD6B-434FF601D765}.Unmerged|x86.ActiveCfg = Unmerged|Any CPU
	EndGlobalSection
	GlobalSection(SolutionProperties) = preSolution
		HideSolutionNode = FALSE
	EndGlobalSection
	GlobalSection(NestedProjects) = preSolution
		{DDC65B9C-20CC-4ECA-82A9-DC98D78CC12A} = {DDE88E9D-59EE-47DB-90D6-F1353B21F799}
		{D59C4A03-AA90-4891-BC64-2634DA41BDA5} = {DDE88E9D-59EE-47DB-90D6-F1353B21F799}
		{22173E83-BA63-4C4D-A1B3-D0D06DC55333} = {DDE88E9D-59EE-47DB-90D6-F1353B21F799}
		{DFE559D0-8A63-4798-83A9-CA781A6D627C} = {DDE88E9D-59EE-47DB-90D6-F1353B21F799}
		{2A11B3F6-CBDF-463C-A507-5694AA5236BC} = {DDE88E9D-59EE-47DB-90D6-F1353B21F799}
		{CB367053-4CC6-4F58-BD6B-434FF601D765} = {DDE88E9D-59EE-47DB-90D6-F1353B21F799}
		{7EAB5FE0-CC06-45FA-99D7-37B27B23518A} = {3E554B77-0C56-4728-AE42-2445B898DAD5}
		{8E1293E3-E238-4C04-8291-3CF6299E5222} = {3E554B77-0C56-4728-AE42-2445B898DAD5}
		{D512AC95-C894-4DC7-B6DB-961C054FB1CD} = {4FDBCA6D-74F4-4587-A12B-0C93A92B982F}
		{99361C6F-C615-4508-9DAC-314DA9DB0B66} = {4FDBCA6D-74F4-4587-A12B-0C93A92B982F}
		{5045939B-F75D-42AD-95B3-C87B824715A6} = {C6037230-91E2-4A4C-A8BE-DFEF6F8D36CB}
		{A31AD84B-3FA3-4A82-B45D-A5907F275F62} = {C6037230-91E2-4A4C-A8BE-DFEF6F8D36CB}
		{1988DEB7-E4B5-4F22-94E8-98B78A456489} = {C6037230-91E2-4A4C-A8BE-DFEF6F8D36CB}
	EndGlobalSection
EndGlobal
