
Microsoft Visual Studio Solution File, Format Version 11.00
# Visual Studio 2010
Project("{FAE04EC0-301F-11D3-BF4B-00C04F79EFBC}") = "Symbiote.Core", "Symbiote.Core\Symbiote.Core.csproj", "{DFE559D0-8A63-4798-83A9-CA781A6D627C}"
EndProject
Project("{FAE04EC0-301F-11D3-BF4B-00C04F79EFBC}") = "Symbiote.StructureMap", "Symbiote.StructureMap\Symbiote.StructureMap.csproj", "{DDC65B9C-20CC-4ECA-82A9-DC98D78CC12A}"
EndProject
Project("{FAE04EC0-301F-11D3-BF4B-00C04F79EFBC}") = "Symbiote.Rabbit", "Symbiote.Rabbit\Symbiote.Rabbit.csproj", "{8E1293E3-E238-4C04-8291-3CF6299E5222}"
EndProject
Project("{FAE04EC0-301F-11D3-BF4B-00C04F79EFBC}") = "Symbiote.Qpid", "Symbiote.Qpid\Symbiote.Qpid.csproj", "{7EAB5FE0-CC06-45FA-99D7-37B27B23518A}"
EndProject
Project("{F2A71F9B-5D33-465A-A702-920D77279786}") = "Symbiote.Fibers", "Symbiote.Fibers\Symbiote.Fibers.fsproj", "{D59C4A03-AA90-4891-BC64-2634DA41BDA5}"
EndProject
Project("{FAE04EC0-301F-11D3-BF4B-00C04F79EFBC}") = "Symbiote.Messaging", "Symbiote.Messaging\Symbiote.Messaging.csproj", "{22173E83-BA63-4C4D-A1B3-D0D06DC55333}"
EndProject
Project("{FAE04EC0-301F-11D3-BF4B-00C04F79EFBC}") = "Symbiote.Jackalope", "Symbiote.Jackalope\Symbiote.Jackalope.csproj", "{C1118B7F-17E7-4091-9878-E0D3CD09E9B6}"
EndProject
Project("{FAE04EC0-301F-11D3-BF4B-00C04F79EFBC}") = "Messaging.Tests", "..\tests\Messaging.Tests\Messaging.Tests.csproj", "{D512AC95-C894-4DC7-B6DB-961C054FB1CD}"
EndProject
Project("{2150E333-8FDC-42A3-9474-1A3956D46DE8}") = "Core", "Core", "{DDE88E9D-59EE-47DB-90D6-F1353B21F799}"
EndProject
Project("{2150E333-8FDC-42A3-9474-1A3956D46DE8}") = "Tests", "Tests", "{4FDBCA6D-74F4-4587-A12B-0C93A92B982F}"
EndProject
Project("{FAE04EC0-301F-11D3-BF4B-00C04F79EFBC}") = "Rabbit.Tests", "..\tests\Rabbit.Tests\Rabbit.Tests.csproj", "{99361C6F-C615-4508-9DAC-314DA9DB0B66}"
EndProject
Global
	GlobalSection(SolutionConfigurationPlatforms) = preSolution
		Debug|Any CPU = Debug|Any CPU
		Demo|Any CPU = Demo|Any CPU
		Release|Any CPU = Release|Any CPU
		Silverlight|Any CPU = Silverlight|Any CPU
		Unmerged|Any CPU = Unmerged|Any CPU
	EndGlobalSection
	GlobalSection(ProjectConfigurationPlatforms) = postSolution
		{DFE559D0-8A63-4798-83A9-CA781A6D627C}.Debug|Any CPU.ActiveCfg = Debug|Any CPU
		{DFE559D0-8A63-4798-83A9-CA781A6D627C}.Debug|Any CPU.Build.0 = Debug|Any CPU
		{DFE559D0-8A63-4798-83A9-CA781A6D627C}.Demo|Any CPU.ActiveCfg = Demo|Any CPU
		{DFE559D0-8A63-4798-83A9-CA781A6D627C}.Demo|Any CPU.Build.0 = Demo|Any CPU
		{DFE559D0-8A63-4798-83A9-CA781A6D627C}.Release|Any CPU.ActiveCfg = Release|Any CPU
		{DFE559D0-8A63-4798-83A9-CA781A6D627C}.Release|Any CPU.Build.0 = Release|Any CPU
		{DFE559D0-8A63-4798-83A9-CA781A6D627C}.Silverlight|Any CPU.ActiveCfg = Silverlight|Any CPU
		{DFE559D0-8A63-4798-83A9-CA781A6D627C}.Silverlight|Any CPU.Build.0 = Silverlight|Any CPU
		{DFE559D0-8A63-4798-83A9-CA781A6D627C}.Unmerged|Any CPU.ActiveCfg = Unmerged|Any CPU
		{DFE559D0-8A63-4798-83A9-CA781A6D627C}.Unmerged|Any CPU.Build.0 = Unmerged|Any CPU
		{DDC65B9C-20CC-4ECA-82A9-DC98D78CC12A}.Debug|Any CPU.ActiveCfg = Debug|Any CPU
		{DDC65B9C-20CC-4ECA-82A9-DC98D78CC12A}.Debug|Any CPU.Build.0 = Debug|Any CPU
		{DDC65B9C-20CC-4ECA-82A9-DC98D78CC12A}.Demo|Any CPU.ActiveCfg = Demo|Any CPU
		{DDC65B9C-20CC-4ECA-82A9-DC98D78CC12A}.Demo|Any CPU.Build.0 = Demo|Any CPU
		{DDC65B9C-20CC-4ECA-82A9-DC98D78CC12A}.Release|Any CPU.ActiveCfg = Release|Any CPU
		{DDC65B9C-20CC-4ECA-82A9-DC98D78CC12A}.Release|Any CPU.Build.0 = Release|Any CPU
		{DDC65B9C-20CC-4ECA-82A9-DC98D78CC12A}.Silverlight|Any CPU.ActiveCfg = Silverlight|Any CPU
		{DDC65B9C-20CC-4ECA-82A9-DC98D78CC12A}.Silverlight|Any CPU.Build.0 = Silverlight|Any CPU
		{DDC65B9C-20CC-4ECA-82A9-DC98D78CC12A}.Unmerged|Any CPU.ActiveCfg = Unmerged|Any CPU
		{DDC65B9C-20CC-4ECA-82A9-DC98D78CC12A}.Unmerged|Any CPU.Build.0 = Unmerged|Any CPU
		{8E1293E3-E238-4C04-8291-3CF6299E5222}.Debug|Any CPU.ActiveCfg = Debug|Any CPU
		{8E1293E3-E238-4C04-8291-3CF6299E5222}.Debug|Any CPU.Build.0 = Debug|Any CPU
		{8E1293E3-E238-4C04-8291-3CF6299E5222}.Demo|Any CPU.ActiveCfg = Debug|Any CPU
		{8E1293E3-E238-4C04-8291-3CF6299E5222}.Demo|Any CPU.Build.0 = Debug|Any CPU
		{8E1293E3-E238-4C04-8291-3CF6299E5222}.Release|Any CPU.ActiveCfg = Release|Any CPU
		{8E1293E3-E238-4C04-8291-3CF6299E5222}.Release|Any CPU.Build.0 = Release|Any CPU
		{8E1293E3-E238-4C04-8291-3CF6299E5222}.Silverlight|Any CPU.ActiveCfg = Release|Any CPU
		{8E1293E3-E238-4C04-8291-3CF6299E5222}.Silverlight|Any CPU.Build.0 = Release|Any CPU
		{8E1293E3-E238-4C04-8291-3CF6299E5222}.Unmerged|Any CPU.ActiveCfg = Release|Any CPU
		{8E1293E3-E238-4C04-8291-3CF6299E5222}.Unmerged|Any CPU.Build.0 = Release|Any CPU
		{7EAB5FE0-CC06-45FA-99D7-37B27B23518A}.Debug|Any CPU.ActiveCfg = Debug|Any CPU
		{7EAB5FE0-CC06-45FA-99D7-37B27B23518A}.Debug|Any CPU.Build.0 = Debug|Any CPU
		{7EAB5FE0-CC06-45FA-99D7-37B27B23518A}.Demo|Any CPU.ActiveCfg = Debug|Any CPU
		{7EAB5FE0-CC06-45FA-99D7-37B27B23518A}.Demo|Any CPU.Build.0 = Debug|Any CPU
		{7EAB5FE0-CC06-45FA-99D7-37B27B23518A}.Release|Any CPU.ActiveCfg = Release|Any CPU
		{7EAB5FE0-CC06-45FA-99D7-37B27B23518A}.Release|Any CPU.Build.0 = Release|Any CPU
		{7EAB5FE0-CC06-45FA-99D7-37B27B23518A}.Silverlight|Any CPU.ActiveCfg = Release|Any CPU
		{7EAB5FE0-CC06-45FA-99D7-37B27B23518A}.Silverlight|Any CPU.Build.0 = Release|Any CPU
		{7EAB5FE0-CC06-45FA-99D7-37B27B23518A}.Unmerged|Any CPU.ActiveCfg = Release|Any CPU
		{7EAB5FE0-CC06-45FA-99D7-37B27B23518A}.Unmerged|Any CPU.Build.0 = Release|Any CPU
		{D59C4A03-AA90-4891-BC64-2634DA41BDA5}.Debug|Any CPU.ActiveCfg = Debug|Any CPU
		{D59C4A03-AA90-4891-BC64-2634DA41BDA5}.Debug|Any CPU.Build.0 = Debug|Any CPU
		{D59C4A03-AA90-4891-BC64-2634DA41BDA5}.Demo|Any CPU.ActiveCfg = Debug|Any CPU
		{D59C4A03-AA90-4891-BC64-2634DA41BDA5}.Demo|Any CPU.Build.0 = Debug|Any CPU
		{D59C4A03-AA90-4891-BC64-2634DA41BDA5}.Release|Any CPU.ActiveCfg = Release|Any CPU
		{D59C4A03-AA90-4891-BC64-2634DA41BDA5}.Release|Any CPU.Build.0 = Release|Any CPU
		{D59C4A03-AA90-4891-BC64-2634DA41BDA5}.Silverlight|Any CPU.ActiveCfg = Release|Any CPU
		{D59C4A03-AA90-4891-BC64-2634DA41BDA5}.Silverlight|Any CPU.Build.0 = Release|Any CPU
		{D59C4A03-AA90-4891-BC64-2634DA41BDA5}.Unmerged|Any CPU.ActiveCfg = Release|Any CPU
		{D59C4A03-AA90-4891-BC64-2634DA41BDA5}.Unmerged|Any CPU.Build.0 = Release|Any CPU
		{22173E83-BA63-4C4D-A1B3-D0D06DC55333}.Debug|Any CPU.ActiveCfg = Debug|Any CPU
		{22173E83-BA63-4C4D-A1B3-D0D06DC55333}.Debug|Any CPU.Build.0 = Debug|Any CPU
		{22173E83-BA63-4C4D-A1B3-D0D06DC55333}.Demo|Any CPU.ActiveCfg = Debug|Any CPU
		{22173E83-BA63-4C4D-A1B3-D0D06DC55333}.Demo|Any CPU.Build.0 = Debug|Any CPU
		{22173E83-BA63-4C4D-A1B3-D0D06DC55333}.Release|Any CPU.ActiveCfg = Release|Any CPU
		{22173E83-BA63-4C4D-A1B3-D0D06DC55333}.Release|Any CPU.Build.0 = Release|Any CPU
		{22173E83-BA63-4C4D-A1B3-D0D06DC55333}.Silverlight|Any CPU.ActiveCfg = Release|Any CPU
		{22173E83-BA63-4C4D-A1B3-D0D06DC55333}.Silverlight|Any CPU.Build.0 = Release|Any CPU
		{22173E83-BA63-4C4D-A1B3-D0D06DC55333}.Unmerged|Any CPU.ActiveCfg = Release|Any CPU
		{22173E83-BA63-4C4D-A1B3-D0D06DC55333}.Unmerged|Any CPU.Build.0 = Release|Any CPU
		{C1118B7F-17E7-4091-9878-E0D3CD09E9B6}.Debug|Any CPU.ActiveCfg = Debug|Any CPU
		{C1118B7F-17E7-4091-9878-E0D3CD09E9B6}.Debug|Any CPU.Build.0 = Debug|Any CPU
		{C1118B7F-17E7-4091-9878-E0D3CD09E9B6}.Demo|Any CPU.ActiveCfg = Demo|Any CPU
		{C1118B7F-17E7-4091-9878-E0D3CD09E9B6}.Demo|Any CPU.Build.0 = Demo|Any CPU
		{C1118B7F-17E7-4091-9878-E0D3CD09E9B6}.Release|Any CPU.ActiveCfg = Release|Any CPU
		{C1118B7F-17E7-4091-9878-E0D3CD09E9B6}.Release|Any CPU.Build.0 = Release|Any CPU
		{C1118B7F-17E7-4091-9878-E0D3CD09E9B6}.Silverlight|Any CPU.ActiveCfg = Silverlight|Any CPU
		{C1118B7F-17E7-4091-9878-E0D3CD09E9B6}.Silverlight|Any CPU.Build.0 = Silverlight|Any CPU
		{C1118B7F-17E7-4091-9878-E0D3CD09E9B6}.Unmerged|Any CPU.ActiveCfg = Unmerged|Any CPU
		{C1118B7F-17E7-4091-9878-E0D3CD09E9B6}.Unmerged|Any CPU.Build.0 = Unmerged|Any CPU
		{D512AC95-C894-4DC7-B6DB-961C054FB1CD}.Debug|Any CPU.ActiveCfg = Debug|Any CPU
		{D512AC95-C894-4DC7-B6DB-961C054FB1CD}.Debug|Any CPU.Build.0 = Debug|Any CPU
		{D512AC95-C894-4DC7-B6DB-961C054FB1CD}.Demo|Any CPU.ActiveCfg = Debug|Any CPU
		{D512AC95-C894-4DC7-B6DB-961C054FB1CD}.Demo|Any CPU.Build.0 = Debug|Any CPU
		{D512AC95-C894-4DC7-B6DB-961C054FB1CD}.Release|Any CPU.ActiveCfg = Release|Any CPU
		{D512AC95-C894-4DC7-B6DB-961C054FB1CD}.Release|Any CPU.Build.0 = Release|Any CPU
		{D512AC95-C894-4DC7-B6DB-961C054FB1CD}.Silverlight|Any CPU.ActiveCfg = Release|Any CPU
		{D512AC95-C894-4DC7-B6DB-961C054FB1CD}.Silverlight|Any CPU.Build.0 = Release|Any CPU
		{D512AC95-C894-4DC7-B6DB-961C054FB1CD}.Unmerged|Any CPU.ActiveCfg = Release|Any CPU
		{D512AC95-C894-4DC7-B6DB-961C054FB1CD}.Unmerged|Any CPU.Build.0 = Release|Any CPU
		{99361C6F-C615-4508-9DAC-314DA9DB0B66}.Debug|Any CPU.ActiveCfg = Debug|Any CPU
		{99361C6F-C615-4508-9DAC-314DA9DB0B66}.Debug|Any CPU.Build.0 = Debug|Any CPU
		{99361C6F-C615-4508-9DAC-314DA9DB0B66}.Demo|Any CPU.ActiveCfg = Debug|Any CPU
		{99361C6F-C615-4508-9DAC-314DA9DB0B66}.Demo|Any CPU.Build.0 = Debug|Any CPU
		{99361C6F-C615-4508-9DAC-314DA9DB0B66}.Release|Any CPU.ActiveCfg = Release|Any CPU
		{99361C6F-C615-4508-9DAC-314DA9DB0B66}.Release|Any CPU.Build.0 = Release|Any CPU
		{99361C6F-C615-4508-9DAC-314DA9DB0B66}.Silverlight|Any CPU.ActiveCfg = Release|Any CPU
		{99361C6F-C615-4508-9DAC-314DA9DB0B66}.Silverlight|Any CPU.Build.0 = Release|Any CPU
		{99361C6F-C615-4508-9DAC-314DA9DB0B66}.Unmerged|Any CPU.ActiveCfg = Release|Any CPU
		{99361C6F-C615-4508-9DAC-314DA9DB0B66}.Unmerged|Any CPU.Build.0 = Release|Any CPU
	EndGlobalSection
	GlobalSection(SolutionProperties) = preSolution
		HideSolutionNode = FALSE
	EndGlobalSection
	GlobalSection(NestedProjects) = preSolution
		{DFE559D0-8A63-4798-83A9-CA781A6D627C} = {DDE88E9D-59EE-47DB-90D6-F1353B21F799}
		{D59C4A03-AA90-4891-BC64-2634DA41BDA5} = {DDE88E9D-59EE-47DB-90D6-F1353B21F799}
		{22173E83-BA63-4C4D-A1B3-D0D06DC55333} = {DDE88E9D-59EE-47DB-90D6-F1353B21F799}
		{DDC65B9C-20CC-4ECA-82A9-DC98D78CC12A} = {DDE88E9D-59EE-47DB-90D6-F1353B21F799}
		{D512AC95-C894-4DC7-B6DB-961C054FB1CD} = {4FDBCA6D-74F4-4587-A12B-0C93A92B982F}
		{99361C6F-C615-4508-9DAC-314DA9DB0B66} = {4FDBCA6D-74F4-4587-A12B-0C93A92B982F}
	EndGlobalSection
EndGlobal
