
Microsoft Visual Studio Solution File, Format Version 11.00
# Visual Studio 2010
Project("{2150E333-8FDC-42A3-9474-1A3956D46DE8}") = "Framework", "Framework", "{642B8572-9C4E-40A2-AAD9-5BA69ABCAB48}"
EndProject
Project("{2150E333-8FDC-42A3-9474-1A3956D46DE8}") = "Demo", "Demo", "{135E1771-770B-4CBE-8989-21B1177A5AFF}"
EndProject
Project("{2150E333-8FDC-42A3-9474-1A3956D46DE8}") = "Testing", "Testing", "{D3AEDC1F-5761-45D9-8563-69AAC394D5A3}"
EndProject
Project("{FAE04EC0-301F-11D3-BF4B-00C04F79EFBC}") = "Symbiote.Core", "Symbiote.Core\Symbiote.Core.csproj", "{DFE559D0-8A63-4798-83A9-CA781A6D627C}"
EndProject
Project("{FAE04EC0-301F-11D3-BF4B-00C04F79EFBC}") = "Symbiote.Daemon", "Symbiote.Daemon\Symbiote.Daemon.csproj", "{CB367053-4CC6-4F58-BD6B-434FF601D765}"
EndProject
Project("{FAE04EC0-301F-11D3-BF4B-00C04F79EFBC}") = "Symbiote.Eidetic", "Symbiote.Eidetic\Symbiote.Eidetic.csproj", "{5F7BC676-C3BA-4705-8A40-DBFF382F7DAA}"
EndProject
Project("{FAE04EC0-301F-11D3-BF4B-00C04F79EFBC}") = "Symbiote.Jackalope", "Symbiote.Jackalope\Symbiote.Jackalope.csproj", "{C1118B7F-17E7-4091-9878-E0D3CD09E9B6}"
EndProject
Project("{FAE04EC0-301F-11D3-BF4B-00C04F79EFBC}") = "Symbiote.Relax", "Symbiote.Relax\Symbiote.Relax.csproj", "{82EA8EFB-6B35-4690-9A53-5143C1CC9249}"
EndProject
Project("{FAE04EC0-301F-11D3-BF4B-00C04F79EFBC}") = "Symbiote.Log4Net", "Symbiote.Log4Net\Symbiote.Log4Net.csproj", "{2A11B3F6-CBDF-463C-A507-5694AA5236BC}"
EndProject
Project("{FAE04EC0-301F-11D3-BF4B-00C04F79EFBC}") = "Symbiote.Jabber", "Symbiote.Jabber\Symbiote.Jabber.csproj", "{3DDF0C1A-02E2-4925-9310-2726F289F772}"
EndProject
Project("{FAE04EC0-301F-11D3-BF4B-00C04F79EFBC}") = "Symbiote.Hibernate", "Symbiote.Hibernate\Symbiote.Hibernate.csproj", "{6D7C4F20-D3EA-460F-820D-BC7B9048DCFF}"
EndProject
Project("{FAE04EC0-301F-11D3-BF4B-00C04F79EFBC}") = "Symbiote.Telepathy", "Symbiote.Hypertext\Symbiote.Telepathy.csproj", "{EE5DFF48-5495-41ED-99F0-0E3599573723}"
EndProject
Project("{FAE04EC0-301F-11D3-BF4B-00C04F79EFBC}") = "Jackalope.Tests", "..\tests\Jackalope.Tests\Jackalope.Tests.csproj", "{BE60C6FF-DD5D-4035-9651-5CC838358FCC}"
EndProject
Project("{FAE04EC0-301F-11D3-BF4B-00C04F79EFBC}") = "PublishDemo", "..\demo\PublishDemo\PublishDemo.csproj", "{DBF8938C-8012-4DAF-A24B-680C1A595FC2}"
EndProject
Project("{FAE04EC0-301F-11D3-BF4B-00C04F79EFBC}") = "SubscribeDemo", "..\demo\SubscribeDemo\SubscribeDemo.csproj", "{5544C487-53E4-4FA2-90DA-D34185A4D818}"
EndProject
Project("{2150E333-8FDC-42A3-9474-1A3956D46DE8}") = "Solution Items", "Solution Items", "{34A66805-19DF-4ADC-B329-F44D3612F604}"
EndProject
Project("{2150E333-8FDC-42A3-9474-1A3956D46DE8}") = "Telepathy", "Telepathy", "{90F559BB-B3E7-4BED-863E-F1DE81DCB1E7}"
EndProject
Project("{FAE04EC0-301F-11D3-BF4B-00C04F79EFBC}") = "ClientService", "..\demo\ClientService\ClientService.csproj", "{3FD7EDC5-4F3E-4762-A8DA-02A8307C8258}"
EndProject
Project("{FAE04EC0-301F-11D3-BF4B-00C04F79EFBC}") = "ServerService", "..\demo\ServerService\ServerService.csproj", "{E9DFDC5B-7D8F-4BCC-8CAE-063EBD67F202}"
EndProject
Project("{FAE04EC0-301F-11D3-BF4B-00C04F79EFBC}") = "MonitorService", "..\demo\MonitorService\MonitorService.csproj", "{74370C65-3FA5-4414-A410-B96FE8FCFB6F}"
EndProject
Project("{FAE04EC0-301F-11D3-BF4B-00C04F79EFBC}") = "ControlService", "..\demo\ControlService\ControlService.csproj", "{F1B30A41-C282-4867-A1EF-B8A2D6ACFD06}"
EndProject
Project("{FAE04EC0-301F-11D3-BF4B-00C04F79EFBC}") = "Core.Tests", "..\tests\Core.Tests\Core.Tests.csproj", "{BB61C937-9A6C-45F4-84F2-507A801F8DC9}"
EndProject
Project("{FAE04EC0-301F-11D3-BF4B-00C04F79EFBC}") = "Symbiote.GreyHound", "Symbiote.GreyHound\Symbiote.GreyHound.csproj", "{0EC27A43-4D0E-4F91-A98B-F1DF507E1CEF}"
EndProject
Project("{FAE04EC0-301F-11D3-BF4B-00C04F79EFBC}") = "Symbiote.Web", "Symbiote.Web\Symbiote.Web.csproj", "{9534CDC0-54D0-442E-AE46-B47E4DCE2B03}"
EndProject
Project("{FAE04EC0-301F-11D3-BF4B-00C04F79EFBC}") = "Relax.Tests", "..\tests\Relax.Tests\Relax.Tests.csproj", "{6F1DB555-D2FF-4E2C-8F20-4A012D6F4581}"
EndProject
Project("{2150E333-8FDC-42A3-9474-1A3956D46DE8}") = "Relax", "Relax", "{1629CA99-8736-4052-AE1D-D947DD7B5427}"
EndProject
Project("{FAE04EC0-301F-11D3-BF4B-00C04F79EFBC}") = "RelaxDemo", "RelaxDemo\RelaxDemo.csproj", "{B1BB0BE4-77B7-45D4-A973-C6BAEE76A709}"
EndProject
Project("{2150E333-8FDC-42A3-9474-1A3956D46DE8}") = "Jackalope", "Jackalope", "{58B24604-01F2-493B-942C-65E23F952C52}"
EndProject
Project("{FAE04EC0-301F-11D3-BF4B-00C04F79EFBC}") = "Symbiote.WebSocket", "Symbiote.WebSocket\Symbiote.WebSocket.csproj", "{4DECABA0-8930-4EF5-9153-3CE3C5578875}"
EndProject
Project("{2150E333-8FDC-42A3-9474-1A3956D46DE8}") = "WebSocket", "WebSocket", "{7B765B76-3DAA-455E-A35E-6327ECA7DF06}"
EndProject
Project("{FAE04EC0-301F-11D3-BF4B-00C04F79EFBC}") = "WebSocketService", "..\demo\WebSocketService\WebSocketService.csproj", "{77BEFB01-29E7-44D4-AEF8-EF0BAD312878}"
EndProject
Project("{FAE04EC0-301F-11D3-BF4B-00C04F79EFBC}") = "Symbiote.Warren", "Symbiote.Warren\Symbiote.Warren.csproj", "{04A32975-6423-4611-889C-615C6D6FE75B}"
EndProject
Project("{FAE04EC0-301F-11D3-BF4B-00C04F79EFBC}") = "WarrenService", "..\demo\WarrenService\WarrenService.csproj", "{A70FB068-DA21-4736-8164-8C13D53F3A74}"
EndProject
Project("{FAE04EC0-301F-11D3-BF4B-00C04F79EFBC}") = "Demo", "..\demo\Demo\Demo.csproj", "{C39ED5F2-817E-4E73-8E31-A3A0BDFC31BA}"
EndProject
Global
	GlobalSection(SolutionConfigurationPlatforms) = preSolution
		Debug|Any CPU = Debug|Any CPU
		Debug|Mixed Platforms = Debug|Mixed Platforms
		Debug|x86 = Debug|x86
		Release|Any CPU = Release|Any CPU
		Release|Mixed Platforms = Release|Mixed Platforms
		Release|x86 = Release|x86
	EndGlobalSection
	GlobalSection(ProjectConfigurationPlatforms) = postSolution
		{DFE559D0-8A63-4798-83A9-CA781A6D627C}.Debug|Any CPU.ActiveCfg = Debug|Any CPU
		{DFE559D0-8A63-4798-83A9-CA781A6D627C}.Debug|Any CPU.Build.0 = Debug|Any CPU
		{DFE559D0-8A63-4798-83A9-CA781A6D627C}.Debug|Mixed Platforms.ActiveCfg = Debug|Any CPU
		{DFE559D0-8A63-4798-83A9-CA781A6D627C}.Debug|Mixed Platforms.Build.0 = Debug|Any CPU
		{DFE559D0-8A63-4798-83A9-CA781A6D627C}.Debug|x86.ActiveCfg = Debug|Any CPU
		{DFE559D0-8A63-4798-83A9-CA781A6D627C}.Release|Any CPU.ActiveCfg = Release|Any CPU
		{DFE559D0-8A63-4798-83A9-CA781A6D627C}.Release|Any CPU.Build.0 = Release|Any CPU
		{DFE559D0-8A63-4798-83A9-CA781A6D627C}.Release|Mixed Platforms.ActiveCfg = Release|Any CPU
		{DFE559D0-8A63-4798-83A9-CA781A6D627C}.Release|Mixed Platforms.Build.0 = Release|Any CPU
		{DFE559D0-8A63-4798-83A9-CA781A6D627C}.Release|x86.ActiveCfg = Release|Any CPU
		{CB367053-4CC6-4F58-BD6B-434FF601D765}.Debug|Any CPU.ActiveCfg = Debug|Any CPU
		{CB367053-4CC6-4F58-BD6B-434FF601D765}.Debug|Any CPU.Build.0 = Debug|Any CPU
		{CB367053-4CC6-4F58-BD6B-434FF601D765}.Debug|Mixed Platforms.ActiveCfg = Debug|Any CPU
		{CB367053-4CC6-4F58-BD6B-434FF601D765}.Debug|Mixed Platforms.Build.0 = Debug|Any CPU
		{CB367053-4CC6-4F58-BD6B-434FF601D765}.Debug|x86.ActiveCfg = Debug|Any CPU
		{CB367053-4CC6-4F58-BD6B-434FF601D765}.Release|Any CPU.ActiveCfg = Release|Any CPU
		{CB367053-4CC6-4F58-BD6B-434FF601D765}.Release|Any CPU.Build.0 = Release|Any CPU
		{CB367053-4CC6-4F58-BD6B-434FF601D765}.Release|Mixed Platforms.ActiveCfg = Release|Any CPU
		{CB367053-4CC6-4F58-BD6B-434FF601D765}.Release|Mixed Platforms.Build.0 = Release|Any CPU
		{CB367053-4CC6-4F58-BD6B-434FF601D765}.Release|x86.ActiveCfg = Release|Any CPU
		{5F7BC676-C3BA-4705-8A40-DBFF382F7DAA}.Debug|Any CPU.ActiveCfg = Debug|Any CPU
		{5F7BC676-C3BA-4705-8A40-DBFF382F7DAA}.Debug|Any CPU.Build.0 = Debug|Any CPU
		{5F7BC676-C3BA-4705-8A40-DBFF382F7DAA}.Debug|Mixed Platforms.ActiveCfg = Debug|Any CPU
		{5F7BC676-C3BA-4705-8A40-DBFF382F7DAA}.Debug|Mixed Platforms.Build.0 = Debug|Any CPU
		{5F7BC676-C3BA-4705-8A40-DBFF382F7DAA}.Debug|x86.ActiveCfg = Debug|Any CPU
		{5F7BC676-C3BA-4705-8A40-DBFF382F7DAA}.Release|Any CPU.ActiveCfg = Release|Any CPU
		{5F7BC676-C3BA-4705-8A40-DBFF382F7DAA}.Release|Any CPU.Build.0 = Release|Any CPU
		{5F7BC676-C3BA-4705-8A40-DBFF382F7DAA}.Release|Mixed Platforms.ActiveCfg = Release|Any CPU
		{5F7BC676-C3BA-4705-8A40-DBFF382F7DAA}.Release|Mixed Platforms.Build.0 = Release|Any CPU
		{5F7BC676-C3BA-4705-8A40-DBFF382F7DAA}.Release|x86.ActiveCfg = Release|Any CPU
		{C1118B7F-17E7-4091-9878-E0D3CD09E9B6}.Debug|Any CPU.ActiveCfg = Debug|Any CPU
		{C1118B7F-17E7-4091-9878-E0D3CD09E9B6}.Debug|Any CPU.Build.0 = Debug|Any CPU
		{C1118B7F-17E7-4091-9878-E0D3CD09E9B6}.Debug|Mixed Platforms.ActiveCfg = Debug|Any CPU
		{C1118B7F-17E7-4091-9878-E0D3CD09E9B6}.Debug|Mixed Platforms.Build.0 = Debug|Any CPU
		{C1118B7F-17E7-4091-9878-E0D3CD09E9B6}.Debug|x86.ActiveCfg = Debug|Any CPU
		{C1118B7F-17E7-4091-9878-E0D3CD09E9B6}.Release|Any CPU.ActiveCfg = Release|Any CPU
		{C1118B7F-17E7-4091-9878-E0D3CD09E9B6}.Release|Any CPU.Build.0 = Release|Any CPU
		{C1118B7F-17E7-4091-9878-E0D3CD09E9B6}.Release|Mixed Platforms.ActiveCfg = Release|Any CPU
		{C1118B7F-17E7-4091-9878-E0D3CD09E9B6}.Release|Mixed Platforms.Build.0 = Release|Any CPU
		{C1118B7F-17E7-4091-9878-E0D3CD09E9B6}.Release|x86.ActiveCfg = Release|Any CPU
		{82EA8EFB-6B35-4690-9A53-5143C1CC9249}.Debug|Any CPU.ActiveCfg = Debug|Any CPU
		{82EA8EFB-6B35-4690-9A53-5143C1CC9249}.Debug|Any CPU.Build.0 = Debug|Any CPU
		{82EA8EFB-6B35-4690-9A53-5143C1CC9249}.Debug|Mixed Platforms.ActiveCfg = Debug|Any CPU
		{82EA8EFB-6B35-4690-9A53-5143C1CC9249}.Debug|Mixed Platforms.Build.0 = Debug|Any CPU
		{82EA8EFB-6B35-4690-9A53-5143C1CC9249}.Debug|x86.ActiveCfg = Debug|Any CPU
		{82EA8EFB-6B35-4690-9A53-5143C1CC9249}.Release|Any CPU.ActiveCfg = Release|Any CPU
		{82EA8EFB-6B35-4690-9A53-5143C1CC9249}.Release|Any CPU.Build.0 = Release|Any CPU
		{82EA8EFB-6B35-4690-9A53-5143C1CC9249}.Release|Mixed Platforms.ActiveCfg = Release|Any CPU
		{82EA8EFB-6B35-4690-9A53-5143C1CC9249}.Release|Mixed Platforms.Build.0 = Release|Any CPU
		{82EA8EFB-6B35-4690-9A53-5143C1CC9249}.Release|x86.ActiveCfg = Release|Any CPU
		{2A11B3F6-CBDF-463C-A507-5694AA5236BC}.Debug|Any CPU.ActiveCfg = Debug|Any CPU
		{2A11B3F6-CBDF-463C-A507-5694AA5236BC}.Debug|Any CPU.Build.0 = Debug|Any CPU
		{2A11B3F6-CBDF-463C-A507-5694AA5236BC}.Debug|Mixed Platforms.ActiveCfg = Debug|Any CPU
		{2A11B3F6-CBDF-463C-A507-5694AA5236BC}.Debug|Mixed Platforms.Build.0 = Debug|Any CPU
		{2A11B3F6-CBDF-463C-A507-5694AA5236BC}.Debug|x86.ActiveCfg = Debug|Any CPU
		{2A11B3F6-CBDF-463C-A507-5694AA5236BC}.Release|Any CPU.ActiveCfg = Release|Any CPU
		{2A11B3F6-CBDF-463C-A507-5694AA5236BC}.Release|Any CPU.Build.0 = Release|Any CPU
		{2A11B3F6-CBDF-463C-A507-5694AA5236BC}.Release|Mixed Platforms.ActiveCfg = Release|Any CPU
		{2A11B3F6-CBDF-463C-A507-5694AA5236BC}.Release|Mixed Platforms.Build.0 = Release|Any CPU
		{2A11B3F6-CBDF-463C-A507-5694AA5236BC}.Release|x86.ActiveCfg = Release|Any CPU
		{3DDF0C1A-02E2-4925-9310-2726F289F772}.Debug|Any CPU.ActiveCfg = Debug|Any CPU
		{3DDF0C1A-02E2-4925-9310-2726F289F772}.Debug|Any CPU.Build.0 = Debug|Any CPU
		{3DDF0C1A-02E2-4925-9310-2726F289F772}.Debug|Mixed Platforms.ActiveCfg = Debug|Any CPU
		{3DDF0C1A-02E2-4925-9310-2726F289F772}.Debug|Mixed Platforms.Build.0 = Debug|Any CPU
		{3DDF0C1A-02E2-4925-9310-2726F289F772}.Debug|x86.ActiveCfg = Debug|Any CPU
		{3DDF0C1A-02E2-4925-9310-2726F289F772}.Release|Any CPU.ActiveCfg = Release|Any CPU
		{3DDF0C1A-02E2-4925-9310-2726F289F772}.Release|Any CPU.Build.0 = Release|Any CPU
		{3DDF0C1A-02E2-4925-9310-2726F289F772}.Release|Mixed Platforms.ActiveCfg = Release|Any CPU
		{3DDF0C1A-02E2-4925-9310-2726F289F772}.Release|Mixed Platforms.Build.0 = Release|Any CPU
		{3DDF0C1A-02E2-4925-9310-2726F289F772}.Release|x86.ActiveCfg = Release|Any CPU
		{6D7C4F20-D3EA-460F-820D-BC7B9048DCFF}.Debug|Any CPU.ActiveCfg = Debug|Any CPU
		{6D7C4F20-D3EA-460F-820D-BC7B9048DCFF}.Debug|Any CPU.Build.0 = Debug|Any CPU
		{6D7C4F20-D3EA-460F-820D-BC7B9048DCFF}.Debug|Mixed Platforms.ActiveCfg = Debug|Any CPU
		{6D7C4F20-D3EA-460F-820D-BC7B9048DCFF}.Debug|Mixed Platforms.Build.0 = Debug|Any CPU
		{6D7C4F20-D3EA-460F-820D-BC7B9048DCFF}.Debug|x86.ActiveCfg = Debug|Any CPU
		{6D7C4F20-D3EA-460F-820D-BC7B9048DCFF}.Release|Any CPU.ActiveCfg = Release|Any CPU
		{6D7C4F20-D3EA-460F-820D-BC7B9048DCFF}.Release|Any CPU.Build.0 = Release|Any CPU
		{6D7C4F20-D3EA-460F-820D-BC7B9048DCFF}.Release|Mixed Platforms.ActiveCfg = Release|Any CPU
		{6D7C4F20-D3EA-460F-820D-BC7B9048DCFF}.Release|Mixed Platforms.Build.0 = Release|Any CPU
		{6D7C4F20-D3EA-460F-820D-BC7B9048DCFF}.Release|x86.ActiveCfg = Release|Any CPU
		{EE5DFF48-5495-41ED-99F0-0E3599573723}.Debug|Any CPU.ActiveCfg = Debug|Any CPU
		{EE5DFF48-5495-41ED-99F0-0E3599573723}.Debug|Any CPU.Build.0 = Debug|Any CPU
		{EE5DFF48-5495-41ED-99F0-0E3599573723}.Debug|Mixed Platforms.ActiveCfg = Debug|Any CPU
		{EE5DFF48-5495-41ED-99F0-0E3599573723}.Debug|Mixed Platforms.Build.0 = Debug|Any CPU
		{EE5DFF48-5495-41ED-99F0-0E3599573723}.Debug|x86.ActiveCfg = Debug|Any CPU
		{EE5DFF48-5495-41ED-99F0-0E3599573723}.Release|Any CPU.ActiveCfg = Release|Any CPU
		{EE5DFF48-5495-41ED-99F0-0E3599573723}.Release|Any CPU.Build.0 = Release|Any CPU
		{EE5DFF48-5495-41ED-99F0-0E3599573723}.Release|Mixed Platforms.ActiveCfg = Release|Any CPU
		{EE5DFF48-5495-41ED-99F0-0E3599573723}.Release|Mixed Platforms.Build.0 = Release|Any CPU
		{EE5DFF48-5495-41ED-99F0-0E3599573723}.Release|x86.ActiveCfg = Release|Any CPU
		{BE60C6FF-DD5D-4035-9651-5CC838358FCC}.Debug|Any CPU.ActiveCfg = Debug|Any CPU
		{BE60C6FF-DD5D-4035-9651-5CC838358FCC}.Debug|Any CPU.Build.0 = Debug|Any CPU
		{BE60C6FF-DD5D-4035-9651-5CC838358FCC}.Debug|Mixed Platforms.ActiveCfg = Debug|Any CPU
		{BE60C6FF-DD5D-4035-9651-5CC838358FCC}.Debug|Mixed Platforms.Build.0 = Debug|Any CPU
		{BE60C6FF-DD5D-4035-9651-5CC838358FCC}.Debug|x86.ActiveCfg = Debug|Any CPU
		{BE60C6FF-DD5D-4035-9651-5CC838358FCC}.Release|Any CPU.ActiveCfg = Release|Any CPU
		{BE60C6FF-DD5D-4035-9651-5CC838358FCC}.Release|Any CPU.Build.0 = Release|Any CPU
		{BE60C6FF-DD5D-4035-9651-5CC838358FCC}.Release|Mixed Platforms.ActiveCfg = Release|Any CPU
		{BE60C6FF-DD5D-4035-9651-5CC838358FCC}.Release|Mixed Platforms.Build.0 = Release|Any CPU
		{BE60C6FF-DD5D-4035-9651-5CC838358FCC}.Release|x86.ActiveCfg = Release|Any CPU
		{DBF8938C-8012-4DAF-A24B-680C1A595FC2}.Debug|Any CPU.ActiveCfg = Debug|Any CPU
		{DBF8938C-8012-4DAF-A24B-680C1A595FC2}.Debug|Any CPU.Build.0 = Debug|Any CPU
		{DBF8938C-8012-4DAF-A24B-680C1A595FC2}.Debug|Mixed Platforms.ActiveCfg = Debug|Any CPU
		{DBF8938C-8012-4DAF-A24B-680C1A595FC2}.Debug|Mixed Platforms.Build.0 = Debug|Any CPU
		{DBF8938C-8012-4DAF-A24B-680C1A595FC2}.Debug|x86.ActiveCfg = Debug|Any CPU
		{DBF8938C-8012-4DAF-A24B-680C1A595FC2}.Release|Any CPU.ActiveCfg = Release|Any CPU
		{DBF8938C-8012-4DAF-A24B-680C1A595FC2}.Release|Any CPU.Build.0 = Release|Any CPU
		{DBF8938C-8012-4DAF-A24B-680C1A595FC2}.Release|Mixed Platforms.ActiveCfg = Release|Any CPU
		{DBF8938C-8012-4DAF-A24B-680C1A595FC2}.Release|Mixed Platforms.Build.0 = Release|Any CPU
		{DBF8938C-8012-4DAF-A24B-680C1A595FC2}.Release|x86.ActiveCfg = Release|Any CPU
		{5544C487-53E4-4FA2-90DA-D34185A4D818}.Debug|Any CPU.ActiveCfg = Debug|Any CPU
		{5544C487-53E4-4FA2-90DA-D34185A4D818}.Debug|Any CPU.Build.0 = Debug|Any CPU
		{5544C487-53E4-4FA2-90DA-D34185A4D818}.Debug|Mixed Platforms.ActiveCfg = Debug|Any CPU
		{5544C487-53E4-4FA2-90DA-D34185A4D818}.Debug|Mixed Platforms.Build.0 = Debug|Any CPU
		{5544C487-53E4-4FA2-90DA-D34185A4D818}.Debug|x86.ActiveCfg = Debug|Any CPU
		{5544C487-53E4-4FA2-90DA-D34185A4D818}.Release|Any CPU.ActiveCfg = Release|Any CPU
		{5544C487-53E4-4FA2-90DA-D34185A4D818}.Release|Any CPU.Build.0 = Release|Any CPU
		{5544C487-53E4-4FA2-90DA-D34185A4D818}.Release|Mixed Platforms.ActiveCfg = Release|Any CPU
		{5544C487-53E4-4FA2-90DA-D34185A4D818}.Release|Mixed Platforms.Build.0 = Release|Any CPU
		{5544C487-53E4-4FA2-90DA-D34185A4D818}.Release|x86.ActiveCfg = Release|Any CPU
		{3FD7EDC5-4F3E-4762-A8DA-02A8307C8258}.Debug|Any CPU.ActiveCfg = Debug|x86
		{3FD7EDC5-4F3E-4762-A8DA-02A8307C8258}.Debug|Mixed Platforms.ActiveCfg = Debug|x86
		{3FD7EDC5-4F3E-4762-A8DA-02A8307C8258}.Debug|Mixed Platforms.Build.0 = Debug|x86
		{3FD7EDC5-4F3E-4762-A8DA-02A8307C8258}.Debug|x86.ActiveCfg = Debug|x86
		{3FD7EDC5-4F3E-4762-A8DA-02A8307C8258}.Debug|x86.Build.0 = Debug|x86
		{3FD7EDC5-4F3E-4762-A8DA-02A8307C8258}.Release|Any CPU.ActiveCfg = Release|x86
		{3FD7EDC5-4F3E-4762-A8DA-02A8307C8258}.Release|Mixed Platforms.ActiveCfg = Release|x86
		{3FD7EDC5-4F3E-4762-A8DA-02A8307C8258}.Release|Mixed Platforms.Build.0 = Release|x86
		{3FD7EDC5-4F3E-4762-A8DA-02A8307C8258}.Release|x86.ActiveCfg = Release|x86
		{3FD7EDC5-4F3E-4762-A8DA-02A8307C8258}.Release|x86.Build.0 = Release|x86
		{E9DFDC5B-7D8F-4BCC-8CAE-063EBD67F202}.Debug|Any CPU.ActiveCfg = Debug|x86
		{E9DFDC5B-7D8F-4BCC-8CAE-063EBD67F202}.Debug|Mixed Platforms.ActiveCfg = Debug|x86
		{E9DFDC5B-7D8F-4BCC-8CAE-063EBD67F202}.Debug|Mixed Platforms.Build.0 = Debug|x86
		{E9DFDC5B-7D8F-4BCC-8CAE-063EBD67F202}.Debug|x86.ActiveCfg = Debug|x86
		{E9DFDC5B-7D8F-4BCC-8CAE-063EBD67F202}.Debug|x86.Build.0 = Debug|x86
		{E9DFDC5B-7D8F-4BCC-8CAE-063EBD67F202}.Release|Any CPU.ActiveCfg = Release|x86
		{E9DFDC5B-7D8F-4BCC-8CAE-063EBD67F202}.Release|Mixed Platforms.ActiveCfg = Release|x86
		{E9DFDC5B-7D8F-4BCC-8CAE-063EBD67F202}.Release|Mixed Platforms.Build.0 = Release|x86
		{E9DFDC5B-7D8F-4BCC-8CAE-063EBD67F202}.Release|x86.ActiveCfg = Release|x86
		{E9DFDC5B-7D8F-4BCC-8CAE-063EBD67F202}.Release|x86.Build.0 = Release|x86
		{74370C65-3FA5-4414-A410-B96FE8FCFB6F}.Debug|Any CPU.ActiveCfg = Debug|x86
		{74370C65-3FA5-4414-A410-B96FE8FCFB6F}.Debug|Mixed Platforms.ActiveCfg = Debug|x86
		{74370C65-3FA5-4414-A410-B96FE8FCFB6F}.Debug|Mixed Platforms.Build.0 = Debug|x86
		{74370C65-3FA5-4414-A410-B96FE8FCFB6F}.Debug|x86.ActiveCfg = Debug|x86
		{74370C65-3FA5-4414-A410-B96FE8FCFB6F}.Debug|x86.Build.0 = Debug|x86
		{74370C65-3FA5-4414-A410-B96FE8FCFB6F}.Release|Any CPU.ActiveCfg = Release|x86
		{74370C65-3FA5-4414-A410-B96FE8FCFB6F}.Release|Mixed Platforms.ActiveCfg = Release|x86
		{74370C65-3FA5-4414-A410-B96FE8FCFB6F}.Release|Mixed Platforms.Build.0 = Release|x86
		{74370C65-3FA5-4414-A410-B96FE8FCFB6F}.Release|x86.ActiveCfg = Release|x86
		{74370C65-3FA5-4414-A410-B96FE8FCFB6F}.Release|x86.Build.0 = Release|x86
		{F1B30A41-C282-4867-A1EF-B8A2D6ACFD06}.Debug|Any CPU.ActiveCfg = Debug|x86
		{F1B30A41-C282-4867-A1EF-B8A2D6ACFD06}.Debug|Mixed Platforms.ActiveCfg = Debug|x86
		{F1B30A41-C282-4867-A1EF-B8A2D6ACFD06}.Debug|Mixed Platforms.Build.0 = Debug|x86
		{F1B30A41-C282-4867-A1EF-B8A2D6ACFD06}.Debug|x86.ActiveCfg = Debug|x86
		{F1B30A41-C282-4867-A1EF-B8A2D6ACFD06}.Debug|x86.Build.0 = Debug|x86
		{F1B30A41-C282-4867-A1EF-B8A2D6ACFD06}.Release|Any CPU.ActiveCfg = Release|x86
		{F1B30A41-C282-4867-A1EF-B8A2D6ACFD06}.Release|Mixed Platforms.ActiveCfg = Release|x86
		{F1B30A41-C282-4867-A1EF-B8A2D6ACFD06}.Release|Mixed Platforms.Build.0 = Release|x86
		{F1B30A41-C282-4867-A1EF-B8A2D6ACFD06}.Release|x86.ActiveCfg = Release|x86
		{F1B30A41-C282-4867-A1EF-B8A2D6ACFD06}.Release|x86.Build.0 = Release|x86
		{BB61C937-9A6C-45F4-84F2-507A801F8DC9}.Debug|Any CPU.ActiveCfg = Debug|Any CPU
		{BB61C937-9A6C-45F4-84F2-507A801F8DC9}.Debug|Any CPU.Build.0 = Debug|Any CPU
		{BB61C937-9A6C-45F4-84F2-507A801F8DC9}.Debug|Mixed Platforms.ActiveCfg = Debug|Any CPU
		{BB61C937-9A6C-45F4-84F2-507A801F8DC9}.Debug|Mixed Platforms.Build.0 = Debug|Any CPU
		{BB61C937-9A6C-45F4-84F2-507A801F8DC9}.Debug|x86.ActiveCfg = Debug|Any CPU
		{BB61C937-9A6C-45F4-84F2-507A801F8DC9}.Release|Any CPU.ActiveCfg = Release|Any CPU
		{BB61C937-9A6C-45F4-84F2-507A801F8DC9}.Release|Any CPU.Build.0 = Release|Any CPU
		{BB61C937-9A6C-45F4-84F2-507A801F8DC9}.Release|Mixed Platforms.ActiveCfg = Release|Any CPU
		{BB61C937-9A6C-45F4-84F2-507A801F8DC9}.Release|Mixed Platforms.Build.0 = Release|Any CPU
		{BB61C937-9A6C-45F4-84F2-507A801F8DC9}.Release|x86.ActiveCfg = Release|Any CPU
		{0EC27A43-4D0E-4F91-A98B-F1DF507E1CEF}.Debug|Any CPU.ActiveCfg = Debug|Any CPU
		{0EC27A43-4D0E-4F91-A98B-F1DF507E1CEF}.Debug|Any CPU.Build.0 = Debug|Any CPU
		{0EC27A43-4D0E-4F91-A98B-F1DF507E1CEF}.Debug|Mixed Platforms.ActiveCfg = Debug|Any CPU
		{0EC27A43-4D0E-4F91-A98B-F1DF507E1CEF}.Debug|Mixed Platforms.Build.0 = Debug|Any CPU
		{0EC27A43-4D0E-4F91-A98B-F1DF507E1CEF}.Debug|x86.ActiveCfg = Debug|Any CPU
		{0EC27A43-4D0E-4F91-A98B-F1DF507E1CEF}.Release|Any CPU.ActiveCfg = Release|Any CPU
		{0EC27A43-4D0E-4F91-A98B-F1DF507E1CEF}.Release|Any CPU.Build.0 = Release|Any CPU
		{0EC27A43-4D0E-4F91-A98B-F1DF507E1CEF}.Release|Mixed Platforms.ActiveCfg = Release|Any CPU
		{0EC27A43-4D0E-4F91-A98B-F1DF507E1CEF}.Release|Mixed Platforms.Build.0 = Release|Any CPU
		{0EC27A43-4D0E-4F91-A98B-F1DF507E1CEF}.Release|x86.ActiveCfg = Release|Any CPU
		{9534CDC0-54D0-442E-AE46-B47E4DCE2B03}.Debug|Any CPU.ActiveCfg = Debug|Any CPU
		{9534CDC0-54D0-442E-AE46-B47E4DCE2B03}.Debug|Any CPU.Build.0 = Debug|Any CPU
		{9534CDC0-54D0-442E-AE46-B47E4DCE2B03}.Debug|Mixed Platforms.ActiveCfg = Debug|Any CPU
		{9534CDC0-54D0-442E-AE46-B47E4DCE2B03}.Debug|Mixed Platforms.Build.0 = Debug|Any CPU
		{9534CDC0-54D0-442E-AE46-B47E4DCE2B03}.Debug|x86.ActiveCfg = Debug|Any CPU
		{9534CDC0-54D0-442E-AE46-B47E4DCE2B03}.Release|Any CPU.ActiveCfg = Release|Any CPU
		{9534CDC0-54D0-442E-AE46-B47E4DCE2B03}.Release|Any CPU.Build.0 = Release|Any CPU
		{9534CDC0-54D0-442E-AE46-B47E4DCE2B03}.Release|Mixed Platforms.ActiveCfg = Release|Any CPU
		{9534CDC0-54D0-442E-AE46-B47E4DCE2B03}.Release|Mixed Platforms.Build.0 = Release|Any CPU
		{9534CDC0-54D0-442E-AE46-B47E4DCE2B03}.Release|x86.ActiveCfg = Release|Any CPU
		{6F1DB555-D2FF-4E2C-8F20-4A012D6F4581}.Debug|Any CPU.ActiveCfg = Debug|Any CPU
		{6F1DB555-D2FF-4E2C-8F20-4A012D6F4581}.Debug|Any CPU.Build.0 = Debug|Any CPU
		{6F1DB555-D2FF-4E2C-8F20-4A012D6F4581}.Debug|Mixed Platforms.ActiveCfg = Debug|Any CPU
		{6F1DB555-D2FF-4E2C-8F20-4A012D6F4581}.Debug|Mixed Platforms.Build.0 = Debug|Any CPU
		{6F1DB555-D2FF-4E2C-8F20-4A012D6F4581}.Debug|x86.ActiveCfg = Debug|Any CPU
		{6F1DB555-D2FF-4E2C-8F20-4A012D6F4581}.Release|Any CPU.ActiveCfg = Release|Any CPU
		{6F1DB555-D2FF-4E2C-8F20-4A012D6F4581}.Release|Any CPU.Build.0 = Release|Any CPU
		{6F1DB555-D2FF-4E2C-8F20-4A012D6F4581}.Release|Mixed Platforms.ActiveCfg = Release|Any CPU
		{6F1DB555-D2FF-4E2C-8F20-4A012D6F4581}.Release|Mixed Platforms.Build.0 = Release|Any CPU
		{6F1DB555-D2FF-4E2C-8F20-4A012D6F4581}.Release|x86.ActiveCfg = Release|Any CPU
		{B1BB0BE4-77B7-45D4-A973-C6BAEE76A709}.Debug|Any CPU.ActiveCfg = Debug|x86
		{B1BB0BE4-77B7-45D4-A973-C6BAEE76A709}.Debug|Mixed Platforms.ActiveCfg = Debug|x86
		{B1BB0BE4-77B7-45D4-A973-C6BAEE76A709}.Debug|Mixed Platforms.Build.0 = Debug|x86
		{B1BB0BE4-77B7-45D4-A973-C6BAEE76A709}.Debug|x86.ActiveCfg = Debug|x86
		{B1BB0BE4-77B7-45D4-A973-C6BAEE76A709}.Debug|x86.Build.0 = Debug|x86
		{B1BB0BE4-77B7-45D4-A973-C6BAEE76A709}.Release|Any CPU.ActiveCfg = Release|x86
		{B1BB0BE4-77B7-45D4-A973-C6BAEE76A709}.Release|Mixed Platforms.ActiveCfg = Release|x86
		{B1BB0BE4-77B7-45D4-A973-C6BAEE76A709}.Release|Mixed Platforms.Build.0 = Release|x86
		{B1BB0BE4-77B7-45D4-A973-C6BAEE76A709}.Release|x86.ActiveCfg = Release|x86
		{B1BB0BE4-77B7-45D4-A973-C6BAEE76A709}.Release|x86.Build.0 = Release|x86
		{4DECABA0-8930-4EF5-9153-3CE3C5578875}.Debug|Any CPU.ActiveCfg = Debug|Any CPU
		{4DECABA0-8930-4EF5-9153-3CE3C5578875}.Debug|Any CPU.Build.0 = Debug|Any CPU
		{4DECABA0-8930-4EF5-9153-3CE3C5578875}.Debug|Mixed Platforms.ActiveCfg = Debug|Any CPU
		{4DECABA0-8930-4EF5-9153-3CE3C5578875}.Debug|Mixed Platforms.Build.0 = Debug|Any CPU
		{4DECABA0-8930-4EF5-9153-3CE3C5578875}.Debug|x86.ActiveCfg = Debug|Any CPU
		{4DECABA0-8930-4EF5-9153-3CE3C5578875}.Release|Any CPU.ActiveCfg = Release|Any CPU
		{4DECABA0-8930-4EF5-9153-3CE3C5578875}.Release|Any CPU.Build.0 = Release|Any CPU
		{4DECABA0-8930-4EF5-9153-3CE3C5578875}.Release|Mixed Platforms.ActiveCfg = Release|Any CPU
		{4DECABA0-8930-4EF5-9153-3CE3C5578875}.Release|Mixed Platforms.Build.0 = Release|Any CPU
		{4DECABA0-8930-4EF5-9153-3CE3C5578875}.Release|x86.ActiveCfg = Release|Any CPU
		{77BEFB01-29E7-44D4-AEF8-EF0BAD312878}.Debug|Any CPU.ActiveCfg = Debug|x86
		{77BEFB01-29E7-44D4-AEF8-EF0BAD312878}.Debug|Mixed Platforms.ActiveCfg = Debug|x86
		{77BEFB01-29E7-44D4-AEF8-EF0BAD312878}.Debug|Mixed Platforms.Build.0 = Debug|x86
		{77BEFB01-29E7-44D4-AEF8-EF0BAD312878}.Debug|x86.ActiveCfg = Debug|x86
		{77BEFB01-29E7-44D4-AEF8-EF0BAD312878}.Debug|x86.Build.0 = Debug|x86
		{77BEFB01-29E7-44D4-AEF8-EF0BAD312878}.Release|Any CPU.ActiveCfg = Release|x86
		{77BEFB01-29E7-44D4-AEF8-EF0BAD312878}.Release|Mixed Platforms.ActiveCfg = Release|x86
		{77BEFB01-29E7-44D4-AEF8-EF0BAD312878}.Release|Mixed Platforms.Build.0 = Release|x86
		{77BEFB01-29E7-44D4-AEF8-EF0BAD312878}.Release|x86.ActiveCfg = Release|x86
		{77BEFB01-29E7-44D4-AEF8-EF0BAD312878}.Release|x86.Build.0 = Release|x86
		{04A32975-6423-4611-889C-615C6D6FE75B}.Debug|Any CPU.ActiveCfg = Debug|Any CPU
		{04A32975-6423-4611-889C-615C6D6FE75B}.Debug|Any CPU.Build.0 = Debug|Any CPU
		{04A32975-6423-4611-889C-615C6D6FE75B}.Debug|Mixed Platforms.ActiveCfg = Debug|Any CPU
		{04A32975-6423-4611-889C-615C6D6FE75B}.Debug|Mixed Platforms.Build.0 = Debug|Any CPU
		{04A32975-6423-4611-889C-615C6D6FE75B}.Debug|x86.ActiveCfg = Debug|Any CPU
		{04A32975-6423-4611-889C-615C6D6FE75B}.Release|Any CPU.ActiveCfg = Release|Any CPU
		{04A32975-6423-4611-889C-615C6D6FE75B}.Release|Any CPU.Build.0 = Release|Any CPU
		{04A32975-6423-4611-889C-615C6D6FE75B}.Release|Mixed Platforms.ActiveCfg = Release|Any CPU
		{04A32975-6423-4611-889C-615C6D6FE75B}.Release|Mixed Platforms.Build.0 = Release|Any CPU
		{04A32975-6423-4611-889C-615C6D6FE75B}.Release|x86.ActiveCfg = Release|Any CPU
		{A70FB068-DA21-4736-8164-8C13D53F3A74}.Debug|Any CPU.ActiveCfg = Debug|Any CPU
		{A70FB068-DA21-4736-8164-8C13D53F3A74}.Debug|Any CPU.Build.0 = Debug|Any CPU
		{A70FB068-DA21-4736-8164-8C13D53F3A74}.Debug|Mixed Platforms.ActiveCfg = Debug|Any CPU
		{A70FB068-DA21-4736-8164-8C13D53F3A74}.Debug|Mixed Platforms.Build.0 = Debug|Any CPU
		{A70FB068-DA21-4736-8164-8C13D53F3A74}.Debug|x86.ActiveCfg = Debug|Any CPU
		{A70FB068-DA21-4736-8164-8C13D53F3A74}.Release|Any CPU.ActiveCfg = Release|Any CPU
		{A70FB068-DA21-4736-8164-8C13D53F3A74}.Release|Any CPU.Build.0 = Release|Any CPU
		{A70FB068-DA21-4736-8164-8C13D53F3A74}.Release|Mixed Platforms.ActiveCfg = Release|Any CPU
		{A70FB068-DA21-4736-8164-8C13D53F3A74}.Release|Mixed Platforms.Build.0 = Release|Any CPU
		{A70FB068-DA21-4736-8164-8C13D53F3A74}.Release|x86.ActiveCfg = Release|Any CPU
		{C39ED5F2-817E-4E73-8E31-A3A0BDFC31BA}.Debug|Any CPU.ActiveCfg = Debug|x86
		{C39ED5F2-817E-4E73-8E31-A3A0BDFC31BA}.Debug|Mixed Platforms.ActiveCfg = Debug|x86
		{C39ED5F2-817E-4E73-8E31-A3A0BDFC31BA}.Debug|Mixed Platforms.Build.0 = Debug|x86
		{C39ED5F2-817E-4E73-8E31-A3A0BDFC31BA}.Debug|x86.ActiveCfg = Debug|x86
		{C39ED5F2-817E-4E73-8E31-A3A0BDFC31BA}.Debug|x86.Build.0 = Debug|x86
		{C39ED5F2-817E-4E73-8E31-A3A0BDFC31BA}.Release|Any CPU.ActiveCfg = Release|x86
		{C39ED5F2-817E-4E73-8E31-A3A0BDFC31BA}.Release|Mixed Platforms.ActiveCfg = Release|x86
		{C39ED5F2-817E-4E73-8E31-A3A0BDFC31BA}.Release|Mixed Platforms.Build.0 = Release|x86
		{C39ED5F2-817E-4E73-8E31-A3A0BDFC31BA}.Release|x86.ActiveCfg = Release|x86
		{C39ED5F2-817E-4E73-8E31-A3A0BDFC31BA}.Release|x86.Build.0 = Release|x86
	EndGlobalSection
	GlobalSection(SolutionProperties) = preSolution
		HideSolutionNode = FALSE
	EndGlobalSection
	GlobalSection(NestedProjects) = preSolution
		{DFE559D0-8A63-4798-83A9-CA781A6D627C} = {642B8572-9C4E-40A2-AAD9-5BA69ABCAB48}
		{CB367053-4CC6-4F58-BD6B-434FF601D765} = {642B8572-9C4E-40A2-AAD9-5BA69ABCAB48}
		{5F7BC676-C3BA-4705-8A40-DBFF382F7DAA} = {642B8572-9C4E-40A2-AAD9-5BA69ABCAB48}
		{C1118B7F-17E7-4091-9878-E0D3CD09E9B6} = {642B8572-9C4E-40A2-AAD9-5BA69ABCAB48}
		{82EA8EFB-6B35-4690-9A53-5143C1CC9249} = {642B8572-9C4E-40A2-AAD9-5BA69ABCAB48}
		{2A11B3F6-CBDF-463C-A507-5694AA5236BC} = {642B8572-9C4E-40A2-AAD9-5BA69ABCAB48}
		{3DDF0C1A-02E2-4925-9310-2726F289F772} = {642B8572-9C4E-40A2-AAD9-5BA69ABCAB48}
		{6D7C4F20-D3EA-460F-820D-BC7B9048DCFF} = {642B8572-9C4E-40A2-AAD9-5BA69ABCAB48}
		{EE5DFF48-5495-41ED-99F0-0E3599573723} = {642B8572-9C4E-40A2-AAD9-5BA69ABCAB48}
		{0EC27A43-4D0E-4F91-A98B-F1DF507E1CEF} = {642B8572-9C4E-40A2-AAD9-5BA69ABCAB48}
		{9534CDC0-54D0-442E-AE46-B47E4DCE2B03} = {642B8572-9C4E-40A2-AAD9-5BA69ABCAB48}
		{4DECABA0-8930-4EF5-9153-3CE3C5578875} = {642B8572-9C4E-40A2-AAD9-5BA69ABCAB48}
		{04A32975-6423-4611-889C-615C6D6FE75B} = {642B8572-9C4E-40A2-AAD9-5BA69ABCAB48}
		{58B24604-01F2-493B-942C-65E23F952C52} = {135E1771-770B-4CBE-8989-21B1177A5AFF}
		{90F559BB-B3E7-4BED-863E-F1DE81DCB1E7} = {135E1771-770B-4CBE-8989-21B1177A5AFF}
		{1629CA99-8736-4052-AE1D-D947DD7B5427} = {135E1771-770B-4CBE-8989-21B1177A5AFF}
		{7B765B76-3DAA-455E-A35E-6327ECA7DF06} = {135E1771-770B-4CBE-8989-21B1177A5AFF}
		{C39ED5F2-817E-4E73-8E31-A3A0BDFC31BA} = {135E1771-770B-4CBE-8989-21B1177A5AFF}
		{BE60C6FF-DD5D-4035-9651-5CC838358FCC} = {D3AEDC1F-5761-45D9-8563-69AAC394D5A3}
		{BB61C937-9A6C-45F4-84F2-507A801F8DC9} = {D3AEDC1F-5761-45D9-8563-69AAC394D5A3}
		{6F1DB555-D2FF-4E2C-8F20-4A012D6F4581} = {D3AEDC1F-5761-45D9-8563-69AAC394D5A3}
		{5544C487-53E4-4FA2-90DA-D34185A4D818} = {58B24604-01F2-493B-942C-65E23F952C52}
		{DBF8938C-8012-4DAF-A24B-680C1A595FC2} = {58B24604-01F2-493B-942C-65E23F952C52}
		{3FD7EDC5-4F3E-4762-A8DA-02A8307C8258} = {90F559BB-B3E7-4BED-863E-F1DE81DCB1E7}
		{E9DFDC5B-7D8F-4BCC-8CAE-063EBD67F202} = {90F559BB-B3E7-4BED-863E-F1DE81DCB1E7}
		{74370C65-3FA5-4414-A410-B96FE8FCFB6F} = {90F559BB-B3E7-4BED-863E-F1DE81DCB1E7}
		{F1B30A41-C282-4867-A1EF-B8A2D6ACFD06} = {90F559BB-B3E7-4BED-863E-F1DE81DCB1E7}
		{B1BB0BE4-77B7-45D4-A973-C6BAEE76A709} = {1629CA99-8736-4052-AE1D-D947DD7B5427}
		{77BEFB01-29E7-44D4-AEF8-EF0BAD312878} = {7B765B76-3DAA-455E-A35E-6327ECA7DF06}
		{A70FB068-DA21-4736-8164-8C13D53F3A74} = {7B765B76-3DAA-455E-A35E-6327ECA7DF06}
	EndGlobalSection
EndGlobal
